// !$*UTF8*$!
{
	archiveVersion = 1;
	classes = {
	};
	objectVersion = 46;
	objects = {

/* Begin PBXBuildFile section */
		33078B471D49C3D700367B1F /* GoogleService-Info.plist in Resources */ = {isa = PBXBuildFile; fileRef = 33078B461D49C3D700367B1F /* GoogleService-Info.plist */; };
		33078B4B1D49C51700367B1F /* CALayer+XibConfiguration.m in Sources */ = {isa = PBXBuildFile; fileRef = 33078B491D49C51700367B1F /* CALayer+XibConfiguration.m */; };
		33078B4E1D49C5A700367B1F /* APIClient.m in Sources */ = {isa = PBXBuildFile; fileRef = 33078B4D1D49C5A700367B1F /* APIClient.m */; };
		33078B501D49CA8500367B1F /* Search@2x.png in Resources */ = {isa = PBXBuildFile; fileRef = 33078B4F1D49CA8500367B1F /* Search@2x.png */; };
		33078B531D49CE0A00367B1F /* help@2x.png in Resources */ = {isa = PBXBuildFile; fileRef = 33078B511D49CE0A00367B1F /* help@2x.png */; };
		33078B541D49CE0A00367B1F /* scan@2x.png in Resources */ = {isa = PBXBuildFile; fileRef = 33078B521D49CE0A00367B1F /* scan@2x.png */; };
		33078B571D49D91300367B1F /* Map.m in Sources */ = {isa = PBXBuildFile; fileRef = 33078B561D49D91300367B1F /* Map.m */; };
		33078B5A1D4A2FBD00367B1F /* BasicMapAnnotation.m in Sources */ = {isa = PBXBuildFile; fileRef = 33078B591D4A2FBD00367B1F /* BasicMapAnnotation.m */; };
		33078D281D4B4EEF00367B1F /* 100@2x.png in Resources */ = {isa = PBXBuildFile; fileRef = 33078C911D4B4EEF00367B1F /* 100@2x.png */; };
		33078D291D4B4EEF00367B1F /* 101@2x.png in Resources */ = {isa = PBXBuildFile; fileRef = 33078C921D4B4EEF00367B1F /* 101@2x.png */; };
		33078D2A1D4B4EEF00367B1F /* 102@2x.png in Resources */ = {isa = PBXBuildFile; fileRef = 33078C931D4B4EEF00367B1F /* 102@2x.png */; };
		33078D2B1D4B4EEF00367B1F /* 103@2x.png in Resources */ = {isa = PBXBuildFile; fileRef = 33078C941D4B4EEF00367B1F /* 103@2x.png */; };
		33078D2C1D4B4EEF00367B1F /* 104@2x.png in Resources */ = {isa = PBXBuildFile; fileRef = 33078C951D4B4EEF00367B1F /* 104@2x.png */; };
		33078D2D1D4B4EEF00367B1F /* 105@2x.png in Resources */ = {isa = PBXBuildFile; fileRef = 33078C961D4B4EEF00367B1F /* 105@2x.png */; };
		33078D2E1D4B4EEF00367B1F /* 106@2x.png in Resources */ = {isa = PBXBuildFile; fileRef = 33078C971D4B4EEF00367B1F /* 106@2x.png */; };
		33078D2F1D4B4EEF00367B1F /* 107@2x.png in Resources */ = {isa = PBXBuildFile; fileRef = 33078C981D4B4EEF00367B1F /* 107@2x.png */; };
		33078D301D4B4EEF00367B1F /* 108@2x.png in Resources */ = {isa = PBXBuildFile; fileRef = 33078C991D4B4EEF00367B1F /* 108@2x.png */; };
		33078D311D4B4EEF00367B1F /* 109@2x.png in Resources */ = {isa = PBXBuildFile; fileRef = 33078C9A1D4B4EEF00367B1F /* 109@2x.png */; };
		33078D321D4B4EEF00367B1F /* 10@2x.png in Resources */ = {isa = PBXBuildFile; fileRef = 33078C9B1D4B4EEF00367B1F /* 10@2x.png */; };
		33078D331D4B4EEF00367B1F /* 110@2x.png in Resources */ = {isa = PBXBuildFile; fileRef = 33078C9C1D4B4EEF00367B1F /* 110@2x.png */; };
		33078D341D4B4EEF00367B1F /* 111@2x.png in Resources */ = {isa = PBXBuildFile; fileRef = 33078C9D1D4B4EEF00367B1F /* 111@2x.png */; };
		33078D351D4B4EEF00367B1F /* 112@2x.png in Resources */ = {isa = PBXBuildFile; fileRef = 33078C9E1D4B4EEF00367B1F /* 112@2x.png */; };
		33078D361D4B4EEF00367B1F /* 113@2x.png in Resources */ = {isa = PBXBuildFile; fileRef = 33078C9F1D4B4EEF00367B1F /* 113@2x.png */; };
		33078D371D4B4EEF00367B1F /* 114@2x.png in Resources */ = {isa = PBXBuildFile; fileRef = 33078CA01D4B4EEF00367B1F /* 114@2x.png */; };
		33078D381D4B4EEF00367B1F /* 115@2x.png in Resources */ = {isa = PBXBuildFile; fileRef = 33078CA11D4B4EEF00367B1F /* 115@2x.png */; };
		33078D391D4B4EEF00367B1F /* 116@2x.png in Resources */ = {isa = PBXBuildFile; fileRef = 33078CA21D4B4EEF00367B1F /* 116@2x.png */; };
		33078D3A1D4B4EEF00367B1F /* 117@2x.png in Resources */ = {isa = PBXBuildFile; fileRef = 33078CA31D4B4EEF00367B1F /* 117@2x.png */; };
		33078D3B1D4B4EEF00367B1F /* 118@2x.png in Resources */ = {isa = PBXBuildFile; fileRef = 33078CA41D4B4EEF00367B1F /* 118@2x.png */; };
		33078D3C1D4B4EEF00367B1F /* 119@2x.png in Resources */ = {isa = PBXBuildFile; fileRef = 33078CA51D4B4EEF00367B1F /* 119@2x.png */; };
		33078D3D1D4B4EEF00367B1F /* 11@2x.png in Resources */ = {isa = PBXBuildFile; fileRef = 33078CA61D4B4EEF00367B1F /* 11@2x.png */; };
		33078D3E1D4B4EEF00367B1F /* 120@2x.png in Resources */ = {isa = PBXBuildFile; fileRef = 33078CA71D4B4EEF00367B1F /* 120@2x.png */; };
		33078D3F1D4B4EEF00367B1F /* 121@2x.png in Resources */ = {isa = PBXBuildFile; fileRef = 33078CA81D4B4EEF00367B1F /* 121@2x.png */; };
		33078D401D4B4EEF00367B1F /* 122@2x.png in Resources */ = {isa = PBXBuildFile; fileRef = 33078CA91D4B4EEF00367B1F /* 122@2x.png */; };
		33078D411D4B4EEF00367B1F /* 123@2x.png in Resources */ = {isa = PBXBuildFile; fileRef = 33078CAA1D4B4EEF00367B1F /* 123@2x.png */; };
		33078D421D4B4EEF00367B1F /* 124@2x.png in Resources */ = {isa = PBXBuildFile; fileRef = 33078CAB1D4B4EEF00367B1F /* 124@2x.png */; };
		33078D431D4B4EEF00367B1F /* 125@2x.png in Resources */ = {isa = PBXBuildFile; fileRef = 33078CAC1D4B4EEF00367B1F /* 125@2x.png */; };
		33078D441D4B4EEF00367B1F /* 126@2x.png in Resources */ = {isa = PBXBuildFile; fileRef = 33078CAD1D4B4EEF00367B1F /* 126@2x.png */; };
		33078D451D4B4EEF00367B1F /* 127@2x.png in Resources */ = {isa = PBXBuildFile; fileRef = 33078CAE1D4B4EEF00367B1F /* 127@2x.png */; };
		33078D461D4B4EEF00367B1F /* 128@2x.png in Resources */ = {isa = PBXBuildFile; fileRef = 33078CAF1D4B4EEF00367B1F /* 128@2x.png */; };
		33078D471D4B4EEF00367B1F /* 129@2x.png in Resources */ = {isa = PBXBuildFile; fileRef = 33078CB01D4B4EEF00367B1F /* 129@2x.png */; };
		33078D481D4B4EEF00367B1F /* 12@2x.png in Resources */ = {isa = PBXBuildFile; fileRef = 33078CB11D4B4EEF00367B1F /* 12@2x.png */; };
		33078D491D4B4EEF00367B1F /* 130@2x.png in Resources */ = {isa = PBXBuildFile; fileRef = 33078CB21D4B4EEF00367B1F /* 130@2x.png */; };
		33078D4A1D4B4EEF00367B1F /* 131@2x.png in Resources */ = {isa = PBXBuildFile; fileRef = 33078CB31D4B4EEF00367B1F /* 131@2x.png */; };
		33078D4B1D4B4EEF00367B1F /* 132@2x.png in Resources */ = {isa = PBXBuildFile; fileRef = 33078CB41D4B4EEF00367B1F /* 132@2x.png */; };
		33078D4C1D4B4EEF00367B1F /* 133@2x.png in Resources */ = {isa = PBXBuildFile; fileRef = 33078CB51D4B4EEF00367B1F /* 133@2x.png */; };
		33078D4D1D4B4EEF00367B1F /* 134@2x.png in Resources */ = {isa = PBXBuildFile; fileRef = 33078CB61D4B4EEF00367B1F /* 134@2x.png */; };
		33078D4E1D4B4EEF00367B1F /* 135@2x.png in Resources */ = {isa = PBXBuildFile; fileRef = 33078CB71D4B4EEF00367B1F /* 135@2x.png */; };
		33078D4F1D4B4EEF00367B1F /* 136@2x.png in Resources */ = {isa = PBXBuildFile; fileRef = 33078CB81D4B4EEF00367B1F /* 136@2x.png */; };
		33078D501D4B4EEF00367B1F /* 137@2x.png in Resources */ = {isa = PBXBuildFile; fileRef = 33078CB91D4B4EEF00367B1F /* 137@2x.png */; };
		33078D511D4B4EEF00367B1F /* 138@2x.png in Resources */ = {isa = PBXBuildFile; fileRef = 33078CBA1D4B4EEF00367B1F /* 138@2x.png */; };
		33078D521D4B4EEF00367B1F /* 139@2x.png in Resources */ = {isa = PBXBuildFile; fileRef = 33078CBB1D4B4EEF00367B1F /* 139@2x.png */; };
		33078D531D4B4EEF00367B1F /* 13@2x.png in Resources */ = {isa = PBXBuildFile; fileRef = 33078CBC1D4B4EEF00367B1F /* 13@2x.png */; };
		33078D541D4B4EEF00367B1F /* 140@2x.png in Resources */ = {isa = PBXBuildFile; fileRef = 33078CBD1D4B4EEF00367B1F /* 140@2x.png */; };
		33078D551D4B4EEF00367B1F /* 141@2x.png in Resources */ = {isa = PBXBuildFile; fileRef = 33078CBE1D4B4EEF00367B1F /* 141@2x.png */; };
		33078D561D4B4EEF00367B1F /* 142@2x.png in Resources */ = {isa = PBXBuildFile; fileRef = 33078CBF1D4B4EEF00367B1F /* 142@2x.png */; };
		33078D571D4B4EEF00367B1F /* 143@2x.png in Resources */ = {isa = PBXBuildFile; fileRef = 33078CC01D4B4EEF00367B1F /* 143@2x.png */; };
		33078D581D4B4EEF00367B1F /* 144@2x.png in Resources */ = {isa = PBXBuildFile; fileRef = 33078CC11D4B4EEF00367B1F /* 144@2x.png */; };
		33078D591D4B4EEF00367B1F /* 145@2x.png in Resources */ = {isa = PBXBuildFile; fileRef = 33078CC21D4B4EEF00367B1F /* 145@2x.png */; };
		33078D5A1D4B4EEF00367B1F /* 146@2x.png in Resources */ = {isa = PBXBuildFile; fileRef = 33078CC31D4B4EEF00367B1F /* 146@2x.png */; };
		33078D5B1D4B4EEF00367B1F /* 147@2x.png in Resources */ = {isa = PBXBuildFile; fileRef = 33078CC41D4B4EEF00367B1F /* 147@2x.png */; };
		33078D5C1D4B4EEF00367B1F /* 148@2x.png in Resources */ = {isa = PBXBuildFile; fileRef = 33078CC51D4B4EEF00367B1F /* 148@2x.png */; };
		33078D5D1D4B4EEF00367B1F /* 149@2x.png in Resources */ = {isa = PBXBuildFile; fileRef = 33078CC61D4B4EEF00367B1F /* 149@2x.png */; };
		33078D5E1D4B4EEF00367B1F /* 14@2x.png in Resources */ = {isa = PBXBuildFile; fileRef = 33078CC71D4B4EEF00367B1F /* 14@2x.png */; };
		33078D5F1D4B4EEF00367B1F /* 150@2x.png in Resources */ = {isa = PBXBuildFile; fileRef = 33078CC81D4B4EEF00367B1F /* 150@2x.png */; };
		33078D601D4B4EEF00367B1F /* 151@2x.png in Resources */ = {isa = PBXBuildFile; fileRef = 33078CC91D4B4EEF00367B1F /* 151@2x.png */; };
		33078D611D4B4EEF00367B1F /* 15@2x.png in Resources */ = {isa = PBXBuildFile; fileRef = 33078CCA1D4B4EEF00367B1F /* 15@2x.png */; };
		33078D621D4B4EEF00367B1F /* 16@2x.png in Resources */ = {isa = PBXBuildFile; fileRef = 33078CCB1D4B4EEF00367B1F /* 16@2x.png */; };
		33078D631D4B4EEF00367B1F /* 17@2x.png in Resources */ = {isa = PBXBuildFile; fileRef = 33078CCC1D4B4EEF00367B1F /* 17@2x.png */; };
		33078D641D4B4EEF00367B1F /* 18@2x.png in Resources */ = {isa = PBXBuildFile; fileRef = 33078CCD1D4B4EEF00367B1F /* 18@2x.png */; };
		33078D651D4B4EEF00367B1F /* 19@2x.png in Resources */ = {isa = PBXBuildFile; fileRef = 33078CCE1D4B4EEF00367B1F /* 19@2x.png */; };
		33078D661D4B4EEF00367B1F /* 1@2x.png in Resources */ = {isa = PBXBuildFile; fileRef = 33078CCF1D4B4EEF00367B1F /* 1@2x.png */; };
		33078D671D4B4EEF00367B1F /* 20@2x.png in Resources */ = {isa = PBXBuildFile; fileRef = 33078CD01D4B4EEF00367B1F /* 20@2x.png */; };
		33078D681D4B4EEF00367B1F /* 21@2x.png in Resources */ = {isa = PBXBuildFile; fileRef = 33078CD11D4B4EEF00367B1F /* 21@2x.png */; };
		33078D691D4B4EEF00367B1F /* 22@2x.png in Resources */ = {isa = PBXBuildFile; fileRef = 33078CD21D4B4EEF00367B1F /* 22@2x.png */; };
		33078D6A1D4B4EEF00367B1F /* 23@2x.png in Resources */ = {isa = PBXBuildFile; fileRef = 33078CD31D4B4EEF00367B1F /* 23@2x.png */; };
		33078D6B1D4B4EEF00367B1F /* 24@2x.png in Resources */ = {isa = PBXBuildFile; fileRef = 33078CD41D4B4EEF00367B1F /* 24@2x.png */; };
		33078D6C1D4B4EEF00367B1F /* 25@2x.png in Resources */ = {isa = PBXBuildFile; fileRef = 33078CD51D4B4EEF00367B1F /* 25@2x.png */; };
		33078D6D1D4B4EEF00367B1F /* 26@2x.png in Resources */ = {isa = PBXBuildFile; fileRef = 33078CD61D4B4EEF00367B1F /* 26@2x.png */; };
		33078D6E1D4B4EEF00367B1F /* 27@2x.png in Resources */ = {isa = PBXBuildFile; fileRef = 33078CD71D4B4EEF00367B1F /* 27@2x.png */; };
		33078D6F1D4B4EEF00367B1F /* 28@2x.png in Resources */ = {isa = PBXBuildFile; fileRef = 33078CD81D4B4EEF00367B1F /* 28@2x.png */; };
		33078D701D4B4EEF00367B1F /* 29@2x.png in Resources */ = {isa = PBXBuildFile; fileRef = 33078CD91D4B4EEF00367B1F /* 29@2x.png */; };
		33078D711D4B4EEF00367B1F /* 2@2x.png in Resources */ = {isa = PBXBuildFile; fileRef = 33078CDA1D4B4EEF00367B1F /* 2@2x.png */; };
		33078D721D4B4EEF00367B1F /* 30@2x.png in Resources */ = {isa = PBXBuildFile; fileRef = 33078CDB1D4B4EEF00367B1F /* 30@2x.png */; };
		33078D731D4B4EEF00367B1F /* 31@2x.png in Resources */ = {isa = PBXBuildFile; fileRef = 33078CDC1D4B4EEF00367B1F /* 31@2x.png */; };
		33078D741D4B4EEF00367B1F /* 32@2x.png in Resources */ = {isa = PBXBuildFile; fileRef = 33078CDD1D4B4EEF00367B1F /* 32@2x.png */; };
		33078D751D4B4EEF00367B1F /* 33@2x.png in Resources */ = {isa = PBXBuildFile; fileRef = 33078CDE1D4B4EEF00367B1F /* 33@2x.png */; };
		33078D761D4B4EEF00367B1F /* 34@2x.png in Resources */ = {isa = PBXBuildFile; fileRef = 33078CDF1D4B4EEF00367B1F /* 34@2x.png */; };
		33078D771D4B4EEF00367B1F /* 35@2x.png in Resources */ = {isa = PBXBuildFile; fileRef = 33078CE01D4B4EEF00367B1F /* 35@2x.png */; };
		33078D781D4B4EEF00367B1F /* 36@2x.png in Resources */ = {isa = PBXBuildFile; fileRef = 33078CE11D4B4EEF00367B1F /* 36@2x.png */; };
		33078D791D4B4EEF00367B1F /* 37@2x.png in Resources */ = {isa = PBXBuildFile; fileRef = 33078CE21D4B4EEF00367B1F /* 37@2x.png */; };
		33078D7A1D4B4EEF00367B1F /* 38@2x.png in Resources */ = {isa = PBXBuildFile; fileRef = 33078CE31D4B4EEF00367B1F /* 38@2x.png */; };
		33078D7B1D4B4EEF00367B1F /* 39@2x.png in Resources */ = {isa = PBXBuildFile; fileRef = 33078CE41D4B4EEF00367B1F /* 39@2x.png */; };
		33078D7C1D4B4EEF00367B1F /* 3@2x.png in Resources */ = {isa = PBXBuildFile; fileRef = 33078CE51D4B4EEF00367B1F /* 3@2x.png */; };
		33078D7D1D4B4EEF00367B1F /* 40@2x.png in Resources */ = {isa = PBXBuildFile; fileRef = 33078CE61D4B4EEF00367B1F /* 40@2x.png */; };
		33078D7E1D4B4EEF00367B1F /* 41@2x.png in Resources */ = {isa = PBXBuildFile; fileRef = 33078CE71D4B4EEF00367B1F /* 41@2x.png */; };
		33078D7F1D4B4EEF00367B1F /* 42@2x.png in Resources */ = {isa = PBXBuildFile; fileRef = 33078CE81D4B4EEF00367B1F /* 42@2x.png */; };
		33078D801D4B4EEF00367B1F /* 43@2x.png in Resources */ = {isa = PBXBuildFile; fileRef = 33078CE91D4B4EEF00367B1F /* 43@2x.png */; };
		33078D811D4B4EEF00367B1F /* 44@2x.png in Resources */ = {isa = PBXBuildFile; fileRef = 33078CEA1D4B4EEF00367B1F /* 44@2x.png */; };
		33078D821D4B4EEF00367B1F /* 45@2x.png in Resources */ = {isa = PBXBuildFile; fileRef = 33078CEB1D4B4EEF00367B1F /* 45@2x.png */; };
		33078D831D4B4EEF00367B1F /* 46@2x.png in Resources */ = {isa = PBXBuildFile; fileRef = 33078CEC1D4B4EEF00367B1F /* 46@2x.png */; };
		33078D841D4B4EEF00367B1F /* 47@2x.png in Resources */ = {isa = PBXBuildFile; fileRef = 33078CED1D4B4EEF00367B1F /* 47@2x.png */; };
		33078D851D4B4EEF00367B1F /* 48@2x.png in Resources */ = {isa = PBXBuildFile; fileRef = 33078CEE1D4B4EEF00367B1F /* 48@2x.png */; };
		33078D861D4B4EEF00367B1F /* 49@2x.png in Resources */ = {isa = PBXBuildFile; fileRef = 33078CEF1D4B4EEF00367B1F /* 49@2x.png */; };
		33078D871D4B4EEF00367B1F /* 4@2x.png in Resources */ = {isa = PBXBuildFile; fileRef = 33078CF01D4B4EEF00367B1F /* 4@2x.png */; };
		33078D881D4B4EEF00367B1F /* 50@2x.png in Resources */ = {isa = PBXBuildFile; fileRef = 33078CF11D4B4EEF00367B1F /* 50@2x.png */; };
		33078D891D4B4EEF00367B1F /* 51@2x.png in Resources */ = {isa = PBXBuildFile; fileRef = 33078CF21D4B4EEF00367B1F /* 51@2x.png */; };
		33078D8A1D4B4EEF00367B1F /* 52@2x.png in Resources */ = {isa = PBXBuildFile; fileRef = 33078CF31D4B4EEF00367B1F /* 52@2x.png */; };
		33078D8B1D4B4EEF00367B1F /* 53@2x.png in Resources */ = {isa = PBXBuildFile; fileRef = 33078CF41D4B4EEF00367B1F /* 53@2x.png */; };
		33078D8C1D4B4EEF00367B1F /* 54@2x.png in Resources */ = {isa = PBXBuildFile; fileRef = 33078CF51D4B4EEF00367B1F /* 54@2x.png */; };
		33078D8D1D4B4EEF00367B1F /* 55@2x.png in Resources */ = {isa = PBXBuildFile; fileRef = 33078CF61D4B4EEF00367B1F /* 55@2x.png */; };
		33078D8E1D4B4EEF00367B1F /* 56@2x.png in Resources */ = {isa = PBXBuildFile; fileRef = 33078CF71D4B4EEF00367B1F /* 56@2x.png */; };
		33078D8F1D4B4EEF00367B1F /* 57@2x.png in Resources */ = {isa = PBXBuildFile; fileRef = 33078CF81D4B4EEF00367B1F /* 57@2x.png */; };
		33078D901D4B4EEF00367B1F /* 58@2x.png in Resources */ = {isa = PBXBuildFile; fileRef = 33078CF91D4B4EEF00367B1F /* 58@2x.png */; };
		33078D911D4B4EEF00367B1F /* 59@2x.png in Resources */ = {isa = PBXBuildFile; fileRef = 33078CFA1D4B4EEF00367B1F /* 59@2x.png */; };
		33078D921D4B4EEF00367B1F /* 5@2x.png in Resources */ = {isa = PBXBuildFile; fileRef = 33078CFB1D4B4EEF00367B1F /* 5@2x.png */; };
		33078D931D4B4EEF00367B1F /* 60@2x.png in Resources */ = {isa = PBXBuildFile; fileRef = 33078CFC1D4B4EEF00367B1F /* 60@2x.png */; };
		33078D941D4B4EEF00367B1F /* 61@2x.png in Resources */ = {isa = PBXBuildFile; fileRef = 33078CFD1D4B4EEF00367B1F /* 61@2x.png */; };
		33078D951D4B4EEF00367B1F /* 62@2x.png in Resources */ = {isa = PBXBuildFile; fileRef = 33078CFE1D4B4EEF00367B1F /* 62@2x.png */; };
		33078D961D4B4EEF00367B1F /* 63@2x.png in Resources */ = {isa = PBXBuildFile; fileRef = 33078CFF1D4B4EEF00367B1F /* 63@2x.png */; };
		33078D971D4B4EEF00367B1F /* 64@2x.png in Resources */ = {isa = PBXBuildFile; fileRef = 33078D001D4B4EEF00367B1F /* 64@2x.png */; };
		33078D981D4B4EEF00367B1F /* 65@2x.png in Resources */ = {isa = PBXBuildFile; fileRef = 33078D011D4B4EEF00367B1F /* 65@2x.png */; };
		33078D991D4B4EEF00367B1F /* 66@2x.png in Resources */ = {isa = PBXBuildFile; fileRef = 33078D021D4B4EEF00367B1F /* 66@2x.png */; };
		33078D9A1D4B4EEF00367B1F /* 67@2x.png in Resources */ = {isa = PBXBuildFile; fileRef = 33078D031D4B4EEF00367B1F /* 67@2x.png */; };
		33078D9B1D4B4EEF00367B1F /* 68@2x.png in Resources */ = {isa = PBXBuildFile; fileRef = 33078D041D4B4EEF00367B1F /* 68@2x.png */; };
		33078D9C1D4B4EEF00367B1F /* 69@2x.png in Resources */ = {isa = PBXBuildFile; fileRef = 33078D051D4B4EEF00367B1F /* 69@2x.png */; };
		33078D9D1D4B4EEF00367B1F /* 6@2x.png in Resources */ = {isa = PBXBuildFile; fileRef = 33078D061D4B4EEF00367B1F /* 6@2x.png */; };
		33078D9E1D4B4EEF00367B1F /* 70@2x.png in Resources */ = {isa = PBXBuildFile; fileRef = 33078D071D4B4EEF00367B1F /* 70@2x.png */; };
		33078D9F1D4B4EEF00367B1F /* 71@2x.png in Resources */ = {isa = PBXBuildFile; fileRef = 33078D081D4B4EEF00367B1F /* 71@2x.png */; };
		33078DA01D4B4EEF00367B1F /* 72@2x.png in Resources */ = {isa = PBXBuildFile; fileRef = 33078D091D4B4EEF00367B1F /* 72@2x.png */; };
		33078DA11D4B4EEF00367B1F /* 73@2x.png in Resources */ = {isa = PBXBuildFile; fileRef = 33078D0A1D4B4EEF00367B1F /* 73@2x.png */; };
		33078DA21D4B4EEF00367B1F /* 74@2x.png in Resources */ = {isa = PBXBuildFile; fileRef = 33078D0B1D4B4EEF00367B1F /* 74@2x.png */; };
		33078DA31D4B4EEF00367B1F /* 75@2x.png in Resources */ = {isa = PBXBuildFile; fileRef = 33078D0C1D4B4EEF00367B1F /* 75@2x.png */; };
		33078DA41D4B4EEF00367B1F /* 76@2x.png in Resources */ = {isa = PBXBuildFile; fileRef = 33078D0D1D4B4EEF00367B1F /* 76@2x.png */; };
		33078DA51D4B4EEF00367B1F /* 77@2x.png in Resources */ = {isa = PBXBuildFile; fileRef = 33078D0E1D4B4EEF00367B1F /* 77@2x.png */; };
		33078DA61D4B4EEF00367B1F /* 78@2x.png in Resources */ = {isa = PBXBuildFile; fileRef = 33078D0F1D4B4EEF00367B1F /* 78@2x.png */; };
		33078DA71D4B4EEF00367B1F /* 79@2x.png in Resources */ = {isa = PBXBuildFile; fileRef = 33078D101D4B4EEF00367B1F /* 79@2x.png */; };
		33078DA81D4B4EEF00367B1F /* 7@2x.png in Resources */ = {isa = PBXBuildFile; fileRef = 33078D111D4B4EEF00367B1F /* 7@2x.png */; };
		33078DA91D4B4EEF00367B1F /* 80@2x.png in Resources */ = {isa = PBXBuildFile; fileRef = 33078D121D4B4EEF00367B1F /* 80@2x.png */; };
		33078DAA1D4B4EEF00367B1F /* 81@2x.png in Resources */ = {isa = PBXBuildFile; fileRef = 33078D131D4B4EEF00367B1F /* 81@2x.png */; };
		33078DAB1D4B4EEF00367B1F /* 82@2x.png in Resources */ = {isa = PBXBuildFile; fileRef = 33078D141D4B4EEF00367B1F /* 82@2x.png */; };
		33078DAC1D4B4EEF00367B1F /* 83@2x.png in Resources */ = {isa = PBXBuildFile; fileRef = 33078D151D4B4EEF00367B1F /* 83@2x.png */; };
		33078DAD1D4B4EEF00367B1F /* 84@2x.png in Resources */ = {isa = PBXBuildFile; fileRef = 33078D161D4B4EEF00367B1F /* 84@2x.png */; };
		33078DAE1D4B4EEF00367B1F /* 85@2x.png in Resources */ = {isa = PBXBuildFile; fileRef = 33078D171D4B4EEF00367B1F /* 85@2x.png */; };
		33078DAF1D4B4EEF00367B1F /* 86@2x.png in Resources */ = {isa = PBXBuildFile; fileRef = 33078D181D4B4EEF00367B1F /* 86@2x.png */; };
		33078DB01D4B4EEF00367B1F /* 87@2x.png in Resources */ = {isa = PBXBuildFile; fileRef = 33078D191D4B4EEF00367B1F /* 87@2x.png */; };
		33078DB11D4B4EEF00367B1F /* 88@2x.png in Resources */ = {isa = PBXBuildFile; fileRef = 33078D1A1D4B4EEF00367B1F /* 88@2x.png */; };
		33078DB21D4B4EEF00367B1F /* 89@2x.png in Resources */ = {isa = PBXBuildFile; fileRef = 33078D1B1D4B4EEF00367B1F /* 89@2x.png */; };
		33078DB31D4B4EEF00367B1F /* 8@2x.png in Resources */ = {isa = PBXBuildFile; fileRef = 33078D1C1D4B4EEF00367B1F /* 8@2x.png */; };
		33078DB41D4B4EEF00367B1F /* 90@2x.png in Resources */ = {isa = PBXBuildFile; fileRef = 33078D1D1D4B4EEF00367B1F /* 90@2x.png */; };
		33078DB51D4B4EEF00367B1F /* 91@2x.png in Resources */ = {isa = PBXBuildFile; fileRef = 33078D1E1D4B4EEF00367B1F /* 91@2x.png */; };
		33078DB61D4B4EEF00367B1F /* 92@2x.png in Resources */ = {isa = PBXBuildFile; fileRef = 33078D1F1D4B4EEF00367B1F /* 92@2x.png */; };
		33078DB71D4B4EEF00367B1F /* 93@2x.png in Resources */ = {isa = PBXBuildFile; fileRef = 33078D201D4B4EEF00367B1F /* 93@2x.png */; };
		33078DB81D4B4EEF00367B1F /* 94@2x.png in Resources */ = {isa = PBXBuildFile; fileRef = 33078D211D4B4EEF00367B1F /* 94@2x.png */; };
		33078DB91D4B4EEF00367B1F /* 95@2x.png in Resources */ = {isa = PBXBuildFile; fileRef = 33078D221D4B4EEF00367B1F /* 95@2x.png */; };
		33078DBA1D4B4EEF00367B1F /* 96@2x.png in Resources */ = {isa = PBXBuildFile; fileRef = 33078D231D4B4EEF00367B1F /* 96@2x.png */; };
		33078DBB1D4B4EEF00367B1F /* 97@2x.png in Resources */ = {isa = PBXBuildFile; fileRef = 33078D241D4B4EEF00367B1F /* 97@2x.png */; };
		33078DBC1D4B4EEF00367B1F /* 98@2x.png in Resources */ = {isa = PBXBuildFile; fileRef = 33078D251D4B4EEF00367B1F /* 98@2x.png */; };
		33078DBD1D4B4EEF00367B1F /* 99@2x.png in Resources */ = {isa = PBXBuildFile; fileRef = 33078D261D4B4EEF00367B1F /* 99@2x.png */; };
		33078DBE1D4B4EEF00367B1F /* 9@2x.png in Resources */ = {isa = PBXBuildFile; fileRef = 33078D271D4B4EEF00367B1F /* 9@2x.png */; };
		3388D0CD1D49B839009BC34B /* main.m in Sources */ = {isa = PBXBuildFile; fileRef = 3388D0CC1D49B839009BC34B /* main.m */; };
		3388D0D01D49B839009BC34B /* AppDelegate.m in Sources */ = {isa = PBXBuildFile; fileRef = 3388D0CF1D49B839009BC34B /* AppDelegate.m */; };
		3388D0D61D49B839009BC34B /* Main.storyboard in Resources */ = {isa = PBXBuildFile; fileRef = 3388D0D41D49B839009BC34B /* Main.storyboard */; };
		3388D0D81D49B839009BC34B /* Assets.xcassets in Resources */ = {isa = PBXBuildFile; fileRef = 3388D0D71D49B839009BC34B /* Assets.xcassets */; };
		3388D0DB1D49B839009BC34B /* LaunchScreen.storyboard in Resources */ = {isa = PBXBuildFile; fileRef = 3388D0D91D49B839009BC34B /* LaunchScreen.storyboard */; };
		7D7E396BB185CDBB647DA07C /* Pods_Poke_Hunter.framework in Frameworks */ = {isa = PBXBuildFile; fileRef = DC68C8CFF6AC0B5D24B5C651 /* Pods_Poke_Hunter.framework */; };
/* End PBXBuildFile section */

/* Begin PBXFileReference section */
		33078B461D49C3D700367B1F /* GoogleService-Info.plist */ = {isa = PBXFileReference; fileEncoding = 4; lastKnownFileType = text.plist.xml; path = "GoogleService-Info.plist"; sourceTree = "<group>"; };
		33078B481D49C45800367B1F /* PokeHunter.pch */ = {isa = PBXFileReference; fileEncoding = 4; lastKnownFileType = sourcecode.c.h; path = PokeHunter.pch; sourceTree = "<group>"; };
		33078B491D49C51700367B1F /* CALayer+XibConfiguration.m */ = {isa = PBXFileReference; fileEncoding = 4; lastKnownFileType = sourcecode.c.objc; path = "CALayer+XibConfiguration.m"; sourceTree = "<group>"; };
		33078B4A1D49C51700367B1F /* CALayer+XibConfiguration.h */ = {isa = PBXFileReference; fileEncoding = 4; lastKnownFileType = sourcecode.c.h; path = "CALayer+XibConfiguration.h"; sourceTree = "<group>"; };
		33078B4C1D49C5A700367B1F /* APIClient.h */ = {isa = PBXFileReference; fileEncoding = 4; lastKnownFileType = sourcecode.c.h; path = APIClient.h; sourceTree = "<group>"; };
		33078B4D1D49C5A700367B1F /* APIClient.m */ = {isa = PBXFileReference; fileEncoding = 4; lastKnownFileType = sourcecode.c.objc; path = APIClient.m; sourceTree = "<group>"; };
		33078B4F1D49CA8500367B1F /* Search@2x.png */ = {isa = PBXFileReference; lastKnownFileType = image.png; path = "Search@2x.png"; sourceTree = "<group>"; };
		33078B511D49CE0A00367B1F /* help@2x.png */ = {isa = PBXFileReference; lastKnownFileType = image.png; path = "help@2x.png"; sourceTree = "<group>"; };
		33078B521D49CE0A00367B1F /* scan@2x.png */ = {isa = PBXFileReference; lastKnownFileType = image.png; path = "scan@2x.png"; sourceTree = "<group>"; };
		33078B551D49D91300367B1F /* Map.h */ = {isa = PBXFileReference; fileEncoding = 4; lastKnownFileType = sourcecode.c.h; path = Map.h; sourceTree = "<group>"; };
		33078B561D49D91300367B1F /* Map.m */ = {isa = PBXFileReference; fileEncoding = 4; lastKnownFileType = sourcecode.c.objc; path = Map.m; sourceTree = "<group>"; };
		33078B581D4A2FBD00367B1F /* BasicMapAnnotation.h */ = {isa = PBXFileReference; fileEncoding = 4; lastKnownFileType = sourcecode.c.h; path = BasicMapAnnotation.h; sourceTree = "<group>"; };
		33078B591D4A2FBD00367B1F /* BasicMapAnnotation.m */ = {isa = PBXFileReference; fileEncoding = 4; lastKnownFileType = sourcecode.c.objc; path = BasicMapAnnotation.m; sourceTree = "<group>"; };
		33078C911D4B4EEF00367B1F /* 100@2x.png */ = {isa = PBXFileReference; lastKnownFileType = image.png; path = "100@2x.png"; sourceTree = "<group>"; };
		33078C921D4B4EEF00367B1F /* 101@2x.png */ = {isa = PBXFileReference; lastKnownFileType = image.png; path = "101@2x.png"; sourceTree = "<group>"; };
		33078C931D4B4EEF00367B1F /* 102@2x.png */ = {isa = PBXFileReference; lastKnownFileType = image.png; path = "102@2x.png"; sourceTree = "<group>"; };
		33078C941D4B4EEF00367B1F /* 103@2x.png */ = {isa = PBXFileReference; lastKnownFileType = image.png; path = "103@2x.png"; sourceTree = "<group>"; };
		33078C951D4B4EEF00367B1F /* 104@2x.png */ = {isa = PBXFileReference; lastKnownFileType = image.png; path = "104@2x.png"; sourceTree = "<group>"; };
		33078C961D4B4EEF00367B1F /* 105@2x.png */ = {isa = PBXFileReference; lastKnownFileType = image.png; path = "105@2x.png"; sourceTree = "<group>"; };
		33078C971D4B4EEF00367B1F /* 106@2x.png */ = {isa = PBXFileReference; lastKnownFileType = image.png; path = "106@2x.png"; sourceTree = "<group>"; };
		33078C981D4B4EEF00367B1F /* 107@2x.png */ = {isa = PBXFileReference; lastKnownFileType = image.png; path = "107@2x.png"; sourceTree = "<group>"; };
		33078C991D4B4EEF00367B1F /* 108@2x.png */ = {isa = PBXFileReference; lastKnownFileType = image.png; path = "108@2x.png"; sourceTree = "<group>"; };
		33078C9A1D4B4EEF00367B1F /* 109@2x.png */ = {isa = PBXFileReference; lastKnownFileType = image.png; path = "109@2x.png"; sourceTree = "<group>"; };
		33078C9B1D4B4EEF00367B1F /* 10@2x.png */ = {isa = PBXFileReference; lastKnownFileType = image.png; path = "10@2x.png"; sourceTree = "<group>"; };
		33078C9C1D4B4EEF00367B1F /* 110@2x.png */ = {isa = PBXFileReference; lastKnownFileType = image.png; path = "110@2x.png"; sourceTree = "<group>"; };
		33078C9D1D4B4EEF00367B1F /* 111@2x.png */ = {isa = PBXFileReference; lastKnownFileType = image.png; path = "111@2x.png"; sourceTree = "<group>"; };
		33078C9E1D4B4EEF00367B1F /* 112@2x.png */ = {isa = PBXFileReference; lastKnownFileType = image.png; path = "112@2x.png"; sourceTree = "<group>"; };
		33078C9F1D4B4EEF00367B1F /* 113@2x.png */ = {isa = PBXFileReference; lastKnownFileType = image.png; path = "113@2x.png"; sourceTree = "<group>"; };
		33078CA01D4B4EEF00367B1F /* 114@2x.png */ = {isa = PBXFileReference; lastKnownFileType = image.png; path = "114@2x.png"; sourceTree = "<group>"; };
		33078CA11D4B4EEF00367B1F /* 115@2x.png */ = {isa = PBXFileReference; lastKnownFileType = image.png; path = "115@2x.png"; sourceTree = "<group>"; };
		33078CA21D4B4EEF00367B1F /* 116@2x.png */ = {isa = PBXFileReference; lastKnownFileType = image.png; path = "116@2x.png"; sourceTree = "<group>"; };
		33078CA31D4B4EEF00367B1F /* 117@2x.png */ = {isa = PBXFileReference; lastKnownFileType = image.png; path = "117@2x.png"; sourceTree = "<group>"; };
		33078CA41D4B4EEF00367B1F /* 118@2x.png */ = {isa = PBXFileReference; lastKnownFileType = image.png; path = "118@2x.png"; sourceTree = "<group>"; };
		33078CA51D4B4EEF00367B1F /* 119@2x.png */ = {isa = PBXFileReference; lastKnownFileType = image.png; path = "119@2x.png"; sourceTree = "<group>"; };
		33078CA61D4B4EEF00367B1F /* 11@2x.png */ = {isa = PBXFileReference; lastKnownFileType = image.png; path = "11@2x.png"; sourceTree = "<group>"; };
		33078CA71D4B4EEF00367B1F /* 120@2x.png */ = {isa = PBXFileReference; lastKnownFileType = image.png; path = "120@2x.png"; sourceTree = "<group>"; };
		33078CA81D4B4EEF00367B1F /* 121@2x.png */ = {isa = PBXFileReference; lastKnownFileType = image.png; path = "121@2x.png"; sourceTree = "<group>"; };
		33078CA91D4B4EEF00367B1F /* 122@2x.png */ = {isa = PBXFileReference; lastKnownFileType = image.png; path = "122@2x.png"; sourceTree = "<group>"; };
		33078CAA1D4B4EEF00367B1F /* 123@2x.png */ = {isa = PBXFileReference; lastKnownFileType = image.png; path = "123@2x.png"; sourceTree = "<group>"; };
		33078CAB1D4B4EEF00367B1F /* 124@2x.png */ = {isa = PBXFileReference; lastKnownFileType = image.png; path = "124@2x.png"; sourceTree = "<group>"; };
		33078CAC1D4B4EEF00367B1F /* 125@2x.png */ = {isa = PBXFileReference; lastKnownFileType = image.png; path = "125@2x.png"; sourceTree = "<group>"; };
		33078CAD1D4B4EEF00367B1F /* 126@2x.png */ = {isa = PBXFileReference; lastKnownFileType = image.png; path = "126@2x.png"; sourceTree = "<group>"; };
		33078CAE1D4B4EEF00367B1F /* 127@2x.png */ = {isa = PBXFileReference; lastKnownFileType = image.png; path = "127@2x.png"; sourceTree = "<group>"; };
		33078CAF1D4B4EEF00367B1F /* 128@2x.png */ = {isa = PBXFileReference; lastKnownFileType = image.png; path = "128@2x.png"; sourceTree = "<group>"; };
		33078CB01D4B4EEF00367B1F /* 129@2x.png */ = {isa = PBXFileReference; lastKnownFileType = image.png; path = "129@2x.png"; sourceTree = "<group>"; };
		33078CB11D4B4EEF00367B1F /* 12@2x.png */ = {isa = PBXFileReference; lastKnownFileType = image.png; path = "12@2x.png"; sourceTree = "<group>"; };
		33078CB21D4B4EEF00367B1F /* 130@2x.png */ = {isa = PBXFileReference; lastKnownFileType = image.png; path = "130@2x.png"; sourceTree = "<group>"; };
		33078CB31D4B4EEF00367B1F /* 131@2x.png */ = {isa = PBXFileReference; lastKnownFileType = image.png; path = "131@2x.png"; sourceTree = "<group>"; };
		33078CB41D4B4EEF00367B1F /* 132@2x.png */ = {isa = PBXFileReference; lastKnownFileType = image.png; path = "132@2x.png"; sourceTree = "<group>"; };
		33078CB51D4B4EEF00367B1F /* 133@2x.png */ = {isa = PBXFileReference; lastKnownFileType = image.png; path = "133@2x.png"; sourceTree = "<group>"; };
		33078CB61D4B4EEF00367B1F /* 134@2x.png */ = {isa = PBXFileReference; lastKnownFileType = image.png; path = "134@2x.png"; sourceTree = "<group>"; };
		33078CB71D4B4EEF00367B1F /* 135@2x.png */ = {isa = PBXFileReference; lastKnownFileType = image.png; path = "135@2x.png"; sourceTree = "<group>"; };
		33078CB81D4B4EEF00367B1F /* 136@2x.png */ = {isa = PBXFileReference; lastKnownFileType = image.png; path = "136@2x.png"; sourceTree = "<group>"; };
		33078CB91D4B4EEF00367B1F /* 137@2x.png */ = {isa = PBXFileReference; lastKnownFileType = image.png; path = "137@2x.png"; sourceTree = "<group>"; };
		33078CBA1D4B4EEF00367B1F /* 138@2x.png */ = {isa = PBXFileReference; lastKnownFileType = image.png; path = "138@2x.png"; sourceTree = "<group>"; };
		33078CBB1D4B4EEF00367B1F /* 139@2x.png */ = {isa = PBXFileReference; lastKnownFileType = image.png; path = "139@2x.png"; sourceTree = "<group>"; };
		33078CBC1D4B4EEF00367B1F /* 13@2x.png */ = {isa = PBXFileReference; lastKnownFileType = image.png; path = "13@2x.png"; sourceTree = "<group>"; };
		33078CBD1D4B4EEF00367B1F /* 140@2x.png */ = {isa = PBXFileReference; lastKnownFileType = image.png; path = "140@2x.png"; sourceTree = "<group>"; };
		33078CBE1D4B4EEF00367B1F /* 141@2x.png */ = {isa = PBXFileReference; lastKnownFileType = image.png; path = "141@2x.png"; sourceTree = "<group>"; };
		33078CBF1D4B4EEF00367B1F /* 142@2x.png */ = {isa = PBXFileReference; lastKnownFileType = image.png; path = "142@2x.png"; sourceTree = "<group>"; };
		33078CC01D4B4EEF00367B1F /* 143@2x.png */ = {isa = PBXFileReference; lastKnownFileType = image.png; path = "143@2x.png"; sourceTree = "<group>"; };
		33078CC11D4B4EEF00367B1F /* 144@2x.png */ = {isa = PBXFileReference; lastKnownFileType = image.png; path = "144@2x.png"; sourceTree = "<group>"; };
		33078CC21D4B4EEF00367B1F /* 145@2x.png */ = {isa = PBXFileReference; lastKnownFileType = image.png; path = "145@2x.png"; sourceTree = "<group>"; };
		33078CC31D4B4EEF00367B1F /* 146@2x.png */ = {isa = PBXFileReference; lastKnownFileType = image.png; path = "146@2x.png"; sourceTree = "<group>"; };
		33078CC41D4B4EEF00367B1F /* 147@2x.png */ = {isa = PBXFileReference; lastKnownFileType = image.png; path = "147@2x.png"; sourceTree = "<group>"; };
		33078CC51D4B4EEF00367B1F /* 148@2x.png */ = {isa = PBXFileReference; lastKnownFileType = image.png; path = "148@2x.png"; sourceTree = "<group>"; };
		33078CC61D4B4EEF00367B1F /* 149@2x.png */ = {isa = PBXFileReference; lastKnownFileType = image.png; path = "149@2x.png"; sourceTree = "<group>"; };
		33078CC71D4B4EEF00367B1F /* 14@2x.png */ = {isa = PBXFileReference; lastKnownFileType = image.png; path = "14@2x.png"; sourceTree = "<group>"; };
		33078CC81D4B4EEF00367B1F /* 150@2x.png */ = {isa = PBXFileReference; lastKnownFileType = image.png; path = "150@2x.png"; sourceTree = "<group>"; };
		33078CC91D4B4EEF00367B1F /* 151@2x.png */ = {isa = PBXFileReference; lastKnownFileType = image.png; path = "151@2x.png"; sourceTree = "<group>"; };
		33078CCA1D4B4EEF00367B1F /* 15@2x.png */ = {isa = PBXFileReference; lastKnownFileType = image.png; path = "15@2x.png"; sourceTree = "<group>"; };
		33078CCB1D4B4EEF00367B1F /* 16@2x.png */ = {isa = PBXFileReference; lastKnownFileType = image.png; path = "16@2x.png"; sourceTree = "<group>"; };
		33078CCC1D4B4EEF00367B1F /* 17@2x.png */ = {isa = PBXFileReference; lastKnownFileType = image.png; path = "17@2x.png"; sourceTree = "<group>"; };
		33078CCD1D4B4EEF00367B1F /* 18@2x.png */ = {isa = PBXFileReference; lastKnownFileType = image.png; path = "18@2x.png"; sourceTree = "<group>"; };
		33078CCE1D4B4EEF00367B1F /* 19@2x.png */ = {isa = PBXFileReference; lastKnownFileType = image.png; path = "19@2x.png"; sourceTree = "<group>"; };
		33078CCF1D4B4EEF00367B1F /* 1@2x.png */ = {isa = PBXFileReference; lastKnownFileType = image.png; path = "1@2x.png"; sourceTree = "<group>"; };
		33078CD01D4B4EEF00367B1F /* 20@2x.png */ = {isa = PBXFileReference; lastKnownFileType = image.png; path = "20@2x.png"; sourceTree = "<group>"; };
		33078CD11D4B4EEF00367B1F /* 21@2x.png */ = {isa = PBXFileReference; lastKnownFileType = image.png; path = "21@2x.png"; sourceTree = "<group>"; };
		33078CD21D4B4EEF00367B1F /* 22@2x.png */ = {isa = PBXFileReference; lastKnownFileType = image.png; path = "22@2x.png"; sourceTree = "<group>"; };
		33078CD31D4B4EEF00367B1F /* 23@2x.png */ = {isa = PBXFileReference; lastKnownFileType = image.png; path = "23@2x.png"; sourceTree = "<group>"; };
		33078CD41D4B4EEF00367B1F /* 24@2x.png */ = {isa = PBXFileReference; lastKnownFileType = image.png; path = "24@2x.png"; sourceTree = "<group>"; };
		33078CD51D4B4EEF00367B1F /* 25@2x.png */ = {isa = PBXFileReference; lastKnownFileType = image.png; path = "25@2x.png"; sourceTree = "<group>"; };
		33078CD61D4B4EEF00367B1F /* 26@2x.png */ = {isa = PBXFileReference; lastKnownFileType = image.png; path = "26@2x.png"; sourceTree = "<group>"; };
		33078CD71D4B4EEF00367B1F /* 27@2x.png */ = {isa = PBXFileReference; lastKnownFileType = image.png; path = "27@2x.png"; sourceTree = "<group>"; };
		33078CD81D4B4EEF00367B1F /* 28@2x.png */ = {isa = PBXFileReference; lastKnownFileType = image.png; path = "28@2x.png"; sourceTree = "<group>"; };
		33078CD91D4B4EEF00367B1F /* 29@2x.png */ = {isa = PBXFileReference; lastKnownFileType = image.png; path = "29@2x.png"; sourceTree = "<group>"; };
		33078CDA1D4B4EEF00367B1F /* 2@2x.png */ = {isa = PBXFileReference; lastKnownFileType = image.png; path = "2@2x.png"; sourceTree = "<group>"; };
		33078CDB1D4B4EEF00367B1F /* 30@2x.png */ = {isa = PBXFileReference; lastKnownFileType = image.png; path = "30@2x.png"; sourceTree = "<group>"; };
		33078CDC1D4B4EEF00367B1F /* 31@2x.png */ = {isa = PBXFileReference; lastKnownFileType = image.png; path = "31@2x.png"; sourceTree = "<group>"; };
		33078CDD1D4B4EEF00367B1F /* 32@2x.png */ = {isa = PBXFileReference; lastKnownFileType = image.png; path = "32@2x.png"; sourceTree = "<group>"; };
		33078CDE1D4B4EEF00367B1F /* 33@2x.png */ = {isa = PBXFileReference; lastKnownFileType = image.png; path = "33@2x.png"; sourceTree = "<group>"; };
		33078CDF1D4B4EEF00367B1F /* 34@2x.png */ = {isa = PBXFileReference; lastKnownFileType = image.png; path = "34@2x.png"; sourceTree = "<group>"; };
		33078CE01D4B4EEF00367B1F /* 35@2x.png */ = {isa = PBXFileReference; lastKnownFileType = image.png; path = "35@2x.png"; sourceTree = "<group>"; };
		33078CE11D4B4EEF00367B1F /* 36@2x.png */ = {isa = PBXFileReference; lastKnownFileType = image.png; path = "36@2x.png"; sourceTree = "<group>"; };
		33078CE21D4B4EEF00367B1F /* 37@2x.png */ = {isa = PBXFileReference; lastKnownFileType = image.png; path = "37@2x.png"; sourceTree = "<group>"; };
		33078CE31D4B4EEF00367B1F /* 38@2x.png */ = {isa = PBXFileReference; lastKnownFileType = image.png; path = "38@2x.png"; sourceTree = "<group>"; };
		33078CE41D4B4EEF00367B1F /* 39@2x.png */ = {isa = PBXFileReference; lastKnownFileType = image.png; path = "39@2x.png"; sourceTree = "<group>"; };
		33078CE51D4B4EEF00367B1F /* 3@2x.png */ = {isa = PBXFileReference; lastKnownFileType = image.png; path = "3@2x.png"; sourceTree = "<group>"; };
		33078CE61D4B4EEF00367B1F /* 40@2x.png */ = {isa = PBXFileReference; lastKnownFileType = image.png; path = "40@2x.png"; sourceTree = "<group>"; };
		33078CE71D4B4EEF00367B1F /* 41@2x.png */ = {isa = PBXFileReference; lastKnownFileType = image.png; path = "41@2x.png"; sourceTree = "<group>"; };
		33078CE81D4B4EEF00367B1F /* 42@2x.png */ = {isa = PBXFileReference; lastKnownFileType = image.png; path = "42@2x.png"; sourceTree = "<group>"; };
		33078CE91D4B4EEF00367B1F /* 43@2x.png */ = {isa = PBXFileReference; lastKnownFileType = image.png; path = "43@2x.png"; sourceTree = "<group>"; };
		33078CEA1D4B4EEF00367B1F /* 44@2x.png */ = {isa = PBXFileReference; lastKnownFileType = image.png; path = "44@2x.png"; sourceTree = "<group>"; };
		33078CEB1D4B4EEF00367B1F /* 45@2x.png */ = {isa = PBXFileReference; lastKnownFileType = image.png; path = "45@2x.png"; sourceTree = "<group>"; };
		33078CEC1D4B4EEF00367B1F /* 46@2x.png */ = {isa = PBXFileReference; lastKnownFileType = image.png; path = "46@2x.png"; sourceTree = "<group>"; };
		33078CED1D4B4EEF00367B1F /* 47@2x.png */ = {isa = PBXFileReference; lastKnownFileType = image.png; path = "47@2x.png"; sourceTree = "<group>"; };
		33078CEE1D4B4EEF00367B1F /* 48@2x.png */ = {isa = PBXFileReference; lastKnownFileType = image.png; path = "48@2x.png"; sourceTree = "<group>"; };
		33078CEF1D4B4EEF00367B1F /* 49@2x.png */ = {isa = PBXFileReference; lastKnownFileType = image.png; path = "49@2x.png"; sourceTree = "<group>"; };
		33078CF01D4B4EEF00367B1F /* 4@2x.png */ = {isa = PBXFileReference; lastKnownFileType = image.png; path = "4@2x.png"; sourceTree = "<group>"; };
		33078CF11D4B4EEF00367B1F /* 50@2x.png */ = {isa = PBXFileReference; lastKnownFileType = image.png; path = "50@2x.png"; sourceTree = "<group>"; };
		33078CF21D4B4EEF00367B1F /* 51@2x.png */ = {isa = PBXFileReference; lastKnownFileType = image.png; path = "51@2x.png"; sourceTree = "<group>"; };
		33078CF31D4B4EEF00367B1F /* 52@2x.png */ = {isa = PBXFileReference; lastKnownFileType = image.png; path = "52@2x.png"; sourceTree = "<group>"; };
		33078CF41D4B4EEF00367B1F /* 53@2x.png */ = {isa = PBXFileReference; lastKnownFileType = image.png; path = "53@2x.png"; sourceTree = "<group>"; };
		33078CF51D4B4EEF00367B1F /* 54@2x.png */ = {isa = PBXFileReference; lastKnownFileType = image.png; path = "54@2x.png"; sourceTree = "<group>"; };
		33078CF61D4B4EEF00367B1F /* 55@2x.png */ = {isa = PBXFileReference; lastKnownFileType = image.png; path = "55@2x.png"; sourceTree = "<group>"; };
		33078CF71D4B4EEF00367B1F /* 56@2x.png */ = {isa = PBXFileReference; lastKnownFileType = image.png; path = "56@2x.png"; sourceTree = "<group>"; };
		33078CF81D4B4EEF00367B1F /* 57@2x.png */ = {isa = PBXFileReference; lastKnownFileType = image.png; path = "57@2x.png"; sourceTree = "<group>"; };
		33078CF91D4B4EEF00367B1F /* 58@2x.png */ = {isa = PBXFileReference; lastKnownFileType = image.png; path = "58@2x.png"; sourceTree = "<group>"; };
		33078CFA1D4B4EEF00367B1F /* 59@2x.png */ = {isa = PBXFileReference; lastKnownFileType = image.png; path = "59@2x.png"; sourceTree = "<group>"; };
		33078CFB1D4B4EEF00367B1F /* 5@2x.png */ = {isa = PBXFileReference; lastKnownFileType = image.png; path = "5@2x.png"; sourceTree = "<group>"; };
		33078CFC1D4B4EEF00367B1F /* 60@2x.png */ = {isa = PBXFileReference; lastKnownFileType = image.png; path = "60@2x.png"; sourceTree = "<group>"; };
		33078CFD1D4B4EEF00367B1F /* 61@2x.png */ = {isa = PBXFileReference; lastKnownFileType = image.png; path = "61@2x.png"; sourceTree = "<group>"; };
		33078CFE1D4B4EEF00367B1F /* 62@2x.png */ = {isa = PBXFileReference; lastKnownFileType = image.png; path = "62@2x.png"; sourceTree = "<group>"; };
		33078CFF1D4B4EEF00367B1F /* 63@2x.png */ = {isa = PBXFileReference; lastKnownFileType = image.png; path = "63@2x.png"; sourceTree = "<group>"; };
		33078D001D4B4EEF00367B1F /* 64@2x.png */ = {isa = PBXFileReference; lastKnownFileType = image.png; path = "64@2x.png"; sourceTree = "<group>"; };
		33078D011D4B4EEF00367B1F /* 65@2x.png */ = {isa = PBXFileReference; lastKnownFileType = image.png; path = "65@2x.png"; sourceTree = "<group>"; };
		33078D021D4B4EEF00367B1F /* 66@2x.png */ = {isa = PBXFileReference; lastKnownFileType = image.png; path = "66@2x.png"; sourceTree = "<group>"; };
		33078D031D4B4EEF00367B1F /* 67@2x.png */ = {isa = PBXFileReference; lastKnownFileType = image.png; path = "67@2x.png"; sourceTree = "<group>"; };
		33078D041D4B4EEF00367B1F /* 68@2x.png */ = {isa = PBXFileReference; lastKnownFileType = image.png; path = "68@2x.png"; sourceTree = "<group>"; };
		33078D051D4B4EEF00367B1F /* 69@2x.png */ = {isa = PBXFileReference; lastKnownFileType = image.png; path = "69@2x.png"; sourceTree = "<group>"; };
		33078D061D4B4EEF00367B1F /* 6@2x.png */ = {isa = PBXFileReference; lastKnownFileType = image.png; path = "6@2x.png"; sourceTree = "<group>"; };
		33078D071D4B4EEF00367B1F /* 70@2x.png */ = {isa = PBXFileReference; lastKnownFileType = image.png; path = "70@2x.png"; sourceTree = "<group>"; };
		33078D081D4B4EEF00367B1F /* 71@2x.png */ = {isa = PBXFileReference; lastKnownFileType = image.png; path = "71@2x.png"; sourceTree = "<group>"; };
		33078D091D4B4EEF00367B1F /* 72@2x.png */ = {isa = PBXFileReference; lastKnownFileType = image.png; path = "72@2x.png"; sourceTree = "<group>"; };
		33078D0A1D4B4EEF00367B1F /* 73@2x.png */ = {isa = PBXFileReference; lastKnownFileType = image.png; path = "73@2x.png"; sourceTree = "<group>"; };
		33078D0B1D4B4EEF00367B1F /* 74@2x.png */ = {isa = PBXFileReference; lastKnownFileType = image.png; path = "74@2x.png"; sourceTree = "<group>"; };
		33078D0C1D4B4EEF00367B1F /* 75@2x.png */ = {isa = PBXFileReference; lastKnownFileType = image.png; path = "75@2x.png"; sourceTree = "<group>"; };
		33078D0D1D4B4EEF00367B1F /* 76@2x.png */ = {isa = PBXFileReference; lastKnownFileType = image.png; path = "76@2x.png"; sourceTree = "<group>"; };
		33078D0E1D4B4EEF00367B1F /* 77@2x.png */ = {isa = PBXFileReference; lastKnownFileType = image.png; path = "77@2x.png"; sourceTree = "<group>"; };
		33078D0F1D4B4EEF00367B1F /* 78@2x.png */ = {isa = PBXFileReference; lastKnownFileType = image.png; path = "78@2x.png"; sourceTree = "<group>"; };
		33078D101D4B4EEF00367B1F /* 79@2x.png */ = {isa = PBXFileReference; lastKnownFileType = image.png; path = "79@2x.png"; sourceTree = "<group>"; };
		33078D111D4B4EEF00367B1F /* 7@2x.png */ = {isa = PBXFileReference; lastKnownFileType = image.png; path = "7@2x.png"; sourceTree = "<group>"; };
		33078D121D4B4EEF00367B1F /* 80@2x.png */ = {isa = PBXFileReference; lastKnownFileType = image.png; path = "80@2x.png"; sourceTree = "<group>"; };
		33078D131D4B4EEF00367B1F /* 81@2x.png */ = {isa = PBXFileReference; lastKnownFileType = image.png; path = "81@2x.png"; sourceTree = "<group>"; };
		33078D141D4B4EEF00367B1F /* 82@2x.png */ = {isa = PBXFileReference; lastKnownFileType = image.png; path = "82@2x.png"; sourceTree = "<group>"; };
		33078D151D4B4EEF00367B1F /* 83@2x.png */ = {isa = PBXFileReference; lastKnownFileType = image.png; path = "83@2x.png"; sourceTree = "<group>"; };
		33078D161D4B4EEF00367B1F /* 84@2x.png */ = {isa = PBXFileReference; lastKnownFileType = image.png; path = "84@2x.png"; sourceTree = "<group>"; };
		33078D171D4B4EEF00367B1F /* 85@2x.png */ = {isa = PBXFileReference; lastKnownFileType = image.png; path = "85@2x.png"; sourceTree = "<group>"; };
		33078D181D4B4EEF00367B1F /* 86@2x.png */ = {isa = PBXFileReference; lastKnownFileType = image.png; path = "86@2x.png"; sourceTree = "<group>"; };
		33078D191D4B4EEF00367B1F /* 87@2x.png */ = {isa = PBXFileReference; lastKnownFileType = image.png; path = "87@2x.png"; sourceTree = "<group>"; };
		33078D1A1D4B4EEF00367B1F /* 88@2x.png */ = {isa = PBXFileReference; lastKnownFileType = image.png; path = "88@2x.png"; sourceTree = "<group>"; };
		33078D1B1D4B4EEF00367B1F /* 89@2x.png */ = {isa = PBXFileReference; lastKnownFileType = image.png; path = "89@2x.png"; sourceTree = "<group>"; };
		33078D1C1D4B4EEF00367B1F /* 8@2x.png */ = {isa = PBXFileReference; lastKnownFileType = image.png; path = "8@2x.png"; sourceTree = "<group>"; };
		33078D1D1D4B4EEF00367B1F /* 90@2x.png */ = {isa = PBXFileReference; lastKnownFileType = image.png; path = "90@2x.png"; sourceTree = "<group>"; };
		33078D1E1D4B4EEF00367B1F /* 91@2x.png */ = {isa = PBXFileReference; lastKnownFileType = image.png; path = "91@2x.png"; sourceTree = "<group>"; };
		33078D1F1D4B4EEF00367B1F /* 92@2x.png */ = {isa = PBXFileReference; lastKnownFileType = image.png; path = "92@2x.png"; sourceTree = "<group>"; };
		33078D201D4B4EEF00367B1F /* 93@2x.png */ = {isa = PBXFileReference; lastKnownFileType = image.png; path = "93@2x.png"; sourceTree = "<group>"; };
		33078D211D4B4EEF00367B1F /* 94@2x.png */ = {isa = PBXFileReference; lastKnownFileType = image.png; path = "94@2x.png"; sourceTree = "<group>"; };
		33078D221D4B4EEF00367B1F /* 95@2x.png */ = {isa = PBXFileReference; lastKnownFileType = image.png; path = "95@2x.png"; sourceTree = "<group>"; };
		33078D231D4B4EEF00367B1F /* 96@2x.png */ = {isa = PBXFileReference; lastKnownFileType = image.png; path = "96@2x.png"; sourceTree = "<group>"; };
		33078D241D4B4EEF00367B1F /* 97@2x.png */ = {isa = PBXFileReference; lastKnownFileType = image.png; path = "97@2x.png"; sourceTree = "<group>"; };
		33078D251D4B4EEF00367B1F /* 98@2x.png */ = {isa = PBXFileReference; lastKnownFileType = image.png; path = "98@2x.png"; sourceTree = "<group>"; };
		33078D261D4B4EEF00367B1F /* 99@2x.png */ = {isa = PBXFileReference; lastKnownFileType = image.png; path = "99@2x.png"; sourceTree = "<group>"; };
		33078D271D4B4EEF00367B1F /* 9@2x.png */ = {isa = PBXFileReference; lastKnownFileType = image.png; path = "9@2x.png"; sourceTree = "<group>"; };
		3388D0C81D49B839009BC34B /* Poke Hunter.app */ = {isa = PBXFileReference; explicitFileType = wrapper.application; includeInIndex = 0; path = "Poke Hunter.app"; sourceTree = BUILT_PRODUCTS_DIR; };
		3388D0CC1D49B839009BC34B /* main.m */ = {isa = PBXFileReference; lastKnownFileType = sourcecode.c.objc; path = main.m; sourceTree = "<group>"; };
		3388D0CE1D49B839009BC34B /* AppDelegate.h */ = {isa = PBXFileReference; lastKnownFileType = sourcecode.c.h; path = AppDelegate.h; sourceTree = "<group>"; };
		3388D0CF1D49B839009BC34B /* AppDelegate.m */ = {isa = PBXFileReference; lastKnownFileType = sourcecode.c.objc; path = AppDelegate.m; sourceTree = "<group>"; };
		3388D0D51D49B839009BC34B /* Base */ = {isa = PBXFileReference; lastKnownFileType = file.storyboard; name = Base; path = Base.lproj/Main.storyboard; sourceTree = "<group>"; };
		3388D0D71D49B839009BC34B /* Assets.xcassets */ = {isa = PBXFileReference; lastKnownFileType = folder.assetcatalog; path = Assets.xcassets; sourceTree = "<group>"; };
		3388D0DA1D49B839009BC34B /* Base */ = {isa = PBXFileReference; lastKnownFileType = file.storyboard; name = Base; path = Base.lproj/LaunchScreen.storyboard; sourceTree = "<group>"; };
		3388D0DC1D49B839009BC34B /* Info.plist */ = {isa = PBXFileReference; lastKnownFileType = text.plist.xml; path = Info.plist; sourceTree = "<group>"; };
		5C6F06C0F824EF7C481B4870 /* Pods-Poke Hunter.debug.xcconfig */ = {isa = PBXFileReference; includeInIndex = 1; lastKnownFileType = text.xcconfig; name = "Pods-Poke Hunter.debug.xcconfig"; path = "Pods/Target Support Files/Pods-Poke Hunter/Pods-Poke Hunter.debug.xcconfig"; sourceTree = "<group>"; };
		940F60965D0BB8327A1B79B7 /* Pods-Poke Hunter.release.xcconfig */ = {isa = PBXFileReference; includeInIndex = 1; lastKnownFileType = text.xcconfig; name = "Pods-Poke Hunter.release.xcconfig"; path = "Pods/Target Support Files/Pods-Poke Hunter/Pods-Poke Hunter.release.xcconfig"; sourceTree = "<group>"; };
		DC68C8CFF6AC0B5D24B5C651 /* Pods_Poke_Hunter.framework */ = {isa = PBXFileReference; explicitFileType = wrapper.framework; includeInIndex = 0; path = Pods_Poke_Hunter.framework; sourceTree = BUILT_PRODUCTS_DIR; };
/* End PBXFileReference section */

/* Begin PBXFrameworksBuildPhase section */
		3388D0C51D49B839009BC34B /* Frameworks */ = {
			isa = PBXFrameworksBuildPhase;
			buildActionMask = 2147483647;
			files = (
				7D7E396BB185CDBB647DA07C /* Pods_Poke_Hunter.framework in Frameworks */,
			);
			runOnlyForDeploymentPostprocessing = 0;
		};
/* End PBXFrameworksBuildPhase section */

/* Begin PBXGroup section */
		33078C901D4B4EEF00367B1F /* pokepngs */ = {
			isa = PBXGroup;
			children = (
				33078C911D4B4EEF00367B1F /* 100@2x.png */,
				33078C921D4B4EEF00367B1F /* 101@2x.png */,
				33078C931D4B4EEF00367B1F /* 102@2x.png */,
				33078C941D4B4EEF00367B1F /* 103@2x.png */,
				33078C951D4B4EEF00367B1F /* 104@2x.png */,
				33078C961D4B4EEF00367B1F /* 105@2x.png */,
				33078C971D4B4EEF00367B1F /* 106@2x.png */,
				33078C981D4B4EEF00367B1F /* 107@2x.png */,
				33078C991D4B4EEF00367B1F /* 108@2x.png */,
				33078C9A1D4B4EEF00367B1F /* 109@2x.png */,
				33078C9B1D4B4EEF00367B1F /* 10@2x.png */,
				33078C9C1D4B4EEF00367B1F /* 110@2x.png */,
				33078C9D1D4B4EEF00367B1F /* 111@2x.png */,
				33078C9E1D4B4EEF00367B1F /* 112@2x.png */,
				33078C9F1D4B4EEF00367B1F /* 113@2x.png */,
				33078CA01D4B4EEF00367B1F /* 114@2x.png */,
				33078CA11D4B4EEF00367B1F /* 115@2x.png */,
				33078CA21D4B4EEF00367B1F /* 116@2x.png */,
				33078CA31D4B4EEF00367B1F /* 117@2x.png */,
				33078CA41D4B4EEF00367B1F /* 118@2x.png */,
				33078CA51D4B4EEF00367B1F /* 119@2x.png */,
				33078CA61D4B4EEF00367B1F /* 11@2x.png */,
				33078CA71D4B4EEF00367B1F /* 120@2x.png */,
				33078CA81D4B4EEF00367B1F /* 121@2x.png */,
				33078CA91D4B4EEF00367B1F /* 122@2x.png */,
				33078CAA1D4B4EEF00367B1F /* 123@2x.png */,
				33078CAB1D4B4EEF00367B1F /* 124@2x.png */,
				33078CAC1D4B4EEF00367B1F /* 125@2x.png */,
				33078CAD1D4B4EEF00367B1F /* 126@2x.png */,
				33078CAE1D4B4EEF00367B1F /* 127@2x.png */,
				33078CAF1D4B4EEF00367B1F /* 128@2x.png */,
				33078CB01D4B4EEF00367B1F /* 129@2x.png */,
				33078CB11D4B4EEF00367B1F /* 12@2x.png */,
				33078CB21D4B4EEF00367B1F /* 130@2x.png */,
				33078CB31D4B4EEF00367B1F /* 131@2x.png */,
				33078CB41D4B4EEF00367B1F /* 132@2x.png */,
				33078CB51D4B4EEF00367B1F /* 133@2x.png */,
				33078CB61D4B4EEF00367B1F /* 134@2x.png */,
				33078CB71D4B4EEF00367B1F /* 135@2x.png */,
				33078CB81D4B4EEF00367B1F /* 136@2x.png */,
				33078CB91D4B4EEF00367B1F /* 137@2x.png */,
				33078CBA1D4B4EEF00367B1F /* 138@2x.png */,
				33078CBB1D4B4EEF00367B1F /* 139@2x.png */,
				33078CBC1D4B4EEF00367B1F /* 13@2x.png */,
				33078CBD1D4B4EEF00367B1F /* 140@2x.png */,
				33078CBE1D4B4EEF00367B1F /* 141@2x.png */,
				33078CBF1D4B4EEF00367B1F /* 142@2x.png */,
				33078CC01D4B4EEF00367B1F /* 143@2x.png */,
				33078CC11D4B4EEF00367B1F /* 144@2x.png */,
				33078CC21D4B4EEF00367B1F /* 145@2x.png */,
				33078CC31D4B4EEF00367B1F /* 146@2x.png */,
				33078CC41D4B4EEF00367B1F /* 147@2x.png */,
				33078CC51D4B4EEF00367B1F /* 148@2x.png */,
				33078CC61D4B4EEF00367B1F /* 149@2x.png */,
				33078CC71D4B4EEF00367B1F /* 14@2x.png */,
				33078CC81D4B4EEF00367B1F /* 150@2x.png */,
				33078CC91D4B4EEF00367B1F /* 151@2x.png */,
				33078CCA1D4B4EEF00367B1F /* 15@2x.png */,
				33078CCB1D4B4EEF00367B1F /* 16@2x.png */,
				33078CCC1D4B4EEF00367B1F /* 17@2x.png */,
				33078CCD1D4B4EEF00367B1F /* 18@2x.png */,
				33078CCE1D4B4EEF00367B1F /* 19@2x.png */,
				33078CCF1D4B4EEF00367B1F /* 1@2x.png */,
				33078CD01D4B4EEF00367B1F /* 20@2x.png */,
				33078CD11D4B4EEF00367B1F /* 21@2x.png */,
				33078CD21D4B4EEF00367B1F /* 22@2x.png */,
				33078CD31D4B4EEF00367B1F /* 23@2x.png */,
				33078CD41D4B4EEF00367B1F /* 24@2x.png */,
				33078CD51D4B4EEF00367B1F /* 25@2x.png */,
				33078CD61D4B4EEF00367B1F /* 26@2x.png */,
				33078CD71D4B4EEF00367B1F /* 27@2x.png */,
				33078CD81D4B4EEF00367B1F /* 28@2x.png */,
				33078CD91D4B4EEF00367B1F /* 29@2x.png */,
				33078CDA1D4B4EEF00367B1F /* 2@2x.png */,
				33078CDB1D4B4EEF00367B1F /* 30@2x.png */,
				33078CDC1D4B4EEF00367B1F /* 31@2x.png */,
				33078CDD1D4B4EEF00367B1F /* 32@2x.png */,
				33078CDE1D4B4EEF00367B1F /* 33@2x.png */,
				33078CDF1D4B4EEF00367B1F /* 34@2x.png */,
				33078CE01D4B4EEF00367B1F /* 35@2x.png */,
				33078CE11D4B4EEF00367B1F /* 36@2x.png */,
				33078CE21D4B4EEF00367B1F /* 37@2x.png */,
				33078CE31D4B4EEF00367B1F /* 38@2x.png */,
				33078CE41D4B4EEF00367B1F /* 39@2x.png */,
				33078CE51D4B4EEF00367B1F /* 3@2x.png */,
				33078CE61D4B4EEF00367B1F /* 40@2x.png */,
				33078CE71D4B4EEF00367B1F /* 41@2x.png */,
				33078CE81D4B4EEF00367B1F /* 42@2x.png */,
				33078CE91D4B4EEF00367B1F /* 43@2x.png */,
				33078CEA1D4B4EEF00367B1F /* 44@2x.png */,
				33078CEB1D4B4EEF00367B1F /* 45@2x.png */,
				33078CEC1D4B4EEF00367B1F /* 46@2x.png */,
				33078CED1D4B4EEF00367B1F /* 47@2x.png */,
				33078CEE1D4B4EEF00367B1F /* 48@2x.png */,
				33078CEF1D4B4EEF00367B1F /* 49@2x.png */,
				33078CF01D4B4EEF00367B1F /* 4@2x.png */,
				33078CF11D4B4EEF00367B1F /* 50@2x.png */,
				33078CF21D4B4EEF00367B1F /* 51@2x.png */,
				33078CF31D4B4EEF00367B1F /* 52@2x.png */,
				33078CF41D4B4EEF00367B1F /* 53@2x.png */,
				33078CF51D4B4EEF00367B1F /* 54@2x.png */,
				33078CF61D4B4EEF00367B1F /* 55@2x.png */,
				33078CF71D4B4EEF00367B1F /* 56@2x.png */,
				33078CF81D4B4EEF00367B1F /* 57@2x.png */,
				33078CF91D4B4EEF00367B1F /* 58@2x.png */,
				33078CFA1D4B4EEF00367B1F /* 59@2x.png */,
				33078CFB1D4B4EEF00367B1F /* 5@2x.png */,
				33078CFC1D4B4EEF00367B1F /* 60@2x.png */,
				33078CFD1D4B4EEF00367B1F /* 61@2x.png */,
				33078CFE1D4B4EEF00367B1F /* 62@2x.png */,
				33078CFF1D4B4EEF00367B1F /* 63@2x.png */,
				33078D001D4B4EEF00367B1F /* 64@2x.png */,
				33078D011D4B4EEF00367B1F /* 65@2x.png */,
				33078D021D4B4EEF00367B1F /* 66@2x.png */,
				33078D031D4B4EEF00367B1F /* 67@2x.png */,
				33078D041D4B4EEF00367B1F /* 68@2x.png */,
				33078D051D4B4EEF00367B1F /* 69@2x.png */,
				33078D061D4B4EEF00367B1F /* 6@2x.png */,
				33078D071D4B4EEF00367B1F /* 70@2x.png */,
				33078D081D4B4EEF00367B1F /* 71@2x.png */,
				33078D091D4B4EEF00367B1F /* 72@2x.png */,
				33078D0A1D4B4EEF00367B1F /* 73@2x.png */,
				33078D0B1D4B4EEF00367B1F /* 74@2x.png */,
				33078D0C1D4B4EEF00367B1F /* 75@2x.png */,
				33078D0D1D4B4EEF00367B1F /* 76@2x.png */,
				33078D0E1D4B4EEF00367B1F /* 77@2x.png */,
				33078D0F1D4B4EEF00367B1F /* 78@2x.png */,
				33078D101D4B4EEF00367B1F /* 79@2x.png */,
				33078D111D4B4EEF00367B1F /* 7@2x.png */,
				33078D121D4B4EEF00367B1F /* 80@2x.png */,
				33078D131D4B4EEF00367B1F /* 81@2x.png */,
				33078D141D4B4EEF00367B1F /* 82@2x.png */,
				33078D151D4B4EEF00367B1F /* 83@2x.png */,
				33078D161D4B4EEF00367B1F /* 84@2x.png */,
				33078D171D4B4EEF00367B1F /* 85@2x.png */,
				33078D181D4B4EEF00367B1F /* 86@2x.png */,
				33078D191D4B4EEF00367B1F /* 87@2x.png */,
				33078D1A1D4B4EEF00367B1F /* 88@2x.png */,
				33078D1B1D4B4EEF00367B1F /* 89@2x.png */,
				33078D1C1D4B4EEF00367B1F /* 8@2x.png */,
				33078D1D1D4B4EEF00367B1F /* 90@2x.png */,
				33078D1E1D4B4EEF00367B1F /* 91@2x.png */,
				33078D1F1D4B4EEF00367B1F /* 92@2x.png */,
				33078D201D4B4EEF00367B1F /* 93@2x.png */,
				33078D211D4B4EEF00367B1F /* 94@2x.png */,
				33078D221D4B4EEF00367B1F /* 95@2x.png */,
				33078D231D4B4EEF00367B1F /* 96@2x.png */,
				33078D241D4B4EEF00367B1F /* 97@2x.png */,
				33078D251D4B4EEF00367B1F /* 98@2x.png */,
				33078D261D4B4EEF00367B1F /* 99@2x.png */,
				33078D271D4B4EEF00367B1F /* 9@2x.png */,
			);
			path = pokepngs;
			sourceTree = "<group>";
		};
		3388D0BF1D49B839009BC34B = {
			isa = PBXGroup;
			children = (
				33078C901D4B4EEF00367B1F /* pokepngs */,
				33078B581D4A2FBD00367B1F /* BasicMapAnnotation.h */,
				33078B591D4A2FBD00367B1F /* BasicMapAnnotation.m */,
				33078B511D49CE0A00367B1F /* help@2x.png */,
				33078B521D49CE0A00367B1F /* scan@2x.png */,
				33078B4F1D49CA8500367B1F /* Search@2x.png */,
				33078B4C1D49C5A700367B1F /* APIClient.h */,
				33078B4D1D49C5A700367B1F /* APIClient.m */,
				33078B481D49C45800367B1F /* PokeHunter.pch */,
				33078B491D49C51700367B1F /* CALayer+XibConfiguration.m */,
				33078B4A1D49C51700367B1F /* CALayer+XibConfiguration.h */,
				3388D0CA1D49B839009BC34B /* Poke Hunter */,
				3388D0C91D49B839009BC34B /* Products */,
				B5BD72C123512C553EDEDFA7 /* Pods */,
				6A7EDB9558F289299646CE8C /* Frameworks */,
			);
			sourceTree = "<group>";
		};
		3388D0C91D49B839009BC34B /* Products */ = {
			isa = PBXGroup;
			children = (
				3388D0C81D49B839009BC34B /* Poke Hunter.app */,
			);
			name = Products;
			sourceTree = "<group>";
		};
		3388D0CA1D49B839009BC34B /* Poke Hunter */ = {
			isa = PBXGroup;
			children = (
				33078B461D49C3D700367B1F /* GoogleService-Info.plist */,
				3388D0CE1D49B839009BC34B /* AppDelegate.h */,
				3388D0CF1D49B839009BC34B /* AppDelegate.m */,
				33078B551D49D91300367B1F /* Map.h */,
				33078B561D49D91300367B1F /* Map.m */,
				3388D0D41D49B839009BC34B /* Main.storyboard */,
				3388D0D71D49B839009BC34B /* Assets.xcassets */,
				3388D0D91D49B839009BC34B /* LaunchScreen.storyboard */,
				3388D0DC1D49B839009BC34B /* Info.plist */,
				3388D0CB1D49B839009BC34B /* Supporting Files */,
			);
			path = "Poke Hunter";
			sourceTree = "<group>";
		};
		3388D0CB1D49B839009BC34B /* Supporting Files */ = {
			isa = PBXGroup;
			children = (
				3388D0CC1D49B839009BC34B /* main.m */,
			);
			name = "Supporting Files";
			sourceTree = "<group>";
		};
		6A7EDB9558F289299646CE8C /* Frameworks */ = {
			isa = PBXGroup;
			children = (
				DC68C8CFF6AC0B5D24B5C651 /* Pods_Poke_Hunter.framework */,
			);
			name = Frameworks;
			sourceTree = "<group>";
		};
		B5BD72C123512C553EDEDFA7 /* Pods */ = {
			isa = PBXGroup;
			children = (
				5C6F06C0F824EF7C481B4870 /* Pods-Poke Hunter.debug.xcconfig */,
				940F60965D0BB8327A1B79B7 /* Pods-Poke Hunter.release.xcconfig */,
			);
			name = Pods;
			sourceTree = "<group>";
		};
/* End PBXGroup section */

/* Begin PBXNativeTarget section */
		3388D0C71D49B839009BC34B /* Poke Hunter */ = {
			isa = PBXNativeTarget;
			buildConfigurationList = 3388D0DF1D49B839009BC34B /* Build configuration list for PBXNativeTarget "Poke Hunter" */;
			buildPhases = (
				0C431CFCFC79339CC0F9BDFC /* 📦 Check Pods Manifest.lock */,
				3388D0C41D49B839009BC34B /* Sources */,
				3388D0C51D49B839009BC34B /* Frameworks */,
				3388D0C61D49B839009BC34B /* Resources */,
				DF7F00DAEF28A4AC02C30FB5 /* 📦 Embed Pods Frameworks */,
				6D6DB848D17F13FCC53202F3 /* 📦 Copy Pods Resources */,
			);
			buildRules = (
			);
			dependencies = (
			);
			name = "Poke Hunter";
			productName = "Poke Hunter";
			productReference = 3388D0C81D49B839009BC34B /* Poke Hunter.app */;
			productType = "com.apple.product-type.application";
		};
/* End PBXNativeTarget section */

/* Begin PBXProject section */
		3388D0C01D49B839009BC34B /* Project object */ = {
			isa = PBXProject;
			attributes = {
				LastUpgradeCheck = 0730;
				ORGANIZATIONNAME = "iToyToy Limited";
				TargetAttributes = {
					3388D0C71D49B839009BC34B = {
						CreatedOnToolsVersion = 7.3;
					};
				};
			};
			buildConfigurationList = 3388D0C31D49B839009BC34B /* Build configuration list for PBXProject "Poke Hunter" */;
			compatibilityVersion = "Xcode 3.2";
			developmentRegion = English;
			hasScannedForEncodings = 0;
			knownRegions = (
				en,
				Base,
			);
			mainGroup = 3388D0BF1D49B839009BC34B;
			productRefGroup = 3388D0C91D49B839009BC34B /* Products */;
			projectDirPath = "";
			projectRoot = "";
			targets = (
				3388D0C71D49B839009BC34B /* Poke Hunter */,
			);
		};
/* End PBXProject section */

/* Begin PBXResourcesBuildPhase section */
		3388D0C61D49B839009BC34B /* Resources */ = {
			isa = PBXResourcesBuildPhase;
			buildActionMask = 2147483647;
			files = (
				33078D7C1D4B4EEF00367B1F /* 3@2x.png in Resources */,
				33078D751D4B4EEF00367B1F /* 33@2x.png in Resources */,
				33078D711D4B4EEF00367B1F /* 2@2x.png in Resources */,
				33078D301D4B4EEF00367B1F /* 108@2x.png in Resources */,
				33078D2E1D4B4EEF00367B1F /* 106@2x.png in Resources */,
				33078D4B1D4B4EEF00367B1F /* 132@2x.png in Resources */,
				33078DB31D4B4EEF00367B1F /* 8@2x.png in Resources */,
				33078D621D4B4EEF00367B1F /* 16@2x.png in Resources */,
				33078D4D1D4B4EEF00367B1F /* 134@2x.png in Resources */,
				33078D3C1D4B4EEF00367B1F /* 119@2x.png in Resources */,
				33078DB91D4B4EEF00367B1F /* 95@2x.png in Resources */,
				33078DBB1D4B4EEF00367B1F /* 97@2x.png in Resources */,
				33078DAC1D4B4EEF00367B1F /* 83@2x.png in Resources */,
				33078D3F1D4B4EEF00367B1F /* 121@2x.png in Resources */,
				33078D6E1D4B4EEF00367B1F /* 27@2x.png in Resources */,
				33078D281D4B4EEF00367B1F /* 100@2x.png in Resources */,
				33078D7D1D4B4EEF00367B1F /* 40@2x.png in Resources */,
				3388D0DB1D49B839009BC34B /* LaunchScreen.storyboard in Resources */,
				33078D971D4B4EEF00367B1F /* 64@2x.png in Resources */,
				33078D951D4B4EEF00367B1F /* 62@2x.png in Resources */,
				33078D561D4B4EEF00367B1F /* 142@2x.png in Resources */,
				33078D731D4B4EEF00367B1F /* 31@2x.png in Resources */,
				33078D2A1D4B4EEF00367B1F /* 102@2x.png in Resources */,
				33078D841D4B4EEF00367B1F /* 47@2x.png in Resources */,
				33078DB01D4B4EEF00367B1F /* 87@2x.png in Resources */,
				33078DA81D4B4EEF00367B1F /* 7@2x.png in Resources */,
				33078D2D1D4B4EEF00367B1F /* 105@2x.png in Resources */,
				33078D901D4B4EEF00367B1F /* 58@2x.png in Resources */,
				33078D8F1D4B4EEF00367B1F /* 57@2x.png in Resources */,
				33078D941D4B4EEF00367B1F /* 61@2x.png in Resources */,
				33078D891D4B4EEF00367B1F /* 51@2x.png in Resources */,
				33078D981D4B4EEF00367B1F /* 65@2x.png in Resources */,
				33078D831D4B4EEF00367B1F /* 46@2x.png in Resources */,
				33078D3A1D4B4EEF00367B1F /* 117@2x.png in Resources */,
				33078D7E1D4B4EEF00367B1F /* 41@2x.png in Resources */,
				33078D491D4B4EEF00367B1F /* 130@2x.png in Resources */,
				33078D791D4B4EEF00367B1F /* 37@2x.png in Resources */,
				33078D541D4B4EEF00367B1F /* 140@2x.png in Resources */,
				33078DA71D4B4EEF00367B1F /* 79@2x.png in Resources */,
				33078D431D4B4EEF00367B1F /* 125@2x.png in Resources */,
				33078D9C1D4B4EEF00367B1F /* 69@2x.png in Resources */,
				33078D851D4B4EEF00367B1F /* 48@2x.png in Resources */,
				33078D381D4B4EEF00367B1F /* 115@2x.png in Resources */,
				33078D9A1D4B4EEF00367B1F /* 67@2x.png in Resources */,
				33078D341D4B4EEF00367B1F /* 111@2x.png in Resources */,
				33078D571D4B4EEF00367B1F /* 143@2x.png in Resources */,
				33078D641D4B4EEF00367B1F /* 18@2x.png in Resources */,
				33078D5B1D4B4EEF00367B1F /* 147@2x.png in Resources */,
				33078D6C1D4B4EEF00367B1F /* 25@2x.png in Resources */,
				33078D861D4B4EEF00367B1F /* 49@2x.png in Resources */,
				33078D2B1D4B4EEF00367B1F /* 103@2x.png in Resources */,
				33078D881D4B4EEF00367B1F /* 50@2x.png in Resources */,
				33078D2C1D4B4EEF00367B1F /* 104@2x.png in Resources */,
				33078DAE1D4B4EEF00367B1F /* 85@2x.png in Resources */,
				33078DB21D4B4EEF00367B1F /* 89@2x.png in Resources */,
				33078DBD1D4B4EEF00367B1F /* 99@2x.png in Resources */,
				33078D351D4B4EEF00367B1F /* 112@2x.png in Resources */,
				33078D5F1D4B4EEF00367B1F /* 150@2x.png in Resources */,
				33078D521D4B4EEF00367B1F /* 139@2x.png in Resources */,
				33078D501D4B4EEF00367B1F /* 137@2x.png in Resources */,
				33078D2F1D4B4EEF00367B1F /* 107@2x.png in Resources */,
				33078DAD1D4B4EEF00367B1F /* 84@2x.png in Resources */,
				33078DB81D4B4EEF00367B1F /* 94@2x.png in Resources */,
				33078DA31D4B4EEF00367B1F /* 75@2x.png in Resources */,
				33078D721D4B4EEF00367B1F /* 30@2x.png in Resources */,
				33078DB61D4B4EEF00367B1F /* 92@2x.png in Resources */,
				33078D5D1D4B4EEF00367B1F /* 149@2x.png in Resources */,
				33078D811D4B4EEF00367B1F /* 44@2x.png in Resources */,
				33078DAA1D4B4EEF00367B1F /* 81@2x.png in Resources */,
				33078D921D4B4EEF00367B1F /* 5@2x.png in Resources */,
				33078D531D4B4EEF00367B1F /* 13@2x.png in Resources */,
				33078D5E1D4B4EEF00367B1F /* 14@2x.png in Resources */,
				33078D701D4B4EEF00367B1F /* 29@2x.png in Resources */,
				33078D441D4B4EEF00367B1F /* 126@2x.png in Resources */,
				33078DAB1D4B4EEF00367B1F /* 82@2x.png in Resources */,
				33078D4A1D4B4EEF00367B1F /* 131@2x.png in Resources */,
				33078D651D4B4EEF00367B1F /* 19@2x.png in Resources */,
				33078D801D4B4EEF00367B1F /* 43@2x.png in Resources */,
				33078D481D4B4EEF00367B1F /* 12@2x.png in Resources */,
				33078B471D49C3D700367B1F /* GoogleService-Info.plist in Resources */,
				33078D371D4B4EEF00367B1F /* 114@2x.png in Resources */,
				33078D6F1D4B4EEF00367B1F /* 28@2x.png in Resources */,
				33078DA61D4B4EEF00367B1F /* 78@2x.png in Resources */,
				33078D471D4B4EEF00367B1F /* 129@2x.png in Resources */,
				33078D931D4B4EEF00367B1F /* 60@2x.png in Resources */,
				33078D5C1D4B4EEF00367B1F /* 148@2x.png in Resources */,
				33078B501D49CA8500367B1F /* Search@2x.png in Resources */,
				33078D6D1D4B4EEF00367B1F /* 26@2x.png in Resources */,
				33078D3D1D4B4EEF00367B1F /* 11@2x.png in Resources */,
				33078D4C1D4B4EEF00367B1F /* 133@2x.png in Resources */,
				33078D5A1D4B4EEF00367B1F /* 146@2x.png in Resources */,
				33078D451D4B4EEF00367B1F /* 127@2x.png in Resources */,
				33078DBC1D4B4EEF00367B1F /* 98@2x.png in Resources */,
				33078D821D4B4EEF00367B1F /* 45@2x.png in Resources */,
				33078D611D4B4EEF00367B1F /* 15@2x.png in Resources */,
				33078D9E1D4B4EEF00367B1F /* 70@2x.png in Resources */,
				33078D8D1D4B4EEF00367B1F /* 55@2x.png in Resources */,
				33078DA01D4B4EEF00367B1F /* 72@2x.png in Resources */,
				33078D591D4B4EEF00367B1F /* 145@2x.png in Resources */,
				33078D961D4B4EEF00367B1F /* 63@2x.png in Resources */,
				33078DA41D4B4EEF00367B1F /* 76@2x.png in Resources */,
				33078DA51D4B4EEF00367B1F /* 77@2x.png in Resources */,
				33078D991D4B4EEF00367B1F /* 66@2x.png in Resources */,
				33078D291D4B4EEF00367B1F /* 101@2x.png in Resources */,
				33078D771D4B4EEF00367B1F /* 35@2x.png in Resources */,
				33078D9B1D4B4EEF00367B1F /* 68@2x.png in Resources */,
				33078D691D4B4EEF00367B1F /* 22@2x.png in Resources */,
				33078DB71D4B4EEF00367B1F /* 93@2x.png in Resources */,
				33078D8B1D4B4EEF00367B1F /* 53@2x.png in Resources */,
				33078DAF1D4B4EEF00367B1F /* 86@2x.png in Resources */,
				3388D0D81D49B839009BC34B /* Assets.xcassets in Resources */,
				33078D9D1D4B4EEF00367B1F /* 6@2x.png in Resources */,
				33078D3E1D4B4EEF00367B1F /* 120@2x.png in Resources */,
				33078D681D4B4EEF00367B1F /* 21@2x.png in Resources */,
				33078D3B1D4B4EEF00367B1F /* 118@2x.png in Resources */,
				33078D331D4B4EEF00367B1F /* 110@2x.png in Resources */,
				33078D7B1D4B4EEF00367B1F /* 39@2x.png in Resources */,
				33078D361D4B4EEF00367B1F /* 113@2x.png in Resources */,
				33078DB11D4B4EEF00367B1F /* 88@2x.png in Resources */,
				33078D8C1D4B4EEF00367B1F /* 54@2x.png in Resources */,
				33078D7A1D4B4EEF00367B1F /* 38@2x.png in Resources */,
				33078DA11D4B4EEF00367B1F /* 73@2x.png in Resources */,
				33078D461D4B4EEF00367B1F /* 128@2x.png in Resources */,
				33078D321D4B4EEF00367B1F /* 10@2x.png in Resources */,
				33078D7F1D4B4EEF00367B1F /* 42@2x.png in Resources */,
				33078D761D4B4EEF00367B1F /* 34@2x.png in Resources */,
				3388D0D61D49B839009BC34B /* Main.storyboard in Resources */,
				33078D631D4B4EEF00367B1F /* 17@2x.png in Resources */,
				33078D9F1D4B4EEF00367B1F /* 71@2x.png in Resources */,
				33078D6B1D4B4EEF00367B1F /* 24@2x.png in Resources */,
				33078DA91D4B4EEF00367B1F /* 80@2x.png in Resources */,
				33078DA21D4B4EEF00367B1F /* 74@2x.png in Resources */,
				33078DBE1D4B4EEF00367B1F /* 9@2x.png in Resources */,
				33078D911D4B4EEF00367B1F /* 59@2x.png in Resources */,
				33078D8E1D4B4EEF00367B1F /* 56@2x.png in Resources */,
				33078D871D4B4EEF00367B1F /* 4@2x.png in Resources */,
				33078D511D4B4EEF00367B1F /* 138@2x.png in Resources */,
				33078D391D4B4EEF00367B1F /* 116@2x.png in Resources */,
				33078D421D4B4EEF00367B1F /* 124@2x.png in Resources */,
				33078D551D4B4EEF00367B1F /* 141@2x.png in Resources */,
				33078D741D4B4EEF00367B1F /* 32@2x.png in Resources */,
				33078DBA1D4B4EEF00367B1F /* 96@2x.png in Resources */,
				33078DB51D4B4EEF00367B1F /* 91@2x.png in Resources */,
				33078D671D4B4EEF00367B1F /* 20@2x.png in Resources */,
				33078D581D4B4EEF00367B1F /* 144@2x.png in Resources */,
				33078D4F1D4B4EEF00367B1F /* 136@2x.png in Resources */,
				33078D6A1D4B4EEF00367B1F /* 23@2x.png in Resources */,
				33078D781D4B4EEF00367B1F /* 36@2x.png in Resources */,
				33078D661D4B4EEF00367B1F /* 1@2x.png in Resources */,
				33078D401D4B4EEF00367B1F /* 122@2x.png in Resources */,
				33078D411D4B4EEF00367B1F /* 123@2x.png in Resources */,
				33078D4E1D4B4EEF00367B1F /* 135@2x.png in Resources */,
				33078D311D4B4EEF00367B1F /* 109@2x.png in Resources */,
				33078DB41D4B4EEF00367B1F /* 90@2x.png in Resources */,
				33078B531D49CE0A00367B1F /* help@2x.png in Resources */,
				33078D8A1D4B4EEF00367B1F /* 52@2x.png in Resources */,
				33078D601D4B4EEF00367B1F /* 151@2x.png in Resources */,
				33078B541D49CE0A00367B1F /* scan@2x.png in Resources */,
			);
			runOnlyForDeploymentPostprocessing = 0;
		};
/* End PBXResourcesBuildPhase section */

/* Begin PBXShellScriptBuildPhase section */
		0C431CFCFC79339CC0F9BDFC /* 📦 Check Pods Manifest.lock */ = {
			isa = PBXShellScriptBuildPhase;
			buildActionMask = 2147483647;
			files = (
			);
			inputPaths = (
			);
			name = "📦 Check Pods Manifest.lock";
			outputPaths = (
			);
			runOnlyForDeploymentPostprocessing = 0;
			shellPath = /bin/sh;
			shellScript = "diff \"${PODS_ROOT}/../Podfile.lock\" \"${PODS_ROOT}/Manifest.lock\" > /dev/null\nif [[ $? != 0 ]] ; then\n    cat << EOM\nerror: The sandbox is not in sync with the Podfile.lock. Run 'pod install' or update your CocoaPods installation.\nEOM\n    exit 1\nfi\n";
			showEnvVarsInLog = 0;
		};
		6D6DB848D17F13FCC53202F3 /* 📦 Copy Pods Resources */ = {
			isa = PBXShellScriptBuildPhase;
			buildActionMask = 2147483647;
			files = (
			);
			inputPaths = (
			);
			name = "📦 Copy Pods Resources";
			outputPaths = (
			);
			runOnlyForDeploymentPostprocessing = 0;
			shellPath = /bin/sh;
			shellScript = "\"${SRCROOT}/Pods/Target Support Files/Pods-Poke Hunter/Pods-Poke Hunter-resources.sh\"\n";
			showEnvVarsInLog = 0;
		};
		DF7F00DAEF28A4AC02C30FB5 /* 📦 Embed Pods Frameworks */ = {
			isa = PBXShellScriptBuildPhase;
			buildActionMask = 2147483647;
			files = (
			);
			inputPaths = (
			);
			name = "📦 Embed Pods Frameworks";
			outputPaths = (
			);
			runOnlyForDeploymentPostprocessing = 0;
			shellPath = /bin/sh;
			shellScript = "\"${SRCROOT}/Pods/Target Support Files/Pods-Poke Hunter/Pods-Poke Hunter-frameworks.sh\"\n";
			showEnvVarsInLog = 0;
		};
/* End PBXShellScriptBuildPhase section */

/* Begin PBXSourcesBuildPhase section */
		3388D0C41D49B839009BC34B /* Sources */ = {
			isa = PBXSourcesBuildPhase;
			buildActionMask = 2147483647;
			files = (
				33078B5A1D4A2FBD00367B1F /* BasicMapAnnotation.m in Sources */,
				33078B571D49D91300367B1F /* Map.m in Sources */,
				33078B4E1D49C5A700367B1F /* APIClient.m in Sources */,
				33078B4B1D49C51700367B1F /* CALayer+XibConfiguration.m in Sources */,
				3388D0D01D49B839009BC34B /* AppDelegate.m in Sources */,
				3388D0CD1D49B839009BC34B /* main.m in Sources */,
			);
			runOnlyForDeploymentPostprocessing = 0;
		};
/* End PBXSourcesBuildPhase section */

/* Begin PBXVariantGroup section */
		3388D0D41D49B839009BC34B /* Main.storyboard */ = {
			isa = PBXVariantGroup;
			children = (
				3388D0D51D49B839009BC34B /* Base */,
			);
			name = Main.storyboard;
			sourceTree = "<group>";
		};
		3388D0D91D49B839009BC34B /* LaunchScreen.storyboard */ = {
			isa = PBXVariantGroup;
			children = (
				3388D0DA1D49B839009BC34B /* Base */,
			);
			name = LaunchScreen.storyboard;
			sourceTree = "<group>";
		};
/* End PBXVariantGroup section */

/* Begin XCBuildConfiguration section */
		3388D0DD1D49B839009BC34B /* Debug */ = {
			isa = XCBuildConfiguration;
			buildSettings = {
				ALWAYS_SEARCH_USER_PATHS = NO;
				CLANG_ANALYZER_NONNULL = YES;
				CLANG_CXX_LANGUAGE_STANDARD = "gnu++0x";
				CLANG_CXX_LIBRARY = "libc++";
				CLANG_ENABLE_MODULES = YES;
				CLANG_ENABLE_OBJC_ARC = YES;
				CLANG_WARN_BOOL_CONVERSION = YES;
				CLANG_WARN_CONSTANT_CONVERSION = YES;
				CLANG_WARN_DIRECT_OBJC_ISA_USAGE = YES_ERROR;
				CLANG_WARN_EMPTY_BODY = YES;
				CLANG_WARN_ENUM_CONVERSION = YES;
				CLANG_WARN_INT_CONVERSION = YES;
				CLANG_WARN_OBJC_ROOT_CLASS = YES_ERROR;
				CLANG_WARN_UNREACHABLE_CODE = YES;
				CLANG_WARN__DUPLICATE_METHOD_MATCH = YES;
				"CODE_SIGN_IDENTITY[sdk=iphoneos*]" = "iPhone Developer";
				COPY_PHASE_STRIP = NO;
				DEBUG_INFORMATION_FORMAT = dwarf;
				ENABLE_STRICT_OBJC_MSGSEND = YES;
				ENABLE_TESTABILITY = YES;
				GCC_C_LANGUAGE_STANDARD = gnu99;
				GCC_DYNAMIC_NO_PIC = NO;
				GCC_NO_COMMON_BLOCKS = YES;
				GCC_OPTIMIZATION_LEVEL = 0;
				GCC_PREPROCESSOR_DEFINITIONS = (
					"DEBUG=1",
					"$(inherited)",
				);
				GCC_WARN_64_TO_32_BIT_CONVERSION = YES;
				GCC_WARN_ABOUT_RETURN_TYPE = YES_ERROR;
				GCC_WARN_UNDECLARED_SELECTOR = YES;
				GCC_WARN_UNINITIALIZED_AUTOS = YES_AGGRESSIVE;
				GCC_WARN_UNUSED_FUNCTION = YES;
				GCC_WARN_UNUSED_VARIABLE = YES;
				IPHONEOS_DEPLOYMENT_TARGET = 9.3;
				MTL_ENABLE_DEBUG_INFO = YES;
				ONLY_ACTIVE_ARCH = YES;
				SDKROOT = iphoneos;
				TARGETED_DEVICE_FAMILY = "1,2";
			};
			name = Debug;
		};
		3388D0DE1D49B839009BC34B /* Release */ = {
			isa = XCBuildConfiguration;
			buildSettings = {
				ALWAYS_SEARCH_USER_PATHS = NO;
				CLANG_ANALYZER_NONNULL = YES;
				CLANG_CXX_LANGUAGE_STANDARD = "gnu++0x";
				CLANG_CXX_LIBRARY = "libc++";
				CLANG_ENABLE_MODULES = YES;
				CLANG_ENABLE_OBJC_ARC = YES;
				CLANG_WARN_BOOL_CONVERSION = YES;
				CLANG_WARN_CONSTANT_CONVERSION = YES;
				CLANG_WARN_DIRECT_OBJC_ISA_USAGE = YES_ERROR;
				CLANG_WARN_EMPTY_BODY = YES;
				CLANG_WARN_ENUM_CONVERSION = YES;
				CLANG_WARN_INT_CONVERSION = YES;
				CLANG_WARN_OBJC_ROOT_CLASS = YES_ERROR;
				CLANG_WARN_UNREACHABLE_CODE = YES;
				CLANG_WARN__DUPLICATE_METHOD_MATCH = YES;
				"CODE_SIGN_IDENTITY[sdk=iphoneos*]" = "iPhone Developer";
				COPY_PHASE_STRIP = NO;
				DEBUG_INFORMATION_FORMAT = "dwarf-with-dsym";
				ENABLE_NS_ASSERTIONS = NO;
				ENABLE_STRICT_OBJC_MSGSEND = YES;
				GCC_C_LANGUAGE_STANDARD = gnu99;
				GCC_NO_COMMON_BLOCKS = YES;
				GCC_WARN_64_TO_32_BIT_CONVERSION = YES;
				GCC_WARN_ABOUT_RETURN_TYPE = YES_ERROR;
				GCC_WARN_UNDECLARED_SELECTOR = YES;
				GCC_WARN_UNINITIALIZED_AUTOS = YES_AGGRESSIVE;
				GCC_WARN_UNUSED_FUNCTION = YES;
				GCC_WARN_UNUSED_VARIABLE = YES;
				IPHONEOS_DEPLOYMENT_TARGET = 9.3;
				MTL_ENABLE_DEBUG_INFO = NO;
				SDKROOT = iphoneos;
				TARGETED_DEVICE_FAMILY = "1,2";
				VALIDATE_PRODUCT = YES;
			};
			name = Release;
		};
		3388D0E01D49B839009BC34B /* Debug */ = {
			isa = XCBuildConfiguration;
			baseConfigurationReference = 5C6F06C0F824EF7C481B4870 /* Pods-Poke Hunter.debug.xcconfig */;
			buildSettings = {
				ASSETCATALOG_COMPILER_APPICON_NAME = AppIcon;
				GCC_PREFIX_HEADER = PokeHunter.pch;
				INFOPLIST_FILE = "Poke Hunter/Info.plist";
				IPHONEOS_DEPLOYMENT_TARGET = 8.0;
				LD_RUNPATH_SEARCH_PATHS = "$(inherited) @executable_path/Frameworks";
				PRODUCT_BUNDLE_IDENTIFIER = "com.itoytoy.Poke-Hunter";
				PRODUCT_NAME = "$(TARGET_NAME)";
			};
			name = Debug;
		};
		3388D0E11D49B839009BC34B /* Release */ = {
			isa = XCBuildConfiguration;
			baseConfigurationReference = 940F60965D0BB8327A1B79B7 /* Pods-Poke Hunter.release.xcconfig */;
			buildSettings = {
				ASSETCATALOG_COMPILER_APPICON_NAME = AppIcon;
				GCC_PREFIX_HEADER = PokeHunter.pch;
				INFOPLIST_FILE = "Poke Hunter/Info.plist";
				IPHONEOS_DEPLOYMENT_TARGET = 8.0;
				LD_RUNPATH_SEARCH_PATHS = "$(inherited) @executable_path/Frameworks";
				PRODUCT_BUNDLE_IDENTIFIER = "com.itoytoy.Poke-Hunter";
				PRODUCT_NAME = "$(TARGET_NAME)";
			};
			name = Release;
		};
/* End XCBuildConfiguration section */

/* Begin XCConfigurationList section */
		3388D0C31D49B839009BC34B /* Build configuration list for PBXProject "Poke Hunter" */ = {
			isa = XCConfigurationList;
			buildConfigurations = (
				3388D0DD1D49B839009BC34B /* Debug */,
				3388D0DE1D49B839009BC34B /* Release */,
			);
			defaultConfigurationIsVisible = 0;
			defaultConfigurationName = Release;
		};
		3388D0DF1D49B839009BC34B /* Build configuration list for PBXNativeTarget "Poke Hunter" */ = {
			isa = XCConfigurationList;
			buildConfigurations = (
				3388D0E01D49B839009BC34B /* Debug */,
				3388D0E11D49B839009BC34B /* Release */,
			);
			defaultConfigurationIsVisible = 0;
			defaultConfigurationName = Release;
		};
/* End XCConfigurationList section */
	};
	rootObject = 3388D0C01D49B839009BC34B /* Project object */;
}
