// !$*UTF8*$!
{
	archiveVersion = 1;
	classes = {
	};
	objectVersion = 46;
	objects = {

/* Begin PBXBuildFile section */
		33078B471D49C3D700367B1F /* GoogleService-Info.plist in Resources */ = {isa = PBXBuildFile; fileRef = 33078B461D49C3D700367B1F /* GoogleService-Info.plist */; };
		33078B4B1D49C51700367B1F /* CALayer+XibConfiguration.m in Sources */ = {isa = PBXBuildFile; fileRef = 33078B491D49C51700367B1F /* CALayer+XibConfiguration.m */; };
		33078B4E1D49C5A700367B1F /* APIClient.m in Sources */ = {isa = PBXBuildFile; fileRef = 33078B4D1D49C5A700367B1F /* APIClient.m */; };
		33078B501D49CA8500367B1F /* Search@2x.png in Resources */ = {isa = PBXBuildFile; fileRef = 33078B4F1D49CA8500367B1F /* Search@2x.png */; };
		33078B531D49CE0A00367B1F /* help@2x.png in Resources */ = {isa = PBXBuildFile; fileRef = 33078B511D49CE0A00367B1F /* help@2x.png */; };
		33078B541D49CE0A00367B1F /* scan@2x.png in Resources */ = {isa = PBXBuildFile; fileRef = 33078B521D49CE0A00367B1F /* scan@2x.png */; };
		33078B571D49D91300367B1F /* Map.m in Sources */ = {isa = PBXBuildFile; fileRef = 33078B561D49D91300367B1F /* Map.m */; };
		33078B5A1D4A2FBD00367B1F /* BasicMapAnnotation.m in Sources */ = {isa = PBXBuildFile; fileRef = 33078B591D4A2FBD00367B1F /* BasicMapAnnotation.m */; };
		33078BF91D4B3A6700367B1F /* 100@2x.png in Resources */ = {isa = PBXBuildFile; fileRef = 33078B621D4B3A6600367B1F /* 100@2x.png */; };
		33078BFA1D4B3A6700367B1F /* 101@2x.png in Resources */ = {isa = PBXBuildFile; fileRef = 33078B631D4B3A6600367B1F /* 101@2x.png */; };
		33078BFB1D4B3A6700367B1F /* 102@2x.png in Resources */ = {isa = PBXBuildFile; fileRef = 33078B641D4B3A6600367B1F /* 102@2x.png */; };
		33078BFC1D4B3A6700367B1F /* 103@2x.png in Resources */ = {isa = PBXBuildFile; fileRef = 33078B651D4B3A6600367B1F /* 103@2x.png */; };
		33078BFD1D4B3A6700367B1F /* 104@2x.png in Resources */ = {isa = PBXBuildFile; fileRef = 33078B661D4B3A6600367B1F /* 104@2x.png */; };
		33078BFE1D4B3A6700367B1F /* 105@2x.png in Resources */ = {isa = PBXBuildFile; fileRef = 33078B671D4B3A6600367B1F /* 105@2x.png */; };
		33078BFF1D4B3A6700367B1F /* 106@2x.png in Resources */ = {isa = PBXBuildFile; fileRef = 33078B681D4B3A6600367B1F /* 106@2x.png */; };
		33078C001D4B3A6700367B1F /* 107@2x.png in Resources */ = {isa = PBXBuildFile; fileRef = 33078B691D4B3A6600367B1F /* 107@2x.png */; };
		33078C011D4B3A6700367B1F /* 108@2x.png in Resources */ = {isa = PBXBuildFile; fileRef = 33078B6A1D4B3A6600367B1F /* 108@2x.png */; };
		33078C021D4B3A6700367B1F /* 109@2x.png in Resources */ = {isa = PBXBuildFile; fileRef = 33078B6B1D4B3A6600367B1F /* 109@2x.png */; };
		33078C031D4B3A6700367B1F /* 10@2x.png in Resources */ = {isa = PBXBuildFile; fileRef = 33078B6C1D4B3A6600367B1F /* 10@2x.png */; };
		33078C041D4B3A6700367B1F /* 110@2x.png in Resources */ = {isa = PBXBuildFile; fileRef = 33078B6D1D4B3A6600367B1F /* 110@2x.png */; };
		33078C051D4B3A6700367B1F /* 111@2x.png in Resources */ = {isa = PBXBuildFile; fileRef = 33078B6E1D4B3A6600367B1F /* 111@2x.png */; };
		33078C061D4B3A6700367B1F /* 112@2x.png in Resources */ = {isa = PBXBuildFile; fileRef = 33078B6F1D4B3A6600367B1F /* 112@2x.png */; };
		33078C071D4B3A6700367B1F /* 113@2x.png in Resources */ = {isa = PBXBuildFile; fileRef = 33078B701D4B3A6600367B1F /* 113@2x.png */; };
		33078C081D4B3A6700367B1F /* 114@2x.png in Resources */ = {isa = PBXBuildFile; fileRef = 33078B711D4B3A6600367B1F /* 114@2x.png */; };
		33078C091D4B3A6700367B1F /* 115@2x.png in Resources */ = {isa = PBXBuildFile; fileRef = 33078B721D4B3A6600367B1F /* 115@2x.png */; };
		33078C0A1D4B3A6700367B1F /* 116@2x.png in Resources */ = {isa = PBXBuildFile; fileRef = 33078B731D4B3A6600367B1F /* 116@2x.png */; };
		33078C0B1D4B3A6700367B1F /* 117@2x.png in Resources */ = {isa = PBXBuildFile; fileRef = 33078B741D4B3A6600367B1F /* 117@2x.png */; };
		33078C0C1D4B3A6700367B1F /* 118@2x.png in Resources */ = {isa = PBXBuildFile; fileRef = 33078B751D4B3A6600367B1F /* 118@2x.png */; };
		33078C0D1D4B3A6700367B1F /* 119@2x.png in Resources */ = {isa = PBXBuildFile; fileRef = 33078B761D4B3A6600367B1F /* 119@2x.png */; };
		33078C0E1D4B3A6700367B1F /* 11@2x.png in Resources */ = {isa = PBXBuildFile; fileRef = 33078B771D4B3A6600367B1F /* 11@2x.png */; };
		33078C0F1D4B3A6700367B1F /* 120@2x.png in Resources */ = {isa = PBXBuildFile; fileRef = 33078B781D4B3A6600367B1F /* 120@2x.png */; };
		33078C101D4B3A6700367B1F /* 121@2x.png in Resources */ = {isa = PBXBuildFile; fileRef = 33078B791D4B3A6600367B1F /* 121@2x.png */; };
		33078C111D4B3A6700367B1F /* 122@2x.png in Resources */ = {isa = PBXBuildFile; fileRef = 33078B7A1D4B3A6600367B1F /* 122@2x.png */; };
		33078C121D4B3A6700367B1F /* 123@2x.png in Resources */ = {isa = PBXBuildFile; fileRef = 33078B7B1D4B3A6600367B1F /* 123@2x.png */; };
		33078C131D4B3A6700367B1F /* 124@2x.png in Resources */ = {isa = PBXBuildFile; fileRef = 33078B7C1D4B3A6600367B1F /* 124@2x.png */; };
		33078C141D4B3A6700367B1F /* 125@2x.png in Resources */ = {isa = PBXBuildFile; fileRef = 33078B7D1D4B3A6600367B1F /* 125@2x.png */; };
		33078C151D4B3A6700367B1F /* 126@2x.png in Resources */ = {isa = PBXBuildFile; fileRef = 33078B7E1D4B3A6600367B1F /* 126@2x.png */; };
		33078C161D4B3A6700367B1F /* 127@2x.png in Resources */ = {isa = PBXBuildFile; fileRef = 33078B7F1D4B3A6600367B1F /* 127@2x.png */; };
		33078C171D4B3A6700367B1F /* 128@2x.png in Resources */ = {isa = PBXBuildFile; fileRef = 33078B801D4B3A6600367B1F /* 128@2x.png */; };
		33078C181D4B3A6700367B1F /* 129@2x.png in Resources */ = {isa = PBXBuildFile; fileRef = 33078B811D4B3A6600367B1F /* 129@2x.png */; };
		33078C191D4B3A6700367B1F /* 12@2x.png in Resources */ = {isa = PBXBuildFile; fileRef = 33078B821D4B3A6600367B1F /* 12@2x.png */; };
		33078C1A1D4B3A6700367B1F /* 130@2x.png in Resources */ = {isa = PBXBuildFile; fileRef = 33078B831D4B3A6600367B1F /* 130@2x.png */; };
		33078C1B1D4B3A6700367B1F /* 131@2x.png in Resources */ = {isa = PBXBuildFile; fileRef = 33078B841D4B3A6600367B1F /* 131@2x.png */; };
		33078C1C1D4B3A6700367B1F /* 132@2x.png in Resources */ = {isa = PBXBuildFile; fileRef = 33078B851D4B3A6600367B1F /* 132@2x.png */; };
		33078C1D1D4B3A6700367B1F /* 133@2x.png in Resources */ = {isa = PBXBuildFile; fileRef = 33078B861D4B3A6600367B1F /* 133@2x.png */; };
		33078C1E1D4B3A6700367B1F /* 134@2x.png in Resources */ = {isa = PBXBuildFile; fileRef = 33078B871D4B3A6600367B1F /* 134@2x.png */; };
		33078C1F1D4B3A6700367B1F /* 135@2x.png in Resources */ = {isa = PBXBuildFile; fileRef = 33078B881D4B3A6600367B1F /* 135@2x.png */; };
		33078C201D4B3A6700367B1F /* 136@2x.png in Resources */ = {isa = PBXBuildFile; fileRef = 33078B891D4B3A6600367B1F /* 136@2x.png */; };
		33078C211D4B3A6700367B1F /* 137@2x.png in Resources */ = {isa = PBXBuildFile; fileRef = 33078B8A1D4B3A6600367B1F /* 137@2x.png */; };
		33078C221D4B3A6700367B1F /* 138@2x.png in Resources */ = {isa = PBXBuildFile; fileRef = 33078B8B1D4B3A6600367B1F /* 138@2x.png */; };
		33078C231D4B3A6700367B1F /* 139@2x.png in Resources */ = {isa = PBXBuildFile; fileRef = 33078B8C1D4B3A6600367B1F /* 139@2x.png */; };
		33078C241D4B3A6700367B1F /* 13@2x.png in Resources */ = {isa = PBXBuildFile; fileRef = 33078B8D1D4B3A6600367B1F /* 13@2x.png */; };
		33078C251D4B3A6700367B1F /* 140@2x.png in Resources */ = {isa = PBXBuildFile; fileRef = 33078B8E1D4B3A6600367B1F /* 140@2x.png */; };
		33078C261D4B3A6700367B1F /* 141@2x.png in Resources */ = {isa = PBXBuildFile; fileRef = 33078B8F1D4B3A6600367B1F /* 141@2x.png */; };
		33078C271D4B3A6700367B1F /* 142@2x.png in Resources */ = {isa = PBXBuildFile; fileRef = 33078B901D4B3A6600367B1F /* 142@2x.png */; };
		33078C281D4B3A6700367B1F /* 143@2x.png in Resources */ = {isa = PBXBuildFile; fileRef = 33078B911D4B3A6600367B1F /* 143@2x.png */; };
		33078C291D4B3A6700367B1F /* 144@2x.png in Resources */ = {isa = PBXBuildFile; fileRef = 33078B921D4B3A6600367B1F /* 144@2x.png */; };
		33078C2A1D4B3A6700367B1F /* 145@2x.png in Resources */ = {isa = PBXBuildFile; fileRef = 33078B931D4B3A6600367B1F /* 145@2x.png */; };
		33078C2B1D4B3A6700367B1F /* 146@2x.png in Resources */ = {isa = PBXBuildFile; fileRef = 33078B941D4B3A6600367B1F /* 146@2x.png */; };
		33078C2C1D4B3A6700367B1F /* 147@2x.png in Resources */ = {isa = PBXBuildFile; fileRef = 33078B951D4B3A6600367B1F /* 147@2x.png */; };
		33078C2D1D4B3A6700367B1F /* 148@2x.png in Resources */ = {isa = PBXBuildFile; fileRef = 33078B961D4B3A6600367B1F /* 148@2x.png */; };
		33078C2E1D4B3A6700367B1F /* 149@2x.png in Resources */ = {isa = PBXBuildFile; fileRef = 33078B971D4B3A6600367B1F /* 149@2x.png */; };
		33078C2F1D4B3A6700367B1F /* 14@2x.png in Resources */ = {isa = PBXBuildFile; fileRef = 33078B981D4B3A6600367B1F /* 14@2x.png */; };
		33078C301D4B3A6700367B1F /* 150@2x.png in Resources */ = {isa = PBXBuildFile; fileRef = 33078B991D4B3A6600367B1F /* 150@2x.png */; };
		33078C311D4B3A6700367B1F /* 151@2x.png in Resources */ = {isa = PBXBuildFile; fileRef = 33078B9A1D4B3A6600367B1F /* 151@2x.png */; };
		33078C321D4B3A6700367B1F /* 15@2x.png in Resources */ = {isa = PBXBuildFile; fileRef = 33078B9B1D4B3A6600367B1F /* 15@2x.png */; };
		33078C331D4B3A6700367B1F /* 16@2x.png in Resources */ = {isa = PBXBuildFile; fileRef = 33078B9C1D4B3A6600367B1F /* 16@2x.png */; };
		33078C341D4B3A6700367B1F /* 17@2x.png in Resources */ = {isa = PBXBuildFile; fileRef = 33078B9D1D4B3A6600367B1F /* 17@2x.png */; };
		33078C351D4B3A6700367B1F /* 18@2x.png in Resources */ = {isa = PBXBuildFile; fileRef = 33078B9E1D4B3A6600367B1F /* 18@2x.png */; };
		33078C361D4B3A6700367B1F /* 19@2x.png in Resources */ = {isa = PBXBuildFile; fileRef = 33078B9F1D4B3A6600367B1F /* 19@2x.png */; };
		33078C371D4B3A6700367B1F /* 1@2x.png in Resources */ = {isa = PBXBuildFile; fileRef = 33078BA01D4B3A6600367B1F /* 1@2x.png */; };
		33078C381D4B3A6700367B1F /* 20@2x.png in Resources */ = {isa = PBXBuildFile; fileRef = 33078BA11D4B3A6600367B1F /* 20@2x.png */; };
		33078C391D4B3A6700367B1F /* 21@2x.png in Resources */ = {isa = PBXBuildFile; fileRef = 33078BA21D4B3A6600367B1F /* 21@2x.png */; };
		33078C3A1D4B3A6700367B1F /* 22@2x.png in Resources */ = {isa = PBXBuildFile; fileRef = 33078BA31D4B3A6600367B1F /* 22@2x.png */; };
		33078C3B1D4B3A6700367B1F /* 23@2x.png in Resources */ = {isa = PBXBuildFile; fileRef = 33078BA41D4B3A6600367B1F /* 23@2x.png */; };
		33078C3C1D4B3A6700367B1F /* 24@2x.png in Resources */ = {isa = PBXBuildFile; fileRef = 33078BA51D4B3A6600367B1F /* 24@2x.png */; };
		33078C3D1D4B3A6700367B1F /* 25@2x.png in Resources */ = {isa = PBXBuildFile; fileRef = 33078BA61D4B3A6600367B1F /* 25@2x.png */; };
		33078C3E1D4B3A6700367B1F /* 26@2x.png in Resources */ = {isa = PBXBuildFile; fileRef = 33078BA71D4B3A6600367B1F /* 26@2x.png */; };
		33078C3F1D4B3A6700367B1F /* 27@2x.png in Resources */ = {isa = PBXBuildFile; fileRef = 33078BA81D4B3A6600367B1F /* 27@2x.png */; };
		33078C401D4B3A6700367B1F /* 28@2x.png in Resources */ = {isa = PBXBuildFile; fileRef = 33078BA91D4B3A6600367B1F /* 28@2x.png */; };
		33078C411D4B3A6700367B1F /* 29@2x.png in Resources */ = {isa = PBXBuildFile; fileRef = 33078BAA1D4B3A6600367B1F /* 29@2x.png */; };
		33078C421D4B3A6700367B1F /* 2@2x.png in Resources */ = {isa = PBXBuildFile; fileRef = 33078BAB1D4B3A6600367B1F /* 2@2x.png */; };
		33078C431D4B3A6700367B1F /* 30@2x.png in Resources */ = {isa = PBXBuildFile; fileRef = 33078BAC1D4B3A6600367B1F /* 30@2x.png */; };
		33078C441D4B3A6700367B1F /* 31@2x.png in Resources */ = {isa = PBXBuildFile; fileRef = 33078BAD1D4B3A6600367B1F /* 31@2x.png */; };
		33078C451D4B3A6700367B1F /* 32@2x.png in Resources */ = {isa = PBXBuildFile; fileRef = 33078BAE1D4B3A6600367B1F /* 32@2x.png */; };
		33078C461D4B3A6700367B1F /* 33@2x.png in Resources */ = {isa = PBXBuildFile; fileRef = 33078BAF1D4B3A6600367B1F /* 33@2x.png */; };
		33078C471D4B3A6700367B1F /* 34@2x.png in Resources */ = {isa = PBXBuildFile; fileRef = 33078BB01D4B3A6600367B1F /* 34@2x.png */; };
		33078C481D4B3A6700367B1F /* 35@2x.png in Resources */ = {isa = PBXBuildFile; fileRef = 33078BB11D4B3A6600367B1F /* 35@2x.png */; };
		33078C491D4B3A6700367B1F /* 36@2x.png in Resources */ = {isa = PBXBuildFile; fileRef = 33078BB21D4B3A6600367B1F /* 36@2x.png */; };
		33078C4A1D4B3A6700367B1F /* 37@2x.png in Resources */ = {isa = PBXBuildFile; fileRef = 33078BB31D4B3A6600367B1F /* 37@2x.png */; };
		33078C4B1D4B3A6700367B1F /* 38@2x.png in Resources */ = {isa = PBXBuildFile; fileRef = 33078BB41D4B3A6600367B1F /* 38@2x.png */; };
		33078C4C1D4B3A6700367B1F /* 39@2x.png in Resources */ = {isa = PBXBuildFile; fileRef = 33078BB51D4B3A6600367B1F /* 39@2x.png */; };
		33078C4D1D4B3A6700367B1F /* 3@2x.png in Resources */ = {isa = PBXBuildFile; fileRef = 33078BB61D4B3A6600367B1F /* 3@2x.png */; };
		33078C4E1D4B3A6700367B1F /* 40@2x.png in Resources */ = {isa = PBXBuildFile; fileRef = 33078BB71D4B3A6600367B1F /* 40@2x.png */; };
		33078C4F1D4B3A6700367B1F /* 41@2x.png in Resources */ = {isa = PBXBuildFile; fileRef = 33078BB81D4B3A6600367B1F /* 41@2x.png */; };
		33078C501D4B3A6700367B1F /* 42@2x.png in Resources */ = {isa = PBXBuildFile; fileRef = 33078BB91D4B3A6600367B1F /* 42@2x.png */; };
		33078C511D4B3A6700367B1F /* 43@2x.png in Resources */ = {isa = PBXBuildFile; fileRef = 33078BBA1D4B3A6600367B1F /* 43@2x.png */; };
		33078C521D4B3A6700367B1F /* 44@2x.png in Resources */ = {isa = PBXBuildFile; fileRef = 33078BBB1D4B3A6600367B1F /* 44@2x.png */; };
		33078C531D4B3A6700367B1F /* 45@2x.png in Resources */ = {isa = PBXBuildFile; fileRef = 33078BBC1D4B3A6600367B1F /* 45@2x.png */; };
		33078C541D4B3A6700367B1F /* 46@2x.png in Resources */ = {isa = PBXBuildFile; fileRef = 33078BBD1D4B3A6600367B1F /* 46@2x.png */; };
		33078C551D4B3A6700367B1F /* 47@2x.png in Resources */ = {isa = PBXBuildFile; fileRef = 33078BBE1D4B3A6600367B1F /* 47@2x.png */; };
		33078C561D4B3A6700367B1F /* 48@2x.png in Resources */ = {isa = PBXBuildFile; fileRef = 33078BBF1D4B3A6600367B1F /* 48@2x.png */; };
		33078C571D4B3A6700367B1F /* 49@2x.png in Resources */ = {isa = PBXBuildFile; fileRef = 33078BC01D4B3A6600367B1F /* 49@2x.png */; };
		33078C581D4B3A6700367B1F /* 4@2x.png in Resources */ = {isa = PBXBuildFile; fileRef = 33078BC11D4B3A6600367B1F /* 4@2x.png */; };
		33078C591D4B3A6700367B1F /* 50@2x.png in Resources */ = {isa = PBXBuildFile; fileRef = 33078BC21D4B3A6600367B1F /* 50@2x.png */; };
		33078C5A1D4B3A6700367B1F /* 51@2x.png in Resources */ = {isa = PBXBuildFile; fileRef = 33078BC31D4B3A6600367B1F /* 51@2x.png */; };
		33078C5B1D4B3A6700367B1F /* 52@2x.png in Resources */ = {isa = PBXBuildFile; fileRef = 33078BC41D4B3A6600367B1F /* 52@2x.png */; };
		33078C5C1D4B3A6700367B1F /* 53@2x.png in Resources */ = {isa = PBXBuildFile; fileRef = 33078BC51D4B3A6600367B1F /* 53@2x.png */; };
		33078C5D1D4B3A6700367B1F /* 54@2x.png in Resources */ = {isa = PBXBuildFile; fileRef = 33078BC61D4B3A6600367B1F /* 54@2x.png */; };
		33078C5E1D4B3A6700367B1F /* 55@2x.png in Resources */ = {isa = PBXBuildFile; fileRef = 33078BC71D4B3A6600367B1F /* 55@2x.png */; };
		33078C5F1D4B3A6700367B1F /* 56@2x.png in Resources */ = {isa = PBXBuildFile; fileRef = 33078BC81D4B3A6600367B1F /* 56@2x.png */; };
		33078C601D4B3A6700367B1F /* 57@2x.png in Resources */ = {isa = PBXBuildFile; fileRef = 33078BC91D4B3A6600367B1F /* 57@2x.png */; };
		33078C611D4B3A6700367B1F /* 58@2x.png in Resources */ = {isa = PBXBuildFile; fileRef = 33078BCA1D4B3A6600367B1F /* 58@2x.png */; };
		33078C621D4B3A6700367B1F /* 59@2x.png in Resources */ = {isa = PBXBuildFile; fileRef = 33078BCB1D4B3A6600367B1F /* 59@2x.png */; };
		33078C631D4B3A6700367B1F /* 5@2x.png in Resources */ = {isa = PBXBuildFile; fileRef = 33078BCC1D4B3A6600367B1F /* 5@2x.png */; };
		33078C641D4B3A6700367B1F /* 60@2x.png in Resources */ = {isa = PBXBuildFile; fileRef = 33078BCD1D4B3A6600367B1F /* 60@2x.png */; };
		33078C651D4B3A6700367B1F /* 61@2x.png in Resources */ = {isa = PBXBuildFile; fileRef = 33078BCE1D4B3A6600367B1F /* 61@2x.png */; };
		33078C661D4B3A6700367B1F /* 62@2x.png in Resources */ = {isa = PBXBuildFile; fileRef = 33078BCF1D4B3A6600367B1F /* 62@2x.png */; };
		33078C671D4B3A6700367B1F /* 63@2x.png in Resources */ = {isa = PBXBuildFile; fileRef = 33078BD01D4B3A6600367B1F /* 63@2x.png */; };
		33078C681D4B3A6700367B1F /* 64@2x.png in Resources */ = {isa = PBXBuildFile; fileRef = 33078BD11D4B3A6600367B1F /* 64@2x.png */; };
		33078C691D4B3A6700367B1F /* 65@2x.png in Resources */ = {isa = PBXBuildFile; fileRef = 33078BD21D4B3A6600367B1F /* 65@2x.png */; };
		33078C6A1D4B3A6700367B1F /* 66@2x.png in Resources */ = {isa = PBXBuildFile; fileRef = 33078BD31D4B3A6600367B1F /* 66@2x.png */; };
		33078C6B1D4B3A6700367B1F /* 67@2x.png in Resources */ = {isa = PBXBuildFile; fileRef = 33078BD41D4B3A6600367B1F /* 67@2x.png */; };
		33078C6C1D4B3A6700367B1F /* 68@2x.png in Resources */ = {isa = PBXBuildFile; fileRef = 33078BD51D4B3A6600367B1F /* 68@2x.png */; };
		33078C6D1D4B3A6700367B1F /* 69@2x.png in Resources */ = {isa = PBXBuildFile; fileRef = 33078BD61D4B3A6600367B1F /* 69@2x.png */; };
		33078C6E1D4B3A6700367B1F /* 6@2x.png in Resources */ = {isa = PBXBuildFile; fileRef = 33078BD71D4B3A6600367B1F /* 6@2x.png */; };
		33078C6F1D4B3A6700367B1F /* 70@2x.png in Resources */ = {isa = PBXBuildFile; fileRef = 33078BD81D4B3A6600367B1F /* 70@2x.png */; };
		33078C701D4B3A6700367B1F /* 71@2x.png in Resources */ = {isa = PBXBuildFile; fileRef = 33078BD91D4B3A6600367B1F /* 71@2x.png */; };
		33078C711D4B3A6700367B1F /* 72@2x.png in Resources */ = {isa = PBXBuildFile; fileRef = 33078BDA1D4B3A6600367B1F /* 72@2x.png */; };
		33078C721D4B3A6700367B1F /* 73@2x.png in Resources */ = {isa = PBXBuildFile; fileRef = 33078BDB1D4B3A6600367B1F /* 73@2x.png */; };
		33078C731D4B3A6700367B1F /* 74@2x.png in Resources */ = {isa = PBXBuildFile; fileRef = 33078BDC1D4B3A6600367B1F /* 74@2x.png */; };
		33078C741D4B3A6700367B1F /* 75@2x.png in Resources */ = {isa = PBXBuildFile; fileRef = 33078BDD1D4B3A6600367B1F /* 75@2x.png */; };
		33078C751D4B3A6700367B1F /* 76@2x.png in Resources */ = {isa = PBXBuildFile; fileRef = 33078BDE1D4B3A6600367B1F /* 76@2x.png */; };
		33078C761D4B3A6700367B1F /* 77@2x.png in Resources */ = {isa = PBXBuildFile; fileRef = 33078BDF1D4B3A6600367B1F /* 77@2x.png */; };
		33078C771D4B3A6700367B1F /* 78@2x.png in Resources */ = {isa = PBXBuildFile; fileRef = 33078BE01D4B3A6600367B1F /* 78@2x.png */; };
		33078C781D4B3A6700367B1F /* 79@2x.png in Resources */ = {isa = PBXBuildFile; fileRef = 33078BE11D4B3A6600367B1F /* 79@2x.png */; };
		33078C791D4B3A6700367B1F /* 7@2x.png in Resources */ = {isa = PBXBuildFile; fileRef = 33078BE21D4B3A6600367B1F /* 7@2x.png */; };
		33078C7A1D4B3A6700367B1F /* 80@2x.png in Resources */ = {isa = PBXBuildFile; fileRef = 33078BE31D4B3A6600367B1F /* 80@2x.png */; };
		33078C7B1D4B3A6700367B1F /* 81@2x.png in Resources */ = {isa = PBXBuildFile; fileRef = 33078BE41D4B3A6700367B1F /* 81@2x.png */; };
		33078C7C1D4B3A6700367B1F /* 82@2x.png in Resources */ = {isa = PBXBuildFile; fileRef = 33078BE51D4B3A6700367B1F /* 82@2x.png */; };
		33078C7D1D4B3A6700367B1F /* 83@2x.png in Resources */ = {isa = PBXBuildFile; fileRef = 33078BE61D4B3A6700367B1F /* 83@2x.png */; };
		33078C7E1D4B3A6700367B1F /* 84@2x.png in Resources */ = {isa = PBXBuildFile; fileRef = 33078BE71D4B3A6700367B1F /* 84@2x.png */; };
		33078C7F1D4B3A6700367B1F /* 85@2x.png in Resources */ = {isa = PBXBuildFile; fileRef = 33078BE81D4B3A6700367B1F /* 85@2x.png */; };
		33078C801D4B3A6700367B1F /* 86@2x.png in Resources */ = {isa = PBXBuildFile; fileRef = 33078BE91D4B3A6700367B1F /* 86@2x.png */; };
		33078C811D4B3A6700367B1F /* 87@2x.png in Resources */ = {isa = PBXBuildFile; fileRef = 33078BEA1D4B3A6700367B1F /* 87@2x.png */; };
		33078C821D4B3A6700367B1F /* 88@2x.png in Resources */ = {isa = PBXBuildFile; fileRef = 33078BEB1D4B3A6700367B1F /* 88@2x.png */; };
		33078C831D4B3A6700367B1F /* 89@2x.png in Resources */ = {isa = PBXBuildFile; fileRef = 33078BEC1D4B3A6700367B1F /* 89@2x.png */; };
		33078C841D4B3A6700367B1F /* 8@2x.png in Resources */ = {isa = PBXBuildFile; fileRef = 33078BED1D4B3A6700367B1F /* 8@2x.png */; };
		33078C851D4B3A6700367B1F /* 90@2x.png in Resources */ = {isa = PBXBuildFile; fileRef = 33078BEE1D4B3A6700367B1F /* 90@2x.png */; };
		33078C861D4B3A6700367B1F /* 91@2x.png in Resources */ = {isa = PBXBuildFile; fileRef = 33078BEF1D4B3A6700367B1F /* 91@2x.png */; };
		33078C871D4B3A6700367B1F /* 92@2x.png in Resources */ = {isa = PBXBuildFile; fileRef = 33078BF01D4B3A6700367B1F /* 92@2x.png */; };
		33078C881D4B3A6700367B1F /* 93@2x.png in Resources */ = {isa = PBXBuildFile; fileRef = 33078BF11D4B3A6700367B1F /* 93@2x.png */; };
		33078C891D4B3A6700367B1F /* 94@2x.png in Resources */ = {isa = PBXBuildFile; fileRef = 33078BF21D4B3A6700367B1F /* 94@2x.png */; };
		33078C8A1D4B3A6700367B1F /* 95@2x.png in Resources */ = {isa = PBXBuildFile; fileRef = 33078BF31D4B3A6700367B1F /* 95@2x.png */; };
		33078C8B1D4B3A6700367B1F /* 96@2x.png in Resources */ = {isa = PBXBuildFile; fileRef = 33078BF41D4B3A6700367B1F /* 96@2x.png */; };
		33078C8C1D4B3A6700367B1F /* 97@2x.png in Resources */ = {isa = PBXBuildFile; fileRef = 33078BF51D4B3A6700367B1F /* 97@2x.png */; };
		33078C8D1D4B3A6700367B1F /* 98@2x.png in Resources */ = {isa = PBXBuildFile; fileRef = 33078BF61D4B3A6700367B1F /* 98@2x.png */; };
		33078C8E1D4B3A6700367B1F /* 99@2x.png in Resources */ = {isa = PBXBuildFile; fileRef = 33078BF71D4B3A6700367B1F /* 99@2x.png */; };
		33078C8F1D4B3A6700367B1F /* 9@2x.png in Resources */ = {isa = PBXBuildFile; fileRef = 33078BF81D4B3A6700367B1F /* 9@2x.png */; };
		3388D0CD1D49B839009BC34B /* main.m in Sources */ = {isa = PBXBuildFile; fileRef = 3388D0CC1D49B839009BC34B /* main.m */; };
		3388D0D01D49B839009BC34B /* AppDelegate.m in Sources */ = {isa = PBXBuildFile; fileRef = 3388D0CF1D49B839009BC34B /* AppDelegate.m */; };
		3388D0D61D49B839009BC34B /* Main.storyboard in Resources */ = {isa = PBXBuildFile; fileRef = 3388D0D41D49B839009BC34B /* Main.storyboard */; };
		3388D0D81D49B839009BC34B /* Assets.xcassets in Resources */ = {isa = PBXBuildFile; fileRef = 3388D0D71D49B839009BC34B /* Assets.xcassets */; };
		3388D0DB1D49B839009BC34B /* LaunchScreen.storyboard in Resources */ = {isa = PBXBuildFile; fileRef = 3388D0D91D49B839009BC34B /* LaunchScreen.storyboard */; };
		7D7E396BB185CDBB647DA07C /* Pods_Poke_Hunter.framework in Frameworks */ = {isa = PBXBuildFile; fileRef = DC68C8CFF6AC0B5D24B5C651 /* Pods_Poke_Hunter.framework */; };
/* End PBXBuildFile section */

/* Begin PBXFileReference section */
		33078B461D49C3D700367B1F /* GoogleService-Info.plist */ = {isa = PBXFileReference; fileEncoding = 4; lastKnownFileType = text.plist.xml; path = "GoogleService-Info.plist"; sourceTree = "<group>"; };
		33078B481D49C45800367B1F /* PokeHunter.pch */ = {isa = PBXFileReference; fileEncoding = 4; lastKnownFileType = sourcecode.c.h; path = PokeHunter.pch; sourceTree = "<group>"; };
		33078B491D49C51700367B1F /* CALayer+XibConfiguration.m */ = {isa = PBXFileReference; fileEncoding = 4; lastKnownFileType = sourcecode.c.objc; path = "CALayer+XibConfiguration.m"; sourceTree = "<group>"; };
		33078B4A1D49C51700367B1F /* CALayer+XibConfiguration.h */ = {isa = PBXFileReference; fileEncoding = 4; lastKnownFileType = sourcecode.c.h; path = "CALayer+XibConfiguration.h"; sourceTree = "<group>"; };
		33078B4C1D49C5A700367B1F /* APIClient.h */ = {isa = PBXFileReference; fileEncoding = 4; lastKnownFileType = sourcecode.c.h; path = APIClient.h; sourceTree = "<group>"; };
		33078B4D1D49C5A700367B1F /* APIClient.m */ = {isa = PBXFileReference; fileEncoding = 4; lastKnownFileType = sourcecode.c.objc; path = APIClient.m; sourceTree = "<group>"; };
		33078B4F1D49CA8500367B1F /* Search@2x.png */ = {isa = PBXFileReference; lastKnownFileType = image.png; path = "Search@2x.png"; sourceTree = "<group>"; };
		33078B511D49CE0A00367B1F /* help@2x.png */ = {isa = PBXFileReference; lastKnownFileType = image.png; path = "help@2x.png"; sourceTree = "<group>"; };
		33078B521D49CE0A00367B1F /* scan@2x.png */ = {isa = PBXFileReference; lastKnownFileType = image.png; path = "scan@2x.png"; sourceTree = "<group>"; };
		33078B551D49D91300367B1F /* Map.h */ = {isa = PBXFileReference; fileEncoding = 4; lastKnownFileType = sourcecode.c.h; path = Map.h; sourceTree = "<group>"; };
		33078B561D49D91300367B1F /* Map.m */ = {isa = PBXFileReference; fileEncoding = 4; lastKnownFileType = sourcecode.c.objc; path = Map.m; sourceTree = "<group>"; };
		33078B581D4A2FBD00367B1F /* BasicMapAnnotation.h */ = {isa = PBXFileReference; fileEncoding = 4; lastKnownFileType = sourcecode.c.h; path = BasicMapAnnotation.h; sourceTree = "<group>"; };
		33078B591D4A2FBD00367B1F /* BasicMapAnnotation.m */ = {isa = PBXFileReference; fileEncoding = 4; lastKnownFileType = sourcecode.c.objc; path = BasicMapAnnotation.m; sourceTree = "<group>"; };
		33078B621D4B3A6600367B1F /* 100@2x.png */ = {isa = PBXFileReference; lastKnownFileType = image.png; path = "100@2x.png"; sourceTree = "<group>"; };
		33078B631D4B3A6600367B1F /* 101@2x.png */ = {isa = PBXFileReference; lastKnownFileType = image.png; path = "101@2x.png"; sourceTree = "<group>"; };
		33078B641D4B3A6600367B1F /* 102@2x.png */ = {isa = PBXFileReference; lastKnownFileType = image.png; path = "102@2x.png"; sourceTree = "<group>"; };
		33078B651D4B3A6600367B1F /* 103@2x.png */ = {isa = PBXFileReference; lastKnownFileType = image.png; path = "103@2x.png"; sourceTree = "<group>"; };
		33078B661D4B3A6600367B1F /* 104@2x.png */ = {isa = PBXFileReference; lastKnownFileType = image.png; path = "104@2x.png"; sourceTree = "<group>"; };
		33078B671D4B3A6600367B1F /* 105@2x.png */ = {isa = PBXFileReference; lastKnownFileType = image.png; path = "105@2x.png"; sourceTree = "<group>"; };
		33078B681D4B3A6600367B1F /* 106@2x.png */ = {isa = PBXFileReference; lastKnownFileType = image.png; path = "106@2x.png"; sourceTree = "<group>"; };
		33078B691D4B3A6600367B1F /* 107@2x.png */ = {isa = PBXFileReference; lastKnownFileType = image.png; path = "107@2x.png"; sourceTree = "<group>"; };
		33078B6A1D4B3A6600367B1F /* 108@2x.png */ = {isa = PBXFileReference; lastKnownFileType = image.png; path = "108@2x.png"; sourceTree = "<group>"; };
		33078B6B1D4B3A6600367B1F /* 109@2x.png */ = {isa = PBXFileReference; lastKnownFileType = image.png; path = "109@2x.png"; sourceTree = "<group>"; };
		33078B6C1D4B3A6600367B1F /* 10@2x.png */ = {isa = PBXFileReference; lastKnownFileType = image.png; path = "10@2x.png"; sourceTree = "<group>"; };
		33078B6D1D4B3A6600367B1F /* 110@2x.png */ = {isa = PBXFileReference; lastKnownFileType = image.png; path = "110@2x.png"; sourceTree = "<group>"; };
		33078B6E1D4B3A6600367B1F /* 111@2x.png */ = {isa = PBXFileReference; lastKnownFileType = image.png; path = "111@2x.png"; sourceTree = "<group>"; };
		33078B6F1D4B3A6600367B1F /* 112@2x.png */ = {isa = PBXFileReference; lastKnownFileType = image.png; path = "112@2x.png"; sourceTree = "<group>"; };
		33078B701D4B3A6600367B1F /* 113@2x.png */ = {isa = PBXFileReference; lastKnownFileType = image.png; path = "113@2x.png"; sourceTree = "<group>"; };
		33078B711D4B3A6600367B1F /* 114@2x.png */ = {isa = PBXFileReference; lastKnownFileType = image.png; path = "114@2x.png"; sourceTree = "<group>"; };
		33078B721D4B3A6600367B1F /* 115@2x.png */ = {isa = PBXFileReference; lastKnownFileType = image.png; path = "115@2x.png"; sourceTree = "<group>"; };
		33078B731D4B3A6600367B1F /* 116@2x.png */ = {isa = PBXFileReference; lastKnownFileType = image.png; path = "116@2x.png"; sourceTree = "<group>"; };
		33078B741D4B3A6600367B1F /* 117@2x.png */ = {isa = PBXFileReference; lastKnownFileType = image.png; path = "117@2x.png"; sourceTree = "<group>"; };
		33078B751D4B3A6600367B1F /* 118@2x.png */ = {isa = PBXFileReference; lastKnownFileType = image.png; path = "118@2x.png"; sourceTree = "<group>"; };
		33078B761D4B3A6600367B1F /* 119@2x.png */ = {isa = PBXFileReference; lastKnownFileType = image.png; path = "119@2x.png"; sourceTree = "<group>"; };
		33078B771D4B3A6600367B1F /* 11@2x.png */ = {isa = PBXFileReference; lastKnownFileType = image.png; path = "11@2x.png"; sourceTree = "<group>"; };
		33078B781D4B3A6600367B1F /* 120@2x.png */ = {isa = PBXFileReference; lastKnownFileType = image.png; path = "120@2x.png"; sourceTree = "<group>"; };
		33078B791D4B3A6600367B1F /* 121@2x.png */ = {isa = PBXFileReference; lastKnownFileType = image.png; path = "121@2x.png"; sourceTree = "<group>"; };
		33078B7A1D4B3A6600367B1F /* 122@2x.png */ = {isa = PBXFileReference; lastKnownFileType = image.png; path = "122@2x.png"; sourceTree = "<group>"; };
		33078B7B1D4B3A6600367B1F /* 123@2x.png */ = {isa = PBXFileReference; lastKnownFileType = image.png; path = "123@2x.png"; sourceTree = "<group>"; };
		33078B7C1D4B3A6600367B1F /* 124@2x.png */ = {isa = PBXFileReference; lastKnownFileType = image.png; path = "124@2x.png"; sourceTree = "<group>"; };
		33078B7D1D4B3A6600367B1F /* 125@2x.png */ = {isa = PBXFileReference; lastKnownFileType = image.png; path = "125@2x.png"; sourceTree = "<group>"; };
		33078B7E1D4B3A6600367B1F /* 126@2x.png */ = {isa = PBXFileReference; lastKnownFileType = image.png; path = "126@2x.png"; sourceTree = "<group>"; };
		33078B7F1D4B3A6600367B1F /* 127@2x.png */ = {isa = PBXFileReference; lastKnownFileType = image.png; path = "127@2x.png"; sourceTree = "<group>"; };
		33078B801D4B3A6600367B1F /* 128@2x.png */ = {isa = PBXFileReference; lastKnownFileType = image.png; path = "128@2x.png"; sourceTree = "<group>"; };
		33078B811D4B3A6600367B1F /* 129@2x.png */ = {isa = PBXFileReference; lastKnownFileType = image.png; path = "129@2x.png"; sourceTree = "<group>"; };
		33078B821D4B3A6600367B1F /* 12@2x.png */ = {isa = PBXFileReference; lastKnownFileType = image.png; path = "12@2x.png"; sourceTree = "<group>"; };
		33078B831D4B3A6600367B1F /* 130@2x.png */ = {isa = PBXFileReference; lastKnownFileType = image.png; path = "130@2x.png"; sourceTree = "<group>"; };
		33078B841D4B3A6600367B1F /* 131@2x.png */ = {isa = PBXFileReference; lastKnownFileType = image.png; path = "131@2x.png"; sourceTree = "<group>"; };
		33078B851D4B3A6600367B1F /* 132@2x.png */ = {isa = PBXFileReference; lastKnownFileType = image.png; path = "132@2x.png"; sourceTree = "<group>"; };
		33078B861D4B3A6600367B1F /* 133@2x.png */ = {isa = PBXFileReference; lastKnownFileType = image.png; path = "133@2x.png"; sourceTree = "<group>"; };
		33078B871D4B3A6600367B1F /* 134@2x.png */ = {isa = PBXFileReference; lastKnownFileType = image.png; path = "134@2x.png"; sourceTree = "<group>"; };
		33078B881D4B3A6600367B1F /* 135@2x.png */ = {isa = PBXFileReference; lastKnownFileType = image.png; path = "135@2x.png"; sourceTree = "<group>"; };
		33078B891D4B3A6600367B1F /* 136@2x.png */ = {isa = PBXFileReference; lastKnownFileType = image.png; path = "136@2x.png"; sourceTree = "<group>"; };
		33078B8A1D4B3A6600367B1F /* 137@2x.png */ = {isa = PBXFileReference; lastKnownFileType = image.png; path = "137@2x.png"; sourceTree = "<group>"; };
		33078B8B1D4B3A6600367B1F /* 138@2x.png */ = {isa = PBXFileReference; lastKnownFileType = image.png; path = "138@2x.png"; sourceTree = "<group>"; };
		33078B8C1D4B3A6600367B1F /* 139@2x.png */ = {isa = PBXFileReference; lastKnownFileType = image.png; path = "139@2x.png"; sourceTree = "<group>"; };
		33078B8D1D4B3A6600367B1F /* 13@2x.png */ = {isa = PBXFileReference; lastKnownFileType = image.png; path = "13@2x.png"; sourceTree = "<group>"; };
		33078B8E1D4B3A6600367B1F /* 140@2x.png */ = {isa = PBXFileReference; lastKnownFileType = image.png; path = "140@2x.png"; sourceTree = "<group>"; };
		33078B8F1D4B3A6600367B1F /* 141@2x.png */ = {isa = PBXFileReference; lastKnownFileType = image.png; path = "141@2x.png"; sourceTree = "<group>"; };
		33078B901D4B3A6600367B1F /* 142@2x.png */ = {isa = PBXFileReference; lastKnownFileType = image.png; path = "142@2x.png"; sourceTree = "<group>"; };
		33078B911D4B3A6600367B1F /* 143@2x.png */ = {isa = PBXFileReference; lastKnownFileType = image.png; path = "143@2x.png"; sourceTree = "<group>"; };
		33078B921D4B3A6600367B1F /* 144@2x.png */ = {isa = PBXFileReference; lastKnownFileType = image.png; path = "144@2x.png"; sourceTree = "<group>"; };
		33078B931D4B3A6600367B1F /* 145@2x.png */ = {isa = PBXFileReference; lastKnownFileType = image.png; path = "145@2x.png"; sourceTree = "<group>"; };
		33078B941D4B3A6600367B1F /* 146@2x.png */ = {isa = PBXFileReference; lastKnownFileType = image.png; path = "146@2x.png"; sourceTree = "<group>"; };
		33078B951D4B3A6600367B1F /* 147@2x.png */ = {isa = PBXFileReference; lastKnownFileType = image.png; path = "147@2x.png"; sourceTree = "<group>"; };
		33078B961D4B3A6600367B1F /* 148@2x.png */ = {isa = PBXFileReference; lastKnownFileType = image.png; path = "148@2x.png"; sourceTree = "<group>"; };
		33078B971D4B3A6600367B1F /* 149@2x.png */ = {isa = PBXFileReference; lastKnownFileType = image.png; path = "149@2x.png"; sourceTree = "<group>"; };
		33078B981D4B3A6600367B1F /* 14@2x.png */ = {isa = PBXFileReference; lastKnownFileType = image.png; path = "14@2x.png"; sourceTree = "<group>"; };
		33078B991D4B3A6600367B1F /* 150@2x.png */ = {isa = PBXFileReference; lastKnownFileType = image.png; path = "150@2x.png"; sourceTree = "<group>"; };
		33078B9A1D4B3A6600367B1F /* 151@2x.png */ = {isa = PBXFileReference; lastKnownFileType = image.png; path = "151@2x.png"; sourceTree = "<group>"; };
		33078B9B1D4B3A6600367B1F /* 15@2x.png */ = {isa = PBXFileReference; lastKnownFileType = image.png; path = "15@2x.png"; sourceTree = "<group>"; };
		33078B9C1D4B3A6600367B1F /* 16@2x.png */ = {isa = PBXFileReference; lastKnownFileType = image.png; path = "16@2x.png"; sourceTree = "<group>"; };
		33078B9D1D4B3A6600367B1F /* 17@2x.png */ = {isa = PBXFileReference; lastKnownFileType = image.png; path = "17@2x.png"; sourceTree = "<group>"; };
		33078B9E1D4B3A6600367B1F /* 18@2x.png */ = {isa = PBXFileReference; lastKnownFileType = image.png; path = "18@2x.png"; sourceTree = "<group>"; };
		33078B9F1D4B3A6600367B1F /* 19@2x.png */ = {isa = PBXFileReference; lastKnownFileType = image.png; path = "19@2x.png"; sourceTree = "<group>"; };
		33078BA01D4B3A6600367B1F /* 1@2x.png */ = {isa = PBXFileReference; lastKnownFileType = image.png; path = "1@2x.png"; sourceTree = "<group>"; };
		33078BA11D4B3A6600367B1F /* 20@2x.png */ = {isa = PBXFileReference; lastKnownFileType = image.png; path = "20@2x.png"; sourceTree = "<group>"; };
		33078BA21D4B3A6600367B1F /* 21@2x.png */ = {isa = PBXFileReference; lastKnownFileType = image.png; path = "21@2x.png"; sourceTree = "<group>"; };
		33078BA31D4B3A6600367B1F /* 22@2x.png */ = {isa = PBXFileReference; lastKnownFileType = image.png; path = "22@2x.png"; sourceTree = "<group>"; };
		33078BA41D4B3A6600367B1F /* 23@2x.png */ = {isa = PBXFileReference; lastKnownFileType = image.png; path = "23@2x.png"; sourceTree = "<group>"; };
		33078BA51D4B3A6600367B1F /* 24@2x.png */ = {isa = PBXFileReference; lastKnownFileType = image.png; path = "24@2x.png"; sourceTree = "<group>"; };
		33078BA61D4B3A6600367B1F /* 25@2x.png */ = {isa = PBXFileReference; lastKnownFileType = image.png; path = "25@2x.png"; sourceTree = "<group>"; };
		33078BA71D4B3A6600367B1F /* 26@2x.png */ = {isa = PBXFileReference; lastKnownFileType = image.png; path = "26@2x.png"; sourceTree = "<group>"; };
		33078BA81D4B3A6600367B1F /* 27@2x.png */ = {isa = PBXFileReference; lastKnownFileType = image.png; path = "27@2x.png"; sourceTree = "<group>"; };
		33078BA91D4B3A6600367B1F /* 28@2x.png */ = {isa = PBXFileReference; lastKnownFileType = image.png; path = "28@2x.png"; sourceTree = "<group>"; };
		33078BAA1D4B3A6600367B1F /* 29@2x.png */ = {isa = PBXFileReference; lastKnownFileType = image.png; path = "29@2x.png"; sourceTree = "<group>"; };
		33078BAB1D4B3A6600367B1F /* 2@2x.png */ = {isa = PBXFileReference; lastKnownFileType = image.png; path = "2@2x.png"; sourceTree = "<group>"; };
		33078BAC1D4B3A6600367B1F /* 30@2x.png */ = {isa = PBXFileReference; lastKnownFileType = image.png; path = "30@2x.png"; sourceTree = "<group>"; };
		33078BAD1D4B3A6600367B1F /* 31@2x.png */ = {isa = PBXFileReference; lastKnownFileType = image.png; path = "31@2x.png"; sourceTree = "<group>"; };
		33078BAE1D4B3A6600367B1F /* 32@2x.png */ = {isa = PBXFileReference; lastKnownFileType = image.png; path = "32@2x.png"; sourceTree = "<group>"; };
		33078BAF1D4B3A6600367B1F /* 33@2x.png */ = {isa = PBXFileReference; lastKnownFileType = image.png; path = "33@2x.png"; sourceTree = "<group>"; };
		33078BB01D4B3A6600367B1F /* 34@2x.png */ = {isa = PBXFileReference; lastKnownFileType = image.png; path = "34@2x.png"; sourceTree = "<group>"; };
		33078BB11D4B3A6600367B1F /* 35@2x.png */ = {isa = PBXFileReference; lastKnownFileType = image.png; path = "35@2x.png"; sourceTree = "<group>"; };
		33078BB21D4B3A6600367B1F /* 36@2x.png */ = {isa = PBXFileReference; lastKnownFileType = image.png; path = "36@2x.png"; sourceTree = "<group>"; };
		33078BB31D4B3A6600367B1F /* 37@2x.png */ = {isa = PBXFileReference; lastKnownFileType = image.png; path = "37@2x.png"; sourceTree = "<group>"; };
		33078BB41D4B3A6600367B1F /* 38@2x.png */ = {isa = PBXFileReference; lastKnownFileType = image.png; path = "38@2x.png"; sourceTree = "<group>"; };
		33078BB51D4B3A6600367B1F /* 39@2x.png */ = {isa = PBXFileReference; lastKnownFileType = image.png; path = "39@2x.png"; sourceTree = "<group>"; };
		33078BB61D4B3A6600367B1F /* 3@2x.png */ = {isa = PBXFileReference; lastKnownFileType = image.png; path = "3@2x.png"; sourceTree = "<group>"; };
		33078BB71D4B3A6600367B1F /* 40@2x.png */ = {isa = PBXFileReference; lastKnownFileType = image.png; path = "40@2x.png"; sourceTree = "<group>"; };
		33078BB81D4B3A6600367B1F /* 41@2x.png */ = {isa = PBXFileReference; lastKnownFileType = image.png; path = "41@2x.png"; sourceTree = "<group>"; };
		33078BB91D4B3A6600367B1F /* 42@2x.png */ = {isa = PBXFileReference; lastKnownFileType = image.png; path = "42@2x.png"; sourceTree = "<group>"; };
		33078BBA1D4B3A6600367B1F /* 43@2x.png */ = {isa = PBXFileReference; lastKnownFileType = image.png; path = "43@2x.png"; sourceTree = "<group>"; };
		33078BBB1D4B3A6600367B1F /* 44@2x.png */ = {isa = PBXFileReference; lastKnownFileType = image.png; path = "44@2x.png"; sourceTree = "<group>"; };
		33078BBC1D4B3A6600367B1F /* 45@2x.png */ = {isa = PBXFileReference; lastKnownFileType = image.png; path = "45@2x.png"; sourceTree = "<group>"; };
		33078BBD1D4B3A6600367B1F /* 46@2x.png */ = {isa = PBXFileReference; lastKnownFileType = image.png; path = "46@2x.png"; sourceTree = "<group>"; };
		33078BBE1D4B3A6600367B1F /* 47@2x.png */ = {isa = PBXFileReference; lastKnownFileType = image.png; path = "47@2x.png"; sourceTree = "<group>"; };
		33078BBF1D4B3A6600367B1F /* 48@2x.png */ = {isa = PBXFileReference; lastKnownFileType = image.png; path = "48@2x.png"; sourceTree = "<group>"; };
		33078BC01D4B3A6600367B1F /* 49@2x.png */ = {isa = PBXFileReference; lastKnownFileType = image.png; path = "49@2x.png"; sourceTree = "<group>"; };
		33078BC11D4B3A6600367B1F /* 4@2x.png */ = {isa = PBXFileReference; lastKnownFileType = image.png; path = "4@2x.png"; sourceTree = "<group>"; };
		33078BC21D4B3A6600367B1F /* 50@2x.png */ = {isa = PBXFileReference; lastKnownFileType = image.png; path = "50@2x.png"; sourceTree = "<group>"; };
		33078BC31D4B3A6600367B1F /* 51@2x.png */ = {isa = PBXFileReference; lastKnownFileType = image.png; path = "51@2x.png"; sourceTree = "<group>"; };
		33078BC41D4B3A6600367B1F /* 52@2x.png */ = {isa = PBXFileReference; lastKnownFileType = image.png; path = "52@2x.png"; sourceTree = "<group>"; };
		33078BC51D4B3A6600367B1F /* 53@2x.png */ = {isa = PBXFileReference; lastKnownFileType = image.png; path = "53@2x.png"; sourceTree = "<group>"; };
		33078BC61D4B3A6600367B1F /* 54@2x.png */ = {isa = PBXFileReference; lastKnownFileType = image.png; path = "54@2x.png"; sourceTree = "<group>"; };
		33078BC71D4B3A6600367B1F /* 55@2x.png */ = {isa = PBXFileReference; lastKnownFileType = image.png; path = "55@2x.png"; sourceTree = "<group>"; };
		33078BC81D4B3A6600367B1F /* 56@2x.png */ = {isa = PBXFileReference; lastKnownFileType = image.png; path = "56@2x.png"; sourceTree = "<group>"; };
		33078BC91D4B3A6600367B1F /* 57@2x.png */ = {isa = PBXFileReference; lastKnownFileType = image.png; path = "57@2x.png"; sourceTree = "<group>"; };
		33078BCA1D4B3A6600367B1F /* 58@2x.png */ = {isa = PBXFileReference; lastKnownFileType = image.png; path = "58@2x.png"; sourceTree = "<group>"; };
		33078BCB1D4B3A6600367B1F /* 59@2x.png */ = {isa = PBXFileReference; lastKnownFileType = image.png; path = "59@2x.png"; sourceTree = "<group>"; };
		33078BCC1D4B3A6600367B1F /* 5@2x.png */ = {isa = PBXFileReference; lastKnownFileType = image.png; path = "5@2x.png"; sourceTree = "<group>"; };
		33078BCD1D4B3A6600367B1F /* 60@2x.png */ = {isa = PBXFileReference; lastKnownFileType = image.png; path = "60@2x.png"; sourceTree = "<group>"; };
		33078BCE1D4B3A6600367B1F /* 61@2x.png */ = {isa = PBXFileReference; lastKnownFileType = image.png; path = "61@2x.png"; sourceTree = "<group>"; };
		33078BCF1D4B3A6600367B1F /* 62@2x.png */ = {isa = PBXFileReference; lastKnownFileType = image.png; path = "62@2x.png"; sourceTree = "<group>"; };
		33078BD01D4B3A6600367B1F /* 63@2x.png */ = {isa = PBXFileReference; lastKnownFileType = image.png; path = "63@2x.png"; sourceTree = "<group>"; };
		33078BD11D4B3A6600367B1F /* 64@2x.png */ = {isa = PBXFileReference; lastKnownFileType = image.png; path = "64@2x.png"; sourceTree = "<group>"; };
		33078BD21D4B3A6600367B1F /* 65@2x.png */ = {isa = PBXFileReference; lastKnownFileType = image.png; path = "65@2x.png"; sourceTree = "<group>"; };
		33078BD31D4B3A6600367B1F /* 66@2x.png */ = {isa = PBXFileReference; lastKnownFileType = image.png; path = "66@2x.png"; sourceTree = "<group>"; };
		33078BD41D4B3A6600367B1F /* 67@2x.png */ = {isa = PBXFileReference; lastKnownFileType = image.png; path = "67@2x.png"; sourceTree = "<group>"; };
		33078BD51D4B3A6600367B1F /* 68@2x.png */ = {isa = PBXFileReference; lastKnownFileType = image.png; path = "68@2x.png"; sourceTree = "<group>"; };
		33078BD61D4B3A6600367B1F /* 69@2x.png */ = {isa = PBXFileReference; lastKnownFileType = image.png; path = "69@2x.png"; sourceTree = "<group>"; };
		33078BD71D4B3A6600367B1F /* 6@2x.png */ = {isa = PBXFileReference; lastKnownFileType = image.png; path = "6@2x.png"; sourceTree = "<group>"; };
		33078BD81D4B3A6600367B1F /* 70@2x.png */ = {isa = PBXFileReference; lastKnownFileType = image.png; path = "70@2x.png"; sourceTree = "<group>"; };
		33078BD91D4B3A6600367B1F /* 71@2x.png */ = {isa = PBXFileReference; lastKnownFileType = image.png; path = "71@2x.png"; sourceTree = "<group>"; };
		33078BDA1D4B3A6600367B1F /* 72@2x.png */ = {isa = PBXFileReference; lastKnownFileType = image.png; path = "72@2x.png"; sourceTree = "<group>"; };
		33078BDB1D4B3A6600367B1F /* 73@2x.png */ = {isa = PBXFileReference; lastKnownFileType = image.png; path = "73@2x.png"; sourceTree = "<group>"; };
		33078BDC1D4B3A6600367B1F /* 74@2x.png */ = {isa = PBXFileReference; lastKnownFileType = image.png; path = "74@2x.png"; sourceTree = "<group>"; };
		33078BDD1D4B3A6600367B1F /* 75@2x.png */ = {isa = PBXFileReference; lastKnownFileType = image.png; path = "75@2x.png"; sourceTree = "<group>"; };
		33078BDE1D4B3A6600367B1F /* 76@2x.png */ = {isa = PBXFileReference; lastKnownFileType = image.png; path = "76@2x.png"; sourceTree = "<group>"; };
		33078BDF1D4B3A6600367B1F /* 77@2x.png */ = {isa = PBXFileReference; lastKnownFileType = image.png; path = "77@2x.png"; sourceTree = "<group>"; };
		33078BE01D4B3A6600367B1F /* 78@2x.png */ = {isa = PBXFileReference; lastKnownFileType = image.png; path = "78@2x.png"; sourceTree = "<group>"; };
		33078BE11D4B3A6600367B1F /* 79@2x.png */ = {isa = PBXFileReference; lastKnownFileType = image.png; path = "79@2x.png"; sourceTree = "<group>"; };
		33078BE21D4B3A6600367B1F /* 7@2x.png */ = {isa = PBXFileReference; lastKnownFileType = image.png; path = "7@2x.png"; sourceTree = "<group>"; };
		33078BE31D4B3A6600367B1F /* 80@2x.png */ = {isa = PBXFileReference; lastKnownFileType = image.png; path = "80@2x.png"; sourceTree = "<group>"; };
		33078BE41D4B3A6700367B1F /* 81@2x.png */ = {isa = PBXFileReference; lastKnownFileType = image.png; path = "81@2x.png"; sourceTree = "<group>"; };
		33078BE51D4B3A6700367B1F /* 82@2x.png */ = {isa = PBXFileReference; lastKnownFileType = image.png; path = "82@2x.png"; sourceTree = "<group>"; };
		33078BE61D4B3A6700367B1F /* 83@2x.png */ = {isa = PBXFileReference; lastKnownFileType = image.png; path = "83@2x.png"; sourceTree = "<group>"; };
		33078BE71D4B3A6700367B1F /* 84@2x.png */ = {isa = PBXFileReference; lastKnownFileType = image.png; path = "84@2x.png"; sourceTree = "<group>"; };
		33078BE81D4B3A6700367B1F /* 85@2x.png */ = {isa = PBXFileReference; lastKnownFileType = image.png; path = "85@2x.png"; sourceTree = "<group>"; };
		33078BE91D4B3A6700367B1F /* 86@2x.png */ = {isa = PBXFileReference; lastKnownFileType = image.png; path = "86@2x.png"; sourceTree = "<group>"; };
		33078BEA1D4B3A6700367B1F /* 87@2x.png */ = {isa = PBXFileReference; lastKnownFileType = image.png; path = "87@2x.png"; sourceTree = "<group>"; };
		33078BEB1D4B3A6700367B1F /* 88@2x.png */ = {isa = PBXFileReference; lastKnownFileType = image.png; path = "88@2x.png"; sourceTree = "<group>"; };
		33078BEC1D4B3A6700367B1F /* 89@2x.png */ = {isa = PBXFileReference; lastKnownFileType = image.png; path = "89@2x.png"; sourceTree = "<group>"; };
		33078BED1D4B3A6700367B1F /* 8@2x.png */ = {isa = PBXFileReference; lastKnownFileType = image.png; path = "8@2x.png"; sourceTree = "<group>"; };
		33078BEE1D4B3A6700367B1F /* 90@2x.png */ = {isa = PBXFileReference; lastKnownFileType = image.png; path = "90@2x.png"; sourceTree = "<group>"; };
		33078BEF1D4B3A6700367B1F /* 91@2x.png */ = {isa = PBXFileReference; lastKnownFileType = image.png; path = "91@2x.png"; sourceTree = "<group>"; };
		33078BF01D4B3A6700367B1F /* 92@2x.png */ = {isa = PBXFileReference; lastKnownFileType = image.png; path = "92@2x.png"; sourceTree = "<group>"; };
		33078BF11D4B3A6700367B1F /* 93@2x.png */ = {isa = PBXFileReference; lastKnownFileType = image.png; path = "93@2x.png"; sourceTree = "<group>"; };
		33078BF21D4B3A6700367B1F /* 94@2x.png */ = {isa = PBXFileReference; lastKnownFileType = image.png; path = "94@2x.png"; sourceTree = "<group>"; };
		33078BF31D4B3A6700367B1F /* 95@2x.png */ = {isa = PBXFileReference; lastKnownFileType = image.png; path = "95@2x.png"; sourceTree = "<group>"; };
		33078BF41D4B3A6700367B1F /* 96@2x.png */ = {isa = PBXFileReference; lastKnownFileType = image.png; path = "96@2x.png"; sourceTree = "<group>"; };
		33078BF51D4B3A6700367B1F /* 97@2x.png */ = {isa = PBXFileReference; lastKnownFileType = image.png; path = "97@2x.png"; sourceTree = "<group>"; };
		33078BF61D4B3A6700367B1F /* 98@2x.png */ = {isa = PBXFileReference; lastKnownFileType = image.png; path = "98@2x.png"; sourceTree = "<group>"; };
		33078BF71D4B3A6700367B1F /* 99@2x.png */ = {isa = PBXFileReference; lastKnownFileType = image.png; path = "99@2x.png"; sourceTree = "<group>"; };
		33078BF81D4B3A6700367B1F /* 9@2x.png */ = {isa = PBXFileReference; lastKnownFileType = image.png; path = "9@2x.png"; sourceTree = "<group>"; };
		3388D0C81D49B839009BC34B /* Poke Hunter.app */ = {isa = PBXFileReference; explicitFileType = wrapper.application; includeInIndex = 0; path = "Poke Hunter.app"; sourceTree = BUILT_PRODUCTS_DIR; };
		3388D0CC1D49B839009BC34B /* main.m */ = {isa = PBXFileReference; lastKnownFileType = sourcecode.c.objc; path = main.m; sourceTree = "<group>"; };
		3388D0CE1D49B839009BC34B /* AppDelegate.h */ = {isa = PBXFileReference; lastKnownFileType = sourcecode.c.h; path = AppDelegate.h; sourceTree = "<group>"; };
		3388D0CF1D49B839009BC34B /* AppDelegate.m */ = {isa = PBXFileReference; lastKnownFileType = sourcecode.c.objc; path = AppDelegate.m; sourceTree = "<group>"; };
		3388D0D51D49B839009BC34B /* Base */ = {isa = PBXFileReference; lastKnownFileType = file.storyboard; name = Base; path = Base.lproj/Main.storyboard; sourceTree = "<group>"; };
		3388D0D71D49B839009BC34B /* Assets.xcassets */ = {isa = PBXFileReference; lastKnownFileType = folder.assetcatalog; path = Assets.xcassets; sourceTree = "<group>"; };
		3388D0DA1D49B839009BC34B /* Base */ = {isa = PBXFileReference; lastKnownFileType = file.storyboard; name = Base; path = Base.lproj/LaunchScreen.storyboard; sourceTree = "<group>"; };
		3388D0DC1D49B839009BC34B /* Info.plist */ = {isa = PBXFileReference; lastKnownFileType = text.plist.xml; path = Info.plist; sourceTree = "<group>"; };
		5C6F06C0F824EF7C481B4870 /* Pods-Poke Hunter.debug.xcconfig */ = {isa = PBXFileReference; includeInIndex = 1; lastKnownFileType = text.xcconfig; name = "Pods-Poke Hunter.debug.xcconfig"; path = "Pods/Target Support Files/Pods-Poke Hunter/Pods-Poke Hunter.debug.xcconfig"; sourceTree = "<group>"; };
		940F60965D0BB8327A1B79B7 /* Pods-Poke Hunter.release.xcconfig */ = {isa = PBXFileReference; includeInIndex = 1; lastKnownFileType = text.xcconfig; name = "Pods-Poke Hunter.release.xcconfig"; path = "Pods/Target Support Files/Pods-Poke Hunter/Pods-Poke Hunter.release.xcconfig"; sourceTree = "<group>"; };
		DC68C8CFF6AC0B5D24B5C651 /* Pods_Poke_Hunter.framework */ = {isa = PBXFileReference; explicitFileType = wrapper.framework; includeInIndex = 0; path = Pods_Poke_Hunter.framework; sourceTree = BUILT_PRODUCTS_DIR; };
/* End PBXFileReference section */

/* Begin PBXFrameworksBuildPhase section */
		3388D0C51D49B839009BC34B /* Frameworks */ = {
			isa = PBXFrameworksBuildPhase;
			buildActionMask = 2147483647;
			files = (
				7D7E396BB185CDBB647DA07C /* Pods_Poke_Hunter.framework in Frameworks */,
			);
			runOnlyForDeploymentPostprocessing = 0;
		};
/* End PBXFrameworksBuildPhase section */

/* Begin PBXGroup section */
		33078B611D4B3A6600367B1F /* pokepngs */ = {
			isa = PBXGroup;
			children = (
				33078B621D4B3A6600367B1F /* 100@2x.png */,
				33078B631D4B3A6600367B1F /* 101@2x.png */,
				33078B641D4B3A6600367B1F /* 102@2x.png */,
				33078B651D4B3A6600367B1F /* 103@2x.png */,
				33078B661D4B3A6600367B1F /* 104@2x.png */,
				33078B671D4B3A6600367B1F /* 105@2x.png */,
				33078B681D4B3A6600367B1F /* 106@2x.png */,
				33078B691D4B3A6600367B1F /* 107@2x.png */,
				33078B6A1D4B3A6600367B1F /* 108@2x.png */,
				33078B6B1D4B3A6600367B1F /* 109@2x.png */,
				33078B6C1D4B3A6600367B1F /* 10@2x.png */,
				33078B6D1D4B3A6600367B1F /* 110@2x.png */,
				33078B6E1D4B3A6600367B1F /* 111@2x.png */,
				33078B6F1D4B3A6600367B1F /* 112@2x.png */,
				33078B701D4B3A6600367B1F /* 113@2x.png */,
				33078B711D4B3A6600367B1F /* 114@2x.png */,
				33078B721D4B3A6600367B1F /* 115@2x.png */,
				33078B731D4B3A6600367B1F /* 116@2x.png */,
				33078B741D4B3A6600367B1F /* 117@2x.png */,
				33078B751D4B3A6600367B1F /* 118@2x.png */,
				33078B761D4B3A6600367B1F /* 119@2x.png */,
				33078B771D4B3A6600367B1F /* 11@2x.png */,
				33078B781D4B3A6600367B1F /* 120@2x.png */,
				33078B791D4B3A6600367B1F /* 121@2x.png */,
				33078B7A1D4B3A6600367B1F /* 122@2x.png */,
				33078B7B1D4B3A6600367B1F /* 123@2x.png */,
				33078B7C1D4B3A6600367B1F /* 124@2x.png */,
				33078B7D1D4B3A6600367B1F /* 125@2x.png */,
				33078B7E1D4B3A6600367B1F /* 126@2x.png */,
				33078B7F1D4B3A6600367B1F /* 127@2x.png */,
				33078B801D4B3A6600367B1F /* 128@2x.png */,
				33078B811D4B3A6600367B1F /* 129@2x.png */,
				33078B821D4B3A6600367B1F /* 12@2x.png */,
				33078B831D4B3A6600367B1F /* 130@2x.png */,
				33078B841D4B3A6600367B1F /* 131@2x.png */,
				33078B851D4B3A6600367B1F /* 132@2x.png */,
				33078B861D4B3A6600367B1F /* 133@2x.png */,
				33078B871D4B3A6600367B1F /* 134@2x.png */,
				33078B881D4B3A6600367B1F /* 135@2x.png */,
				33078B891D4B3A6600367B1F /* 136@2x.png */,
				33078B8A1D4B3A6600367B1F /* 137@2x.png */,
				33078B8B1D4B3A6600367B1F /* 138@2x.png */,
				33078B8C1D4B3A6600367B1F /* 139@2x.png */,
				33078B8D1D4B3A6600367B1F /* 13@2x.png */,
				33078B8E1D4B3A6600367B1F /* 140@2x.png */,
				33078B8F1D4B3A6600367B1F /* 141@2x.png */,
				33078B901D4B3A6600367B1F /* 142@2x.png */,
				33078B911D4B3A6600367B1F /* 143@2x.png */,
				33078B921D4B3A6600367B1F /* 144@2x.png */,
				33078B931D4B3A6600367B1F /* 145@2x.png */,
				33078B941D4B3A6600367B1F /* 146@2x.png */,
				33078B951D4B3A6600367B1F /* 147@2x.png */,
				33078B961D4B3A6600367B1F /* 148@2x.png */,
				33078B971D4B3A6600367B1F /* 149@2x.png */,
				33078B981D4B3A6600367B1F /* 14@2x.png */,
				33078B991D4B3A6600367B1F /* 150@2x.png */,
				33078B9A1D4B3A6600367B1F /* 151@2x.png */,
				33078B9B1D4B3A6600367B1F /* 15@2x.png */,
				33078B9C1D4B3A6600367B1F /* 16@2x.png */,
				33078B9D1D4B3A6600367B1F /* 17@2x.png */,
				33078B9E1D4B3A6600367B1F /* 18@2x.png */,
				33078B9F1D4B3A6600367B1F /* 19@2x.png */,
				33078BA01D4B3A6600367B1F /* 1@2x.png */,
				33078BA11D4B3A6600367B1F /* 20@2x.png */,
				33078BA21D4B3A6600367B1F /* 21@2x.png */,
				33078BA31D4B3A6600367B1F /* 22@2x.png */,
				33078BA41D4B3A6600367B1F /* 23@2x.png */,
				33078BA51D4B3A6600367B1F /* 24@2x.png */,
				33078BA61D4B3A6600367B1F /* 25@2x.png */,
				33078BA71D4B3A6600367B1F /* 26@2x.png */,
				33078BA81D4B3A6600367B1F /* 27@2x.png */,
				33078BA91D4B3A6600367B1F /* 28@2x.png */,
				33078BAA1D4B3A6600367B1F /* 29@2x.png */,
				33078BAB1D4B3A6600367B1F /* 2@2x.png */,
				33078BAC1D4B3A6600367B1F /* 30@2x.png */,
				33078BAD1D4B3A6600367B1F /* 31@2x.png */,
				33078BAE1D4B3A6600367B1F /* 32@2x.png */,
				33078BAF1D4B3A6600367B1F /* 33@2x.png */,
				33078BB01D4B3A6600367B1F /* 34@2x.png */,
				33078BB11D4B3A6600367B1F /* 35@2x.png */,
				33078BB21D4B3A6600367B1F /* 36@2x.png */,
				33078BB31D4B3A6600367B1F /* 37@2x.png */,
				33078BB41D4B3A6600367B1F /* 38@2x.png */,
				33078BB51D4B3A6600367B1F /* 39@2x.png */,
				33078BB61D4B3A6600367B1F /* 3@2x.png */,
				33078BB71D4B3A6600367B1F /* 40@2x.png */,
				33078BB81D4B3A6600367B1F /* 41@2x.png */,
				33078BB91D4B3A6600367B1F /* 42@2x.png */,
				33078BBA1D4B3A6600367B1F /* 43@2x.png */,
				33078BBB1D4B3A6600367B1F /* 44@2x.png */,
				33078BBC1D4B3A6600367B1F /* 45@2x.png */,
				33078BBD1D4B3A6600367B1F /* 46@2x.png */,
				33078BBE1D4B3A6600367B1F /* 47@2x.png */,
				33078BBF1D4B3A6600367B1F /* 48@2x.png */,
				33078BC01D4B3A6600367B1F /* 49@2x.png */,
				33078BC11D4B3A6600367B1F /* 4@2x.png */,
				33078BC21D4B3A6600367B1F /* 50@2x.png */,
				33078BC31D4B3A6600367B1F /* 51@2x.png */,
				33078BC41D4B3A6600367B1F /* 52@2x.png */,
				33078BC51D4B3A6600367B1F /* 53@2x.png */,
				33078BC61D4B3A6600367B1F /* 54@2x.png */,
				33078BC71D4B3A6600367B1F /* 55@2x.png */,
				33078BC81D4B3A6600367B1F /* 56@2x.png */,
				33078BC91D4B3A6600367B1F /* 57@2x.png */,
				33078BCA1D4B3A6600367B1F /* 58@2x.png */,
				33078BCB1D4B3A6600367B1F /* 59@2x.png */,
				33078BCC1D4B3A6600367B1F /* 5@2x.png */,
				33078BCD1D4B3A6600367B1F /* 60@2x.png */,
				33078BCE1D4B3A6600367B1F /* 61@2x.png */,
				33078BCF1D4B3A6600367B1F /* 62@2x.png */,
				33078BD01D4B3A6600367B1F /* 63@2x.png */,
				33078BD11D4B3A6600367B1F /* 64@2x.png */,
				33078BD21D4B3A6600367B1F /* 65@2x.png */,
				33078BD31D4B3A6600367B1F /* 66@2x.png */,
				33078BD41D4B3A6600367B1F /* 67@2x.png */,
				33078BD51D4B3A6600367B1F /* 68@2x.png */,
				33078BD61D4B3A6600367B1F /* 69@2x.png */,
				33078BD71D4B3A6600367B1F /* 6@2x.png */,
				33078BD81D4B3A6600367B1F /* 70@2x.png */,
				33078BD91D4B3A6600367B1F /* 71@2x.png */,
				33078BDA1D4B3A6600367B1F /* 72@2x.png */,
				33078BDB1D4B3A6600367B1F /* 73@2x.png */,
				33078BDC1D4B3A6600367B1F /* 74@2x.png */,
				33078BDD1D4B3A6600367B1F /* 75@2x.png */,
				33078BDE1D4B3A6600367B1F /* 76@2x.png */,
				33078BDF1D4B3A6600367B1F /* 77@2x.png */,
				33078BE01D4B3A6600367B1F /* 78@2x.png */,
				33078BE11D4B3A6600367B1F /* 79@2x.png */,
				33078BE21D4B3A6600367B1F /* 7@2x.png */,
				33078BE31D4B3A6600367B1F /* 80@2x.png */,
				33078BE41D4B3A6700367B1F /* 81@2x.png */,
				33078BE51D4B3A6700367B1F /* 82@2x.png */,
				33078BE61D4B3A6700367B1F /* 83@2x.png */,
				33078BE71D4B3A6700367B1F /* 84@2x.png */,
				33078BE81D4B3A6700367B1F /* 85@2x.png */,
				33078BE91D4B3A6700367B1F /* 86@2x.png */,
				33078BEA1D4B3A6700367B1F /* 87@2x.png */,
				33078BEB1D4B3A6700367B1F /* 88@2x.png */,
				33078BEC1D4B3A6700367B1F /* 89@2x.png */,
				33078BED1D4B3A6700367B1F /* 8@2x.png */,
				33078BEE1D4B3A6700367B1F /* 90@2x.png */,
				33078BEF1D4B3A6700367B1F /* 91@2x.png */,
				33078BF01D4B3A6700367B1F /* 92@2x.png */,
				33078BF11D4B3A6700367B1F /* 93@2x.png */,
				33078BF21D4B3A6700367B1F /* 94@2x.png */,
				33078BF31D4B3A6700367B1F /* 95@2x.png */,
				33078BF41D4B3A6700367B1F /* 96@2x.png */,
				33078BF51D4B3A6700367B1F /* 97@2x.png */,
				33078BF61D4B3A6700367B1F /* 98@2x.png */,
				33078BF71D4B3A6700367B1F /* 99@2x.png */,
				33078BF81D4B3A6700367B1F /* 9@2x.png */,
			);
			name = pokepngs;
			path = test/pokepngs;
			sourceTree = "<group>";
		};
		3388D0BF1D49B839009BC34B = {
			isa = PBXGroup;
			children = (
				33078B611D4B3A6600367B1F /* pokepngs */,
				33078B581D4A2FBD00367B1F /* BasicMapAnnotation.h */,
				33078B591D4A2FBD00367B1F /* BasicMapAnnotation.m */,
				33078B511D49CE0A00367B1F /* help@2x.png */,
				33078B521D49CE0A00367B1F /* scan@2x.png */,
				33078B4F1D49CA8500367B1F /* Search@2x.png */,
				33078B4C1D49C5A700367B1F /* APIClient.h */,
				33078B4D1D49C5A700367B1F /* APIClient.m */,
				33078B481D49C45800367B1F /* PokeHunter.pch */,
				33078B491D49C51700367B1F /* CALayer+XibConfiguration.m */,
				33078B4A1D49C51700367B1F /* CALayer+XibConfiguration.h */,
				3388D0CA1D49B839009BC34B /* Poke Hunter */,
				3388D0C91D49B839009BC34B /* Products */,
				B5BD72C123512C553EDEDFA7 /* Pods */,
				6A7EDB9558F289299646CE8C /* Frameworks */,
			);
			sourceTree = "<group>";
		};
		3388D0C91D49B839009BC34B /* Products */ = {
			isa = PBXGroup;
			children = (
				3388D0C81D49B839009BC34B /* Poke Hunter.app */,
			);
			name = Products;
			sourceTree = "<group>";
		};
		3388D0CA1D49B839009BC34B /* Poke Hunter */ = {
			isa = PBXGroup;
			children = (
				33078B461D49C3D700367B1F /* GoogleService-Info.plist */,
				3388D0CE1D49B839009BC34B /* AppDelegate.h */,
				3388D0CF1D49B839009BC34B /* AppDelegate.m */,
				33078B551D49D91300367B1F /* Map.h */,
				33078B561D49D91300367B1F /* Map.m */,
				3388D0D41D49B839009BC34B /* Main.storyboard */,
				3388D0D71D49B839009BC34B /* Assets.xcassets */,
				3388D0D91D49B839009BC34B /* LaunchScreen.storyboard */,
				3388D0DC1D49B839009BC34B /* Info.plist */,
				3388D0CB1D49B839009BC34B /* Supporting Files */,
			);
			path = "Poke Hunter";
			sourceTree = "<group>";
		};
		3388D0CB1D49B839009BC34B /* Supporting Files */ = {
			isa = PBXGroup;
			children = (
				3388D0CC1D49B839009BC34B /* main.m */,
			);
			name = "Supporting Files";
			sourceTree = "<group>";
		};
		6A7EDB9558F289299646CE8C /* Frameworks */ = {
			isa = PBXGroup;
			children = (
				DC68C8CFF6AC0B5D24B5C651 /* Pods_Poke_Hunter.framework */,
			);
			name = Frameworks;
			sourceTree = "<group>";
		};
		B5BD72C123512C553EDEDFA7 /* Pods */ = {
			isa = PBXGroup;
			children = (
				5C6F06C0F824EF7C481B4870 /* Pods-Poke Hunter.debug.xcconfig */,
				940F60965D0BB8327A1B79B7 /* Pods-Poke Hunter.release.xcconfig */,
			);
			name = Pods;
			sourceTree = "<group>";
		};
/* End PBXGroup section */

/* Begin PBXNativeTarget section */
		3388D0C71D49B839009BC34B /* Poke Hunter */ = {
			isa = PBXNativeTarget;
			buildConfigurationList = 3388D0DF1D49B839009BC34B /* Build configuration list for PBXNativeTarget "Poke Hunter" */;
			buildPhases = (
				0C431CFCFC79339CC0F9BDFC /* 📦 Check Pods Manifest.lock */,
				3388D0C41D49B839009BC34B /* Sources */,
				3388D0C51D49B839009BC34B /* Frameworks */,
				3388D0C61D49B839009BC34B /* Resources */,
				DF7F00DAEF28A4AC02C30FB5 /* 📦 Embed Pods Frameworks */,
				6D6DB848D17F13FCC53202F3 /* 📦 Copy Pods Resources */,
			);
			buildRules = (
			);
			dependencies = (
			);
			name = "Poke Hunter";
			productName = "Poke Hunter";
			productReference = 3388D0C81D49B839009BC34B /* Poke Hunter.app */;
			productType = "com.apple.product-type.application";
		};
/* End PBXNativeTarget section */

/* Begin PBXProject section */
		3388D0C01D49B839009BC34B /* Project object */ = {
			isa = PBXProject;
			attributes = {
				LastUpgradeCheck = 0730;
				ORGANIZATIONNAME = "iToyToy Limited";
				TargetAttributes = {
					3388D0C71D49B839009BC34B = {
						CreatedOnToolsVersion = 7.3;
					};
				};
			};
			buildConfigurationList = 3388D0C31D49B839009BC34B /* Build configuration list for PBXProject "Poke Hunter" */;
			compatibilityVersion = "Xcode 3.2";
			developmentRegion = English;
			hasScannedForEncodings = 0;
			knownRegions = (
				en,
				Base,
			);
			mainGroup = 3388D0BF1D49B839009BC34B;
			productRefGroup = 3388D0C91D49B839009BC34B /* Products */;
			projectDirPath = "";
			projectRoot = "";
			targets = (
				3388D0C71D49B839009BC34B /* Poke Hunter */,
			);
		};
/* End PBXProject section */

/* Begin PBXResourcesBuildPhase section */
		3388D0C61D49B839009BC34B /* Resources */ = {
			isa = PBXResourcesBuildPhase;
			buildActionMask = 2147483647;
			files = (
				33078C4D1D4B3A6700367B1F /* 3@2x.png in Resources */,
				33078C461D4B3A6700367B1F /* 33@2x.png in Resources */,
				33078C421D4B3A6700367B1F /* 2@2x.png in Resources */,
				33078C011D4B3A6700367B1F /* 108@2x.png in Resources */,
				33078BFF1D4B3A6700367B1F /* 106@2x.png in Resources */,
				33078C1C1D4B3A6700367B1F /* 132@2x.png in Resources */,
				33078C841D4B3A6700367B1F /* 8@2x.png in Resources */,
				33078C331D4B3A6700367B1F /* 16@2x.png in Resources */,
				33078C1E1D4B3A6700367B1F /* 134@2x.png in Resources */,
				33078C0D1D4B3A6700367B1F /* 119@2x.png in Resources */,
				33078C8A1D4B3A6700367B1F /* 95@2x.png in Resources */,
				33078C8C1D4B3A6700367B1F /* 97@2x.png in Resources */,
				33078C7D1D4B3A6700367B1F /* 83@2x.png in Resources */,
				33078C101D4B3A6700367B1F /* 121@2x.png in Resources */,
				33078C3F1D4B3A6700367B1F /* 27@2x.png in Resources */,
				33078BF91D4B3A6700367B1F /* 100@2x.png in Resources */,
				33078C4E1D4B3A6700367B1F /* 40@2x.png in Resources */,
				3388D0DB1D49B839009BC34B /* LaunchScreen.storyboard in Resources */,
				33078C681D4B3A6700367B1F /* 64@2x.png in Resources */,
				33078C661D4B3A6700367B1F /* 62@2x.png in Resources */,
				33078C271D4B3A6700367B1F /* 142@2x.png in Resources */,
				33078C441D4B3A6700367B1F /* 31@2x.png in Resources */,
				33078BFB1D4B3A6700367B1F /* 102@2x.png in Resources */,
				33078C551D4B3A6700367B1F /* 47@2x.png in Resources */,
				33078C811D4B3A6700367B1F /* 87@2x.png in Resources */,
				33078C791D4B3A6700367B1F /* 7@2x.png in Resources */,
				33078BFE1D4B3A6700367B1F /* 105@2x.png in Resources */,
				33078C611D4B3A6700367B1F /* 58@2x.png in Resources */,
				33078C601D4B3A6700367B1F /* 57@2x.png in Resources */,
				33078C651D4B3A6700367B1F /* 61@2x.png in Resources */,
				33078C5A1D4B3A6700367B1F /* 51@2x.png in Resources */,
				33078C691D4B3A6700367B1F /* 65@2x.png in Resources */,
				33078C541D4B3A6700367B1F /* 46@2x.png in Resources */,
				33078C0B1D4B3A6700367B1F /* 117@2x.png in Resources */,
				33078C4F1D4B3A6700367B1F /* 41@2x.png in Resources */,
				33078C1A1D4B3A6700367B1F /* 130@2x.png in Resources */,
				33078C4A1D4B3A6700367B1F /* 37@2x.png in Resources */,
				33078C251D4B3A6700367B1F /* 140@2x.png in Resources */,
				33078C781D4B3A6700367B1F /* 79@2x.png in Resources */,
				33078C141D4B3A6700367B1F /* 125@2x.png in Resources */,
				33078C6D1D4B3A6700367B1F /* 69@2x.png in Resources */,
				33078C561D4B3A6700367B1F /* 48@2x.png in Resources */,
				33078C091D4B3A6700367B1F /* 115@2x.png in Resources */,
				33078C6B1D4B3A6700367B1F /* 67@2x.png in Resources */,
				33078C051D4B3A6700367B1F /* 111@2x.png in Resources */,
				33078C281D4B3A6700367B1F /* 143@2x.png in Resources */,
				33078C351D4B3A6700367B1F /* 18@2x.png in Resources */,
				33078C2C1D4B3A6700367B1F /* 147@2x.png in Resources */,
				33078C3D1D4B3A6700367B1F /* 25@2x.png in Resources */,
				33078C571D4B3A6700367B1F /* 49@2x.png in Resources */,
				33078BFC1D4B3A6700367B1F /* 103@2x.png in Resources */,
				33078C591D4B3A6700367B1F /* 50@2x.png in Resources */,
				33078BFD1D4B3A6700367B1F /* 104@2x.png in Resources */,
				33078C7F1D4B3A6700367B1F /* 85@2x.png in Resources */,
				33078C831D4B3A6700367B1F /* 89@2x.png in Resources */,
				33078C8E1D4B3A6700367B1F /* 99@2x.png in Resources */,
				33078C061D4B3A6700367B1F /* 112@2x.png in Resources */,
				33078C301D4B3A6700367B1F /* 150@2x.png in Resources */,
				33078C231D4B3A6700367B1F /* 139@2x.png in Resources */,
				33078C211D4B3A6700367B1F /* 137@2x.png in Resources */,
				33078C001D4B3A6700367B1F /* 107@2x.png in Resources */,
				33078C7E1D4B3A6700367B1F /* 84@2x.png in Resources */,
				33078C891D4B3A6700367B1F /* 94@2x.png in Resources */,
				33078C741D4B3A6700367B1F /* 75@2x.png in Resources */,
				33078C431D4B3A6700367B1F /* 30@2x.png in Resources */,
				33078C871D4B3A6700367B1F /* 92@2x.png in Resources */,
				33078C2E1D4B3A6700367B1F /* 149@2x.png in Resources */,
				33078C521D4B3A6700367B1F /* 44@2x.png in Resources */,
				33078C7B1D4B3A6700367B1F /* 81@2x.png in Resources */,
				33078C631D4B3A6700367B1F /* 5@2x.png in Resources */,
				33078C241D4B3A6700367B1F /* 13@2x.png in Resources */,
				33078C2F1D4B3A6700367B1F /* 14@2x.png in Resources */,
				33078C411D4B3A6700367B1F /* 29@2x.png in Resources */,
				33078C151D4B3A6700367B1F /* 126@2x.png in Resources */,
				33078C7C1D4B3A6700367B1F /* 82@2x.png in Resources */,
				33078C1B1D4B3A6700367B1F /* 131@2x.png in Resources */,
				33078C361D4B3A6700367B1F /* 19@2x.png in Resources */,
				33078C511D4B3A6700367B1F /* 43@2x.png in Resources */,
				33078C191D4B3A6700367B1F /* 12@2x.png in Resources */,
				33078B471D49C3D700367B1F /* GoogleService-Info.plist in Resources */,
				33078C081D4B3A6700367B1F /* 114@2x.png in Resources */,
				33078C401D4B3A6700367B1F /* 28@2x.png in Resources */,
				33078C771D4B3A6700367B1F /* 78@2x.png in Resources */,
				33078C181D4B3A6700367B1F /* 129@2x.png in Resources */,
				33078C641D4B3A6700367B1F /* 60@2x.png in Resources */,
				33078C2D1D4B3A6700367B1F /* 148@2x.png in Resources */,
				33078B501D49CA8500367B1F /* Search@2x.png in Resources */,
				33078C3E1D4B3A6700367B1F /* 26@2x.png in Resources */,
				33078C0E1D4B3A6700367B1F /* 11@2x.png in Resources */,
				33078C1D1D4B3A6700367B1F /* 133@2x.png in Resources */,
				33078C2B1D4B3A6700367B1F /* 146@2x.png in Resources */,
				33078C161D4B3A6700367B1F /* 127@2x.png in Resources */,
				33078C8D1D4B3A6700367B1F /* 98@2x.png in Resources */,
				33078C531D4B3A6700367B1F /* 45@2x.png in Resources */,
				33078C321D4B3A6700367B1F /* 15@2x.png in Resources */,
				33078C6F1D4B3A6700367B1F /* 70@2x.png in Resources */,
				33078C5E1D4B3A6700367B1F /* 55@2x.png in Resources */,
				33078C711D4B3A6700367B1F /* 72@2x.png in Resources */,
				33078C2A1D4B3A6700367B1F /* 145@2x.png in Resources */,
				33078C671D4B3A6700367B1F /* 63@2x.png in Resources */,
				33078C751D4B3A6700367B1F /* 76@2x.png in Resources */,
				33078C761D4B3A6700367B1F /* 77@2x.png in Resources */,
				33078C6A1D4B3A6700367B1F /* 66@2x.png in Resources */,
				33078BFA1D4B3A6700367B1F /* 101@2x.png in Resources */,
				33078C481D4B3A6700367B1F /* 35@2x.png in Resources */,
				33078C6C1D4B3A6700367B1F /* 68@2x.png in Resources */,
				33078C3A1D4B3A6700367B1F /* 22@2x.png in Resources */,
				33078C881D4B3A6700367B1F /* 93@2x.png in Resources */,
				33078C5C1D4B3A6700367B1F /* 53@2x.png in Resources */,
				33078C801D4B3A6700367B1F /* 86@2x.png in Resources */,
				3388D0D81D49B839009BC34B /* Assets.xcassets in Resources */,
				33078C6E1D4B3A6700367B1F /* 6@2x.png in Resources */,
				33078C0F1D4B3A6700367B1F /* 120@2x.png in Resources */,
				33078C391D4B3A6700367B1F /* 21@2x.png in Resources */,
				33078C0C1D4B3A6700367B1F /* 118@2x.png in Resources */,
				33078C041D4B3A6700367B1F /* 110@2x.png in Resources */,
				33078C4C1D4B3A6700367B1F /* 39@2x.png in Resources */,
				33078C071D4B3A6700367B1F /* 113@2x.png in Resources */,
				33078C821D4B3A6700367B1F /* 88@2x.png in Resources */,
				33078C5D1D4B3A6700367B1F /* 54@2x.png in Resources */,
				33078C4B1D4B3A6700367B1F /* 38@2x.png in Resources */,
				33078C721D4B3A6700367B1F /* 73@2x.png in Resources */,
				33078C171D4B3A6700367B1F /* 128@2x.png in Resources */,
				33078C031D4B3A6700367B1F /* 10@2x.png in Resources */,
				33078C501D4B3A6700367B1F /* 42@2x.png in Resources */,
				33078C471D4B3A6700367B1F /* 34@2x.png in Resources */,
				3388D0D61D49B839009BC34B /* Main.storyboard in Resources */,
				33078C341D4B3A6700367B1F /* 17@2x.png in Resources */,
				33078C701D4B3A6700367B1F /* 71@2x.png in Resources */,
				33078C3C1D4B3A6700367B1F /* 24@2x.png in Resources */,
				33078C7A1D4B3A6700367B1F /* 80@2x.png in Resources */,
				33078C731D4B3A6700367B1F /* 74@2x.png in Resources */,
				33078C8F1D4B3A6700367B1F /* 9@2x.png in Resources */,
				33078C621D4B3A6700367B1F /* 59@2x.png in Resources */,
				33078C5F1D4B3A6700367B1F /* 56@2x.png in Resources */,
				33078C581D4B3A6700367B1F /* 4@2x.png in Resources */,
				33078C221D4B3A6700367B1F /* 138@2x.png in Resources */,
				33078C0A1D4B3A6700367B1F /* 116@2x.png in Resources */,
				33078C131D4B3A6700367B1F /* 124@2x.png in Resources */,
				33078C261D4B3A6700367B1F /* 141@2x.png in Resources */,
				33078C451D4B3A6700367B1F /* 32@2x.png in Resources */,
				33078C8B1D4B3A6700367B1F /* 96@2x.png in Resources */,
				33078C861D4B3A6700367B1F /* 91@2x.png in Resources */,
				33078C381D4B3A6700367B1F /* 20@2x.png in Resources */,
				33078C291D4B3A6700367B1F /* 144@2x.png in Resources */,
				33078C201D4B3A6700367B1F /* 136@2x.png in Resources */,
				33078C3B1D4B3A6700367B1F /* 23@2x.png in Resources */,
				33078C491D4B3A6700367B1F /* 36@2x.png in Resources */,
				33078C371D4B3A6700367B1F /* 1@2x.png in Resources */,
				33078C111D4B3A6700367B1F /* 122@2x.png in Resources */,
				33078C121D4B3A6700367B1F /* 123@2x.png in Resources */,
				33078C1F1D4B3A6700367B1F /* 135@2x.png in Resources */,
				33078C021D4B3A6700367B1F /* 109@2x.png in Resources */,
				33078C851D4B3A6700367B1F /* 90@2x.png in Resources */,
				33078B531D49CE0A00367B1F /* help@2x.png in Resources */,
				33078C5B1D4B3A6700367B1F /* 52@2x.png in Resources */,
				33078C311D4B3A6700367B1F /* 151@2x.png in Resources */,
				33078B541D49CE0A00367B1F /* scan@2x.png in Resources */,
			);
			runOnlyForDeploymentPostprocessing = 0;
		};
/* End PBXResourcesBuildPhase section */

/* Begin PBXShellScriptBuildPhase section */
		0C431CFCFC79339CC0F9BDFC /* 📦 Check Pods Manifest.lock */ = {
			isa = PBXShellScriptBuildPhase;
			buildActionMask = 2147483647;
			files = (
			);
			inputPaths = (
			);
			name = "📦 Check Pods Manifest.lock";
			outputPaths = (
			);
			runOnlyForDeploymentPostprocessing = 0;
			shellPath = /bin/sh;
			shellScript = "diff \"${PODS_ROOT}/../Podfile.lock\" \"${PODS_ROOT}/Manifest.lock\" > /dev/null\nif [[ $? != 0 ]] ; then\n    cat << EOM\nerror: The sandbox is not in sync with the Podfile.lock. Run 'pod install' or update your CocoaPods installation.\nEOM\n    exit 1\nfi\n";
			showEnvVarsInLog = 0;
		};
		6D6DB848D17F13FCC53202F3 /* 📦 Copy Pods Resources */ = {
			isa = PBXShellScriptBuildPhase;
			buildActionMask = 2147483647;
			files = (
			);
			inputPaths = (
			);
			name = "📦 Copy Pods Resources";
			outputPaths = (
			);
			runOnlyForDeploymentPostprocessing = 0;
			shellPath = /bin/sh;
			shellScript = "\"${SRCROOT}/Pods/Target Support Files/Pods-Poke Hunter/Pods-Poke Hunter-resources.sh\"\n";
			showEnvVarsInLog = 0;
		};
		DF7F00DAEF28A4AC02C30FB5 /* 📦 Embed Pods Frameworks */ = {
			isa = PBXShellScriptBuildPhase;
			buildActionMask = 2147483647;
			files = (
			);
			inputPaths = (
			);
			name = "📦 Embed Pods Frameworks";
			outputPaths = (
			);
			runOnlyForDeploymentPostprocessing = 0;
			shellPath = /bin/sh;
			shellScript = "\"${SRCROOT}/Pods/Target Support Files/Pods-Poke Hunter/Pods-Poke Hunter-frameworks.sh\"\n";
			showEnvVarsInLog = 0;
		};
/* End PBXShellScriptBuildPhase section */

/* Begin PBXSourcesBuildPhase section */
		3388D0C41D49B839009BC34B /* Sources */ = {
			isa = PBXSourcesBuildPhase;
			buildActionMask = 2147483647;
			files = (
				33078B5A1D4A2FBD00367B1F /* BasicMapAnnotation.m in Sources */,
				33078B571D49D91300367B1F /* Map.m in Sources */,
				33078B4E1D49C5A700367B1F /* APIClient.m in Sources */,
				33078B4B1D49C51700367B1F /* CALayer+XibConfiguration.m in Sources */,
				3388D0D01D49B839009BC34B /* AppDelegate.m in Sources */,
				3388D0CD1D49B839009BC34B /* main.m in Sources */,
			);
			runOnlyForDeploymentPostprocessing = 0;
		};
/* End PBXSourcesBuildPhase section */

/* Begin PBXVariantGroup section */
		3388D0D41D49B839009BC34B /* Main.storyboard */ = {
			isa = PBXVariantGroup;
			children = (
				3388D0D51D49B839009BC34B /* Base */,
			);
			name = Main.storyboard;
			sourceTree = "<group>";
		};
		3388D0D91D49B839009BC34B /* LaunchScreen.storyboard */ = {
			isa = PBXVariantGroup;
			children = (
				3388D0DA1D49B839009BC34B /* Base */,
			);
			name = LaunchScreen.storyboard;
			sourceTree = "<group>";
		};
/* End PBXVariantGroup section */

/* Begin XCBuildConfiguration section */
		3388D0DD1D49B839009BC34B /* Debug */ = {
			isa = XCBuildConfiguration;
			buildSettings = {
				ALWAYS_SEARCH_USER_PATHS = NO;
				CLANG_ANALYZER_NONNULL = YES;
				CLANG_CXX_LANGUAGE_STANDARD = "gnu++0x";
				CLANG_CXX_LIBRARY = "libc++";
				CLANG_ENABLE_MODULES = YES;
				CLANG_ENABLE_OBJC_ARC = YES;
				CLANG_WARN_BOOL_CONVERSION = YES;
				CLANG_WARN_CONSTANT_CONVERSION = YES;
				CLANG_WARN_DIRECT_OBJC_ISA_USAGE = YES_ERROR;
				CLANG_WARN_EMPTY_BODY = YES;
				CLANG_WARN_ENUM_CONVERSION = YES;
				CLANG_WARN_INT_CONVERSION = YES;
				CLANG_WARN_OBJC_ROOT_CLASS = YES_ERROR;
				CLANG_WARN_UNREACHABLE_CODE = YES;
				CLANG_WARN__DUPLICATE_METHOD_MATCH = YES;
				"CODE_SIGN_IDENTITY[sdk=iphoneos*]" = "iPhone Developer";
				COPY_PHASE_STRIP = NO;
				DEBUG_INFORMATION_FORMAT = dwarf;
				ENABLE_STRICT_OBJC_MSGSEND = YES;
				ENABLE_TESTABILITY = YES;
				GCC_C_LANGUAGE_STANDARD = gnu99;
				GCC_DYNAMIC_NO_PIC = NO;
				GCC_NO_COMMON_BLOCKS = YES;
				GCC_OPTIMIZATION_LEVEL = 0;
				GCC_PREPROCESSOR_DEFINITIONS = (
					"DEBUG=1",
					"$(inherited)",
				);
				GCC_WARN_64_TO_32_BIT_CONVERSION = YES;
				GCC_WARN_ABOUT_RETURN_TYPE = YES_ERROR;
				GCC_WARN_UNDECLARED_SELECTOR = YES;
				GCC_WARN_UNINITIALIZED_AUTOS = YES_AGGRESSIVE;
				GCC_WARN_UNUSED_FUNCTION = YES;
				GCC_WARN_UNUSED_VARIABLE = YES;
				IPHONEOS_DEPLOYMENT_TARGET = 9.3;
				MTL_ENABLE_DEBUG_INFO = YES;
				ONLY_ACTIVE_ARCH = YES;
				SDKROOT = iphoneos;
				TARGETED_DEVICE_FAMILY = "1,2";
			};
			name = Debug;
		};
		3388D0DE1D49B839009BC34B /* Release */ = {
			isa = XCBuildConfiguration;
			buildSettings = {
				ALWAYS_SEARCH_USER_PATHS = NO;
				CLANG_ANALYZER_NONNULL = YES;
				CLANG_CXX_LANGUAGE_STANDARD = "gnu++0x";
				CLANG_CXX_LIBRARY = "libc++";
				CLANG_ENABLE_MODULES = YES;
				CLANG_ENABLE_OBJC_ARC = YES;
				CLANG_WARN_BOOL_CONVERSION = YES;
				CLANG_WARN_CONSTANT_CONVERSION = YES;
				CLANG_WARN_DIRECT_OBJC_ISA_USAGE = YES_ERROR;
				CLANG_WARN_EMPTY_BODY = YES;
				CLANG_WARN_ENUM_CONVERSION = YES;
				CLANG_WARN_INT_CONVERSION = YES;
				CLANG_WARN_OBJC_ROOT_CLASS = YES_ERROR;
				CLANG_WARN_UNREACHABLE_CODE = YES;
				CLANG_WARN__DUPLICATE_METHOD_MATCH = YES;
				"CODE_SIGN_IDENTITY[sdk=iphoneos*]" = "iPhone Developer";
				COPY_PHASE_STRIP = NO;
				DEBUG_INFORMATION_FORMAT = "dwarf-with-dsym";
				ENABLE_NS_ASSERTIONS = NO;
				ENABLE_STRICT_OBJC_MSGSEND = YES;
				GCC_C_LANGUAGE_STANDARD = gnu99;
				GCC_NO_COMMON_BLOCKS = YES;
				GCC_WARN_64_TO_32_BIT_CONVERSION = YES;
				GCC_WARN_ABOUT_RETURN_TYPE = YES_ERROR;
				GCC_WARN_UNDECLARED_SELECTOR = YES;
				GCC_WARN_UNINITIALIZED_AUTOS = YES_AGGRESSIVE;
				GCC_WARN_UNUSED_FUNCTION = YES;
				GCC_WARN_UNUSED_VARIABLE = YES;
				IPHONEOS_DEPLOYMENT_TARGET = 9.3;
				MTL_ENABLE_DEBUG_INFO = NO;
				SDKROOT = iphoneos;
				TARGETED_DEVICE_FAMILY = "1,2";
				VALIDATE_PRODUCT = YES;
			};
			name = Release;
		};
		3388D0E01D49B839009BC34B /* Debug */ = {
			isa = XCBuildConfiguration;
			baseConfigurationReference = 5C6F06C0F824EF7C481B4870 /* Pods-Poke Hunter.debug.xcconfig */;
			buildSettings = {
				ASSETCATALOG_COMPILER_APPICON_NAME = AppIcon;
				GCC_PREFIX_HEADER = PokeHunter.pch;
				INFOPLIST_FILE = "Poke Hunter/Info.plist";
				IPHONEOS_DEPLOYMENT_TARGET = 8.0;
				LD_RUNPATH_SEARCH_PATHS = "$(inherited) @executable_path/Frameworks";
				PRODUCT_BUNDLE_IDENTIFIER = "com.itoytoy.Poke-Hunter";
				PRODUCT_NAME = "$(TARGET_NAME)";
			};
			name = Debug;
		};
		3388D0E11D49B839009BC34B /* Release */ = {
			isa = XCBuildConfiguration;
			baseConfigurationReference = 940F60965D0BB8327A1B79B7 /* Pods-Poke Hunter.release.xcconfig */;
			buildSettings = {
				ASSETCATALOG_COMPILER_APPICON_NAME = AppIcon;
				GCC_PREFIX_HEADER = PokeHunter.pch;
				INFOPLIST_FILE = "Poke Hunter/Info.plist";
				IPHONEOS_DEPLOYMENT_TARGET = 8.0;
				LD_RUNPATH_SEARCH_PATHS = "$(inherited) @executable_path/Frameworks";
				PRODUCT_BUNDLE_IDENTIFIER = "com.itoytoy.Poke-Hunter";
				PRODUCT_NAME = "$(TARGET_NAME)";
			};
			name = Release;
		};
/* End XCBuildConfiguration section */

/* Begin XCConfigurationList section */
		3388D0C31D49B839009BC34B /* Build configuration list for PBXProject "Poke Hunter" */ = {
			isa = XCConfigurationList;
			buildConfigurations = (
				3388D0DD1D49B839009BC34B /* Debug */,
				3388D0DE1D49B839009BC34B /* Release */,
			);
			defaultConfigurationIsVisible = 0;
			defaultConfigurationName = Release;
		};
		3388D0DF1D49B839009BC34B /* Build configuration list for PBXNativeTarget "Poke Hunter" */ = {
			isa = XCConfigurationList;
			buildConfigurations = (
				3388D0E01D49B839009BC34B /* Debug */,
				3388D0E11D49B839009BC34B /* Release */,
			);
			defaultConfigurationIsVisible = 0;
			defaultConfigurationName = Release;
		};
/* End XCConfigurationList section */
	};
	rootObject = 3388D0C01D49B839009BC34B /* Project object */;
}
